{
  "pins" : [
    {
      "identity" : "calendarkit",
      "kind" : "remoteSourceControl",
      "location" : "https://github.com/PetterBraka/CalendarKit",
      "state" : {
        "revision" : "c8c54b9220ea47ccc5651be39a6b8827c0dbeaea"
      }
    },
    {
      "identity" : "loggingkit",
      "kind" : "remoteSourceControl",
      "location" : "git@github.com:PetterBraka/LoggingKit.git",
      "state" : {
        "revision" : "7aa3568e6f2b414c04a460520c8cbf324ddf28d9",
        "version" : "2.0.0"
      }
    }
  ],
  "version" : 2
}
