// !$*UTF8*$!
{
	archiveVersion = 1;
	classes = {
	};
	objectVersion = 55;
	objects = {

/* Begin PBXBuildFile section */
		330C23D627665D4C00293092 /* AppDelegate.swift in Sources */ = {isa = PBXBuildFile; fileRef = 330C23D527665D4C00293092 /* AppDelegate.swift */; };
		330C240527688F7000293092 /* whitelexipink@3x.png in Resources */ = {isa = PBXBuildFile; fileRef = 330C23FC27688F6F00293092 /* whitelexipink@3x.png */; };
		330C240627688F7000293092 /* whitelexipink@1x.png in Resources */ = {isa = PBXBuildFile; fileRef = 330C23FD27688F6F00293092 /* whitelexipink@1x.png */; };
		330C240727688F7000293092 /* lexipinkwhite@2x.png in Resources */ = {isa = PBXBuildFile; fileRef = 330C23FE27688F6F00293092 /* lexipinkwhite@2x.png */; };
		330C240827688F7000293092 /* blacklexipink@3x.png in Resources */ = {isa = PBXBuildFile; fileRef = 330C23FF27688F6F00293092 /* blacklexipink@3x.png */; };
		330C240927688F7000293092 /* whitelexipink@2x.png in Resources */ = {isa = PBXBuildFile; fileRef = 330C240027688F6F00293092 /* whitelexipink@2x.png */; };
		330C240A27688F7000293092 /* lexipinkwhite@3x.png in Resources */ = {isa = PBXBuildFile; fileRef = 330C240127688F6F00293092 /* lexipinkwhite@3x.png */; };
		330C240B27688F7000293092 /* blacklexipink@1x.png in Resources */ = {isa = PBXBuildFile; fileRef = 330C240227688F6F00293092 /* blacklexipink@1x.png */; };
		330C240C27688F7000293092 /* lexipinkwhite@1x.png in Resources */ = {isa = PBXBuildFile; fileRef = 330C240327688F7000293092 /* lexipinkwhite@1x.png */; };
		330C240D27688F7000293092 /* blacklexipink@2x.png in Resources */ = {isa = PBXBuildFile; fileRef = 330C240427688F7000293092 /* blacklexipink@2x.png */; };
		3310709B244DBCD3008365A3 /* HealthKit.framework in Frameworks */ = {isa = PBXBuildFile; fileRef = 33CD6D58243BE53B00EF0335 /* HealthKit.framework */; };
		332315E72742724D0039EE23 /* Drinkview.swift in Sources */ = {isa = PBXBuildFile; fileRef = 332315E62742724D0039EE23 /* Drinkview.swift */; };
		332315F42742B3430039EE23 /* AppView.swift in Sources */ = {isa = PBXBuildFile; fileRef = 332315F32742B3430039EE23 /* AppView.swift */; };
		33231624274A75530039EE23 /* reHydrateApp.swift in Sources */ = {isa = PBXBuildFile; fileRef = 33231623274A75530039EE23 /* reHydrateApp.swift */; };
		332E5A4624CCBF5000EF4D79 /* Extensions.swift in Sources */ = {isa = PBXBuildFile; fileRef = 332E5A4524CCBF5000EF4D79 /* Extensions.swift */; };
		335DA2F1276017EC002266D2 /* blueWhite@1x.png in Resources */ = {isa = PBXBuildFile; fileRef = 335DA2A0276017E8002266D2 /* blueWhite@1x.png */; };
		335DA2F2276017EC002266D2 /* pinkWhite@3x.png in Resources */ = {isa = PBXBuildFile; fileRef = 335DA2A1276017E8002266D2 /* pinkWhite@3x.png */; };
		335DA2F3276017EC002266D2 /* blackWhite@1x.png in Resources */ = {isa = PBXBuildFile; fileRef = 335DA2A2276017E8002266D2 /* blackWhite@1x.png */; };
		335DA2F4276017EC002266D2 /* redWhite@1x.png in Resources */ = {isa = PBXBuildFile; fileRef = 335DA2A3276017E8002266D2 /* redWhite@1x.png */; };
		335DA2F5276017EC002266D2 /* blackGreen@2x.png in Resources */ = {isa = PBXBuildFile; fileRef = 335DA2A4276017E8002266D2 /* blackGreen@2x.png */; };
		335DA2F6276017EC002266D2 /* purpleWhite@3x.png in Resources */ = {isa = PBXBuildFile; fileRef = 335DA2A5276017E8002266D2 /* purpleWhite@3x.png */; };
		335DA2F7276017EC002266D2 /* blackPurple@3x.png in Resources */ = {isa = PBXBuildFile; fileRef = 335DA2A6276017E8002266D2 /* blackPurple@3x.png */; };
		335DA2F8276017EC002266D2 /* whitePurple@2x.png in Resources */ = {isa = PBXBuildFile; fileRef = 335DA2A7276017E9002266D2 /* whitePurple@2x.png */; };
		335DA2F9276017EC002266D2 /* whitePurple@3x.png in Resources */ = {isa = PBXBuildFile; fileRef = 335DA2A8276017E9002266D2 /* whitePurple@3x.png */; };
		335DA2FA276017EC002266D2 /* whiteRed@1x.png in Resources */ = {isa = PBXBuildFile; fileRef = 335DA2A9276017E9002266D2 /* whiteRed@1x.png */; };
		335DA2FB276017EC002266D2 /* yellowWhite@3x.png in Resources */ = {isa = PBXBuildFile; fileRef = 335DA2AA276017E9002266D2 /* yellowWhite@3x.png */; };
		335DA2FC276017EC002266D2 /* blackGreen@3x.png in Resources */ = {isa = PBXBuildFile; fileRef = 335DA2AB276017E9002266D2 /* blackGreen@3x.png */; };
		335DA2FD276017EC002266D2 /* greenWhite@1x.png in Resources */ = {isa = PBXBuildFile; fileRef = 335DA2AC276017E9002266D2 /* greenWhite@1x.png */; };
		335DA2FE276017EC002266D2 /* blackPink@3x.png in Resources */ = {isa = PBXBuildFile; fileRef = 335DA2AD276017E9002266D2 /* blackPink@3x.png */; };
		335DA2FF276017EC002266D2 /* blackOrange@3x.png in Resources */ = {isa = PBXBuildFile; fileRef = 335DA2AE276017E9002266D2 /* blackOrange@3x.png */; };
		335DA300276017EC002266D2 /* whiteGrey@1x.png in Resources */ = {isa = PBXBuildFile; fileRef = 335DA2AF276017E9002266D2 /* whiteGrey@1x.png */; };
		335DA301276017EC002266D2 /* yellowWhite@1x.png in Resources */ = {isa = PBXBuildFile; fileRef = 335DA2B0276017E9002266D2 /* yellowWhite@1x.png */; };
		335DA302276017EC002266D2 /* blackYellow@3x.png in Resources */ = {isa = PBXBuildFile; fileRef = 335DA2B1276017E9002266D2 /* blackYellow@3x.png */; };
		335DA303276017EC002266D2 /* whiteOrange@2x.png in Resources */ = {isa = PBXBuildFile; fileRef = 335DA2B2276017E9002266D2 /* whiteOrange@2x.png */; };
		335DA304276017EC002266D2 /* redWhite@2x.png in Resources */ = {isa = PBXBuildFile; fileRef = 335DA2B3276017E9002266D2 /* redWhite@2x.png */; };
		335DA305276017EC002266D2 /* blackPurple@1x.png in Resources */ = {isa = PBXBuildFile; fileRef = 335DA2B4276017E9002266D2 /* blackPurple@1x.png */; };
		335DA306276017EC002266D2 /* whiteRainbow@3x.png in Resources */ = {isa = PBXBuildFile; fileRef = 335DA2B5276017E9002266D2 /* whiteRainbow@3x.png */; };
		335DA307276017EC002266D2 /* blackYellow@2x.png in Resources */ = {isa = PBXBuildFile; fileRef = 335DA2B6276017E9002266D2 /* blackYellow@2x.png */; };
		335DA308276017EC002266D2 /* whiteGreen@1x.png in Resources */ = {isa = PBXBuildFile; fileRef = 335DA2B7276017E9002266D2 /* whiteGreen@1x.png */; };
		335DA309276017EC002266D2 /* whiteRainbow@1x.png in Resources */ = {isa = PBXBuildFile; fileRef = 335DA2B8276017E9002266D2 /* whiteRainbow@1x.png */; };
		335DA30A276017EC002266D2 /* blackBlue@3x.png in Resources */ = {isa = PBXBuildFile; fileRef = 335DA2B9276017E9002266D2 /* blackBlue@3x.png */; };
		335DA30B276017EC002266D2 /* whiteGrey@2x.png in Resources */ = {isa = PBXBuildFile; fileRef = 335DA2BA276017EA002266D2 /* whiteGrey@2x.png */; };
		335DA30C276017EC002266D2 /* whitePink@3x.png in Resources */ = {isa = PBXBuildFile; fileRef = 335DA2BB276017EA002266D2 /* whitePink@3x.png */; };
		335DA30D276017EC002266D2 /* whiteOrange@3x.png in Resources */ = {isa = PBXBuildFile; fileRef = 335DA2BC276017EA002266D2 /* whiteOrange@3x.png */; };
		335DA30E276017EC002266D2 /* greyWhite@2x.png in Resources */ = {isa = PBXBuildFile; fileRef = 335DA2BD276017EA002266D2 /* greyWhite@2x.png */; };
		335DA30F276017EC002266D2 /* purpleWhite@2x.png in Resources */ = {isa = PBXBuildFile; fileRef = 335DA2BE276017EA002266D2 /* purpleWhite@2x.png */; };
		335DA310276017EC002266D2 /* blackBlue@2x.png in Resources */ = {isa = PBXBuildFile; fileRef = 335DA2BF276017EA002266D2 /* blackBlue@2x.png */; };
		335DA311276017EC002266D2 /* greenWhite@2x.png in Resources */ = {isa = PBXBuildFile; fileRef = 335DA2C0276017EA002266D2 /* greenWhite@2x.png */; };
		335DA312276017EC002266D2 /* rainbowWhite@3x.png in Resources */ = {isa = PBXBuildFile; fileRef = 335DA2C1276017EA002266D2 /* rainbowWhite@3x.png */; };
		335DA313276017EC002266D2 /* whitePurple@1x.png in Resources */ = {isa = PBXBuildFile; fileRef = 335DA2C2276017EA002266D2 /* whitePurple@1x.png */; };
		335DA314276017EC002266D2 /* blackRainbow@3x.png in Resources */ = {isa = PBXBuildFile; fileRef = 335DA2C3276017EA002266D2 /* blackRainbow@3x.png */; };
		335DA315276017EC002266D2 /* blackPink@2x.png in Resources */ = {isa = PBXBuildFile; fileRef = 335DA2C4276017EA002266D2 /* blackPink@2x.png */; };
		335DA316276017EC002266D2 /* blackRainbow@2x.png in Resources */ = {isa = PBXBuildFile; fileRef = 335DA2C5276017EA002266D2 /* blackRainbow@2x.png */; };
		335DA317276017EC002266D2 /* whiteYellow@3x.png in Resources */ = {isa = PBXBuildFile; fileRef = 335DA2C6276017EA002266D2 /* whiteYellow@3x.png */; };
		335DA318276017EC002266D2 /* blackRainbow@1x.png in Resources */ = {isa = PBXBuildFile; fileRef = 335DA2C7276017EA002266D2 /* blackRainbow@1x.png */; };
		335DA319276017EC002266D2 /* greyWhite@1x.png in Resources */ = {isa = PBXBuildFile; fileRef = 335DA2C8276017EA002266D2 /* greyWhite@1x.png */; };
		335DA31A276017EC002266D2 /* rainbowWhite@1x.png in Resources */ = {isa = PBXBuildFile; fileRef = 335DA2C9276017EA002266D2 /* rainbowWhite@1x.png */; };
		335DA31B276017EC002266D2 /* whitePink@2x.png in Resources */ = {isa = PBXBuildFile; fileRef = 335DA2CA276017EA002266D2 /* whitePink@2x.png */; };
		335DA31C276017EC002266D2 /* blueWhite@3x.png in Resources */ = {isa = PBXBuildFile; fileRef = 335DA2CB276017EA002266D2 /* blueWhite@3x.png */; };
		335DA31D276017EC002266D2 /* yellowWhite@2x.png in Resources */ = {isa = PBXBuildFile; fileRef = 335DA2CC276017EB002266D2 /* yellowWhite@2x.png */; };
		335DA31E276017EC002266D2 /* orangeWhite@3x.png in Resources */ = {isa = PBXBuildFile; fileRef = 335DA2CD276017EB002266D2 /* orangeWhite@3x.png */; };
		335DA31F276017EC002266D2 /* blackOrange@1x.png in Resources */ = {isa = PBXBuildFile; fileRef = 335DA2CE276017EB002266D2 /* blackOrange@1x.png */; };
		335DA320276017EC002266D2 /* blackGreen@1x.png in Resources */ = {isa = PBXBuildFile; fileRef = 335DA2CF276017EB002266D2 /* blackGreen@1x.png */; };
		335DA321276017EC002266D2 /* orangeWhite@2x.png in Resources */ = {isa = PBXBuildFile; fileRef = 335DA2D0276017EB002266D2 /* orangeWhite@2x.png */; };
		335DA322276017EC002266D2 /* rainbowWhite@2x.png in Resources */ = {isa = PBXBuildFile; fileRef = 335DA2D1276017EB002266D2 /* rainbowWhite@2x.png */; };
		335DA323276017EC002266D2 /* pinkWhite@1x.png in Resources */ = {isa = PBXBuildFile; fileRef = 335DA2D2276017EB002266D2 /* pinkWhite@1x.png */; };
		335DA324276017EC002266D2 /* whiteRed@3x.png in Resources */ = {isa = PBXBuildFile; fileRef = 335DA2D3276017EB002266D2 /* whiteRed@3x.png */; };
		335DA325276017EC002266D2 /* whiteGrey@3x.png in Resources */ = {isa = PBXBuildFile; fileRef = 335DA2D4276017EB002266D2 /* whiteGrey@3x.png */; };
		335DA326276017EC002266D2 /* blackRed@3x.png in Resources */ = {isa = PBXBuildFile; fileRef = 335DA2D5276017EB002266D2 /* blackRed@3x.png */; };
		335DA327276017EC002266D2 /* blackPurple@2x.png in Resources */ = {isa = PBXBuildFile; fileRef = 335DA2D6276017EB002266D2 /* blackPurple@2x.png */; };
		335DA328276017EC002266D2 /* greenWhite@3x.png in Resources */ = {isa = PBXBuildFile; fileRef = 335DA2D7276017EB002266D2 /* greenWhite@3x.png */; };
		335DA329276017EC002266D2 /* pinkWhite@2x.png in Resources */ = {isa = PBXBuildFile; fileRef = 335DA2D8276017EB002266D2 /* pinkWhite@2x.png */; };
		335DA32A276017EC002266D2 /* blackWhite@3x.png in Resources */ = {isa = PBXBuildFile; fileRef = 335DA2D9276017EB002266D2 /* blackWhite@3x.png */; };
		335DA32B276017EC002266D2 /* blackRed@2x.png in Resources */ = {isa = PBXBuildFile; fileRef = 335DA2DA276017EB002266D2 /* blackRed@2x.png */; };
		335DA32C276017EC002266D2 /* whiteGreen@3x.png in Resources */ = {isa = PBXBuildFile; fileRef = 335DA2DB276017EB002266D2 /* whiteGreen@3x.png */; };
		335DA32D276017EC002266D2 /* blackRed@1x.png in Resources */ = {isa = PBXBuildFile; fileRef = 335DA2DC276017EB002266D2 /* blackRed@1x.png */; };
		335DA32E276017EC002266D2 /* whiteOrange@1x.png in Resources */ = {isa = PBXBuildFile; fileRef = 335DA2DD276017EB002266D2 /* whiteOrange@1x.png */; };
		335DA32F276017EC002266D2 /* whiteYellow@2x.png in Resources */ = {isa = PBXBuildFile; fileRef = 335DA2DE276017EB002266D2 /* whiteYellow@2x.png */; };
		335DA330276017EC002266D2 /* greyWhite@3x.png in Resources */ = {isa = PBXBuildFile; fileRef = 335DA2DF276017EB002266D2 /* greyWhite@3x.png */; };
		335DA331276017EC002266D2 /* orangeWhite@1x.png in Resources */ = {isa = PBXBuildFile; fileRef = 335DA2E0276017EB002266D2 /* orangeWhite@1x.png */; };
		335DA332276017EC002266D2 /* redWhite@3x.png in Resources */ = {isa = PBXBuildFile; fileRef = 335DA2E1276017EB002266D2 /* redWhite@3x.png */; };
		335DA333276017EC002266D2 /* whitePink@1x.png in Resources */ = {isa = PBXBuildFile; fileRef = 335DA2E2276017EB002266D2 /* whitePink@1x.png */; };
		335DA334276017EC002266D2 /* whiteYellow@1x.png in Resources */ = {isa = PBXBuildFile; fileRef = 335DA2E3276017EB002266D2 /* whiteYellow@1x.png */; };
		335DA335276017EC002266D2 /* blackWhite@2x.png in Resources */ = {isa = PBXBuildFile; fileRef = 335DA2E4276017EC002266D2 /* blackWhite@2x.png */; };
		335DA336276017EC002266D2 /* blackBlue@1x.png in Resources */ = {isa = PBXBuildFile; fileRef = 335DA2E5276017EC002266D2 /* blackBlue@1x.png */; };
		335DA337276017EC002266D2 /* whiteRed@2x.png in Resources */ = {isa = PBXBuildFile; fileRef = 335DA2E6276017EC002266D2 /* whiteRed@2x.png */; };
		335DA338276017EC002266D2 /* whiteRainbow@2x.png in Resources */ = {isa = PBXBuildFile; fileRef = 335DA2E7276017EC002266D2 /* whiteRainbow@2x.png */; };
		335DA339276017EC002266D2 /* blackPink@1x.png in Resources */ = {isa = PBXBuildFile; fileRef = 335DA2E8276017EC002266D2 /* blackPink@1x.png */; };
		335DA33A276017EC002266D2 /* purpleWhite@1x.png in Resources */ = {isa = PBXBuildFile; fileRef = 335DA2E9276017EC002266D2 /* purpleWhite@1x.png */; };
		335DA33B276017EC002266D2 /* whiteBlue@2x.png in Resources */ = {isa = PBXBuildFile; fileRef = 335DA2EA276017EC002266D2 /* whiteBlue@2x.png */; };
		335DA33C276017EC002266D2 /* blackOrange@2x.png in Resources */ = {isa = PBXBuildFile; fileRef = 335DA2EB276017EC002266D2 /* blackOrange@2x.png */; };
		335DA33D276017EC002266D2 /* blueWhite@2x.png in Resources */ = {isa = PBXBuildFile; fileRef = 335DA2EC276017EC002266D2 /* blueWhite@2x.png */; };
		335DA33E276017EC002266D2 /* whiteBlue@1x.png in Resources */ = {isa = PBXBuildFile; fileRef = 335DA2ED276017EC002266D2 /* whiteBlue@1x.png */; };
		335DA33F276017EC002266D2 /* whiteBlue@3x.png in Resources */ = {isa = PBXBuildFile; fileRef = 335DA2EE276017EC002266D2 /* whiteBlue@3x.png */; };
		335DA340276017EC002266D2 /* whiteGreen@2x.png in Resources */ = {isa = PBXBuildFile; fileRef = 335DA2EF276017EC002266D2 /* whiteGreen@2x.png */; };
		335DA341276017EC002266D2 /* blackYellow@1x.png in Resources */ = {isa = PBXBuildFile; fileRef = 335DA2F0276017EC002266D2 /* blackYellow@1x.png */; };
		33600BD42764B3800061A771 /* Image.swift in Sources */ = {isa = PBXBuildFile; fileRef = 33600BD32764B3800061A771 /* Image.swift */; };
		33694FEF277CAA8E00D2FE66 /* View+Extensions.swift in Sources */ = {isa = PBXBuildFile; fileRef = 33694FEE277CAA8E00D2FE66 /* View+Extensions.swift */; };
		33694FF3277CBADA00D2FE66 /* CreditsView.swift in Sources */ = {isa = PBXBuildFile; fileRef = 33694FF2277CBADA00D2FE66 /* CreditsView.swift */; };
		3390F51624C8DF8E00B7D350 /* Localizable.strings in Resources */ = {isa = PBXBuildFile; fileRef = 33EFF3FE2470449A00D0A003 /* Localizable.strings */; };
		339491E6250A356B0069BACC /* watchOS-CoreData.xcdatamodeld in Sources */ = {isa = PBXBuildFile; fileRef = 339491E4250A356B0069BACC /* watchOS-CoreData.xcdatamodeld */; };
		33B28F5A26B6ED2B00DECA9F /* UIColor+Extensions.swift in Sources */ = {isa = PBXBuildFile; fileRef = 33B28F5926B6ED2B00DECA9F /* UIColor+Extensions.swift */; };
		33B28F6B26BC7FAB00DECA9F /* UIImage+Extensions.swift in Sources */ = {isa = PBXBuildFile; fileRef = 33B28F6A26BC7FAB00DECA9F /* UIImage+Extensions.swift */; };
		33B28F6D26BC7FCD00DECA9F /* Double+Extensions.swift in Sources */ = {isa = PBXBuildFile; fileRef = 33B28F6C26BC7FCD00DECA9F /* Double+Extensions.swift */; };
		33B28F6F26BC802800DECA9F /* UITextField+Extensions.swift in Sources */ = {isa = PBXBuildFile; fileRef = 33B28F6E26BC802800DECA9F /* UITextField+Extensions.swift */; };
		33BEA58925123A1900658867 /* Day+CoreDataClass.swift in Sources */ = {isa = PBXBuildFile; fileRef = 33BEA58825123A1900658867 /* Day+CoreDataClass.swift */; };
		33BEA58D25123A6A00658867 /* Day+CoreDataProperties.swift in Sources */ = {isa = PBXBuildFile; fileRef = 33BEA58C25123A6A00658867 /* Day+CoreDataProperties.swift */; };
		33DF9BDE24B47D0900699B1A /* Interface.storyboard in Resources */ = {isa = PBXBuildFile; fileRef = 33DF9BDC24B47D0900699B1A /* Interface.storyboard */; };
		33DF9BE024B47D0A00699B1A /* Assets.xcassets in Resources */ = {isa = PBXBuildFile; fileRef = 33DF9BDF24B47D0A00699B1A /* Assets.xcassets */; };
		33DF9BEC24B47D0A00699B1A /* InterfaceController.swift in Sources */ = {isa = PBXBuildFile; fileRef = 33DF9BEB24B47D0A00699B1A /* InterfaceController.swift */; };
		33DF9BEE24B47D0A00699B1A /* ExtensionDelegate.swift in Sources */ = {isa = PBXBuildFile; fileRef = 33DF9BED24B47D0A00699B1A /* ExtensionDelegate.swift */; };
		33DF9BF024B47D0A00699B1A /* ComplicationController.swift in Sources */ = {isa = PBXBuildFile; fileRef = 33DF9BEF24B47D0A00699B1A /* ComplicationController.swift */; };
		33DF9BF224B47D0A00699B1A /* Assets.xcassets in Resources */ = {isa = PBXBuildFile; fileRef = 33DF9BF124B47D0A00699B1A /* Assets.xcassets */; };
		33DF9BF624B47D0A00699B1A /* reHydrate-watch.app in Embed Watch Content */ = {isa = PBXBuildFile; fileRef = 33DF9BDA24B47D0900699B1A /* reHydrate-watch.app */; settings = {ATTRIBUTES = (RemoveHeadersOnCopy, ); }; };
		33EC3A7B274D06070049E414 /* SettingsScreen.swift in Sources */ = {isa = PBXBuildFile; fileRef = 33EC3A7A274D06070049E414 /* SettingsScreen.swift */; };
		33EC3A882754BA420049E414 /* Localizable.swift in Sources */ = {isa = PBXBuildFile; fileRef = 33EC3A872754BA420049E414 /* Localizable.swift */; };
		33EFF3FC2470449A00D0A003 /* Localizable.strings in Resources */ = {isa = PBXBuildFile; fileRef = 33EFF3FE2470449A00D0A003 /* Localizable.strings */; };
		A11180332AC3768D007E4585 /* NotificationCenterPort.swift in Sources */ = {isa = PBXBuildFile; fileRef = A11180322AC3768D007E4585 /* NotificationCenterPort.swift */; };
		A11D4CD92A3D9F4C00A70B9B /* SettingsScreenObservable.swift in Sources */ = {isa = PBXBuildFile; fileRef = A11D4CD82A3D9F4C00A70B9B /* SettingsScreenObservable.swift */; };
		A126D24B2A76665800A296BA /* EngineKit in Frameworks */ = {isa = PBXBuildFile; productRef = A126D24A2A76665800A296BA /* EngineKit */; };
		A126D24D2A76665800A296BA /* PresentationInterface in Frameworks */ = {isa = PBXBuildFile; productRef = A126D24C2A76665800A296BA /* PresentationInterface */; };
		A126D24F2A76665900A296BA /* PresentationKit in Frameworks */ = {isa = PBXBuildFile; productRef = A126D24E2A76665900A296BA /* PresentationKit */; };
		A126D2512A7667C200A296BA /* CheckBoxButton.swift in Sources */ = {isa = PBXBuildFile; fileRef = A126D2502A7667C200A296BA /* CheckBoxButton.swift */; };
		A126D2552A76684E00A296BA /* StepperView.swift in Sources */ = {isa = PBXBuildFile; fileRef = A126D2542A76684E00A296BA /* StepperView.swift */; };
		A13258B92A6433D400B3D5F5 /* Icon.swift in Sources */ = {isa = PBXBuildFile; fileRef = A13258B82A6433D400B3D5F5 /* Icon.swift */; };
		A13258BB2A6433EB00B3D5F5 /* IconHelper.swift in Sources */ = {isa = PBXBuildFile; fileRef = A13258BA2A6433EB00B3D5F5 /* IconHelper.swift */; };
		A132EF922986C7A8006C5DB1 /* reHydrate.xcdatamodeld in Sources */ = {isa = PBXBuildFile; fileRef = A132EF902986C7A8006C5DB1 /* reHydrate.xcdatamodeld */; };
		A1614D532A362E8C00235D02 /* SceneFactory.swift in Sources */ = {isa = PBXBuildFile; fileRef = A1614D522A362E8C00235D02 /* SceneFactory.swift */; };
		A183BCEB2A3122CB00D42033 /* Images.swift in Sources */ = {isa = PBXBuildFile; fileRef = A183BCE82A3120C900D42033 /* Images.swift */; };
		A183BCEC2A3122CE00D42033 /* Font.swift in Sources */ = {isa = PBXBuildFile; fileRef = A183BCE92A3120C900D42033 /* Font.swift */; };
		A183BCED2A3122D100D42033 /* Color.swift in Sources */ = {isa = PBXBuildFile; fileRef = A183BCEA2A3120C900D42033 /* Color.swift */; };
		A183BCEE2A31250800D42033 /* Assets.xcassets in Resources */ = {isa = PBXBuildFile; fileRef = A183BCE62A3120C900D42033 /* Assets.xcassets */; };
		A183BCF12A3126BE00D42033 /* LaunchScreen.storyboard in Resources */ = {isa = PBXBuildFile; fileRef = A183BCEF2A3126BE00D42033 /* LaunchScreen.storyboard */; };
		A183BCF92A33B78400D42033 /* HomeScreen.swift in Sources */ = {isa = PBXBuildFile; fileRef = A183BCF82A33B78400D42033 /* HomeScreen.swift */; };
		A183BD002A33C52E00D42033 /* Date+localized.swift in Sources */ = {isa = PBXBuildFile; fileRef = A183BCFF2A33C52E00D42033 /* Date+localized.swift */; };
		A183BD022A33C70300D42033 /* HomeScreenObservable.swift in Sources */ = {isa = PBXBuildFile; fileRef = A183BD012A33C70300D42033 /* HomeScreenObservable.swift */; };
		A18503002986BC0300C878DE /* AppIconSelectionView.swift in Sources */ = {isa = PBXBuildFile; fileRef = A18502FF2986BC0300C878DE /* AppIconSelectionView.swift */; };
		A19F28BC2A80D44E0005717A /* Blackbird in Frameworks */ = {isa = PBXBuildFile; productRef = A19F28BB2A80D44E0005717A /* Blackbird */; };
		A1EABF1D2AC5C76E00591981 /* Reminder.swift in Sources */ = {isa = PBXBuildFile; fileRef = A111802F2AC36A86007E4585 /* Reminder.swift */; };
		A1EABF1E2AC5C77100591981 /* Celebration.swift in Sources */ = {isa = PBXBuildFile; fileRef = A11180302AC36A86007E4585 /* Celebration.swift */; };
		A1EABF222ACB5AD500591981 /* NotificationDelegatePort.swift in Sources */ = {isa = PBXBuildFile; fileRef = A1EABF212ACB5AD500591981 /* NotificationDelegatePort.swift */; };
		A1EABF252ACB63BC00591981 /* Notification+Extensions.swift in Sources */ = {isa = PBXBuildFile; fileRef = A1EABF242ACB63BC00591981 /* Notification+Extensions.swift */; };
		A1EABF282ADA842100591981 /* EditContainerScreen.swift in Sources */ = {isa = PBXBuildFile; fileRef = A1EABF272ADA842100591981 /* EditContainerScreen.swift */; };
		A1EABF2C2ADA936F00591981 /* FilledContainer.swift in Sources */ = {isa = PBXBuildFile; fileRef = A1EABF2B2ADA936F00591981 /* FilledContainer.swift */; };
		A1EABF2E2ADAC80000591981 /* LocalizedString.swift in Sources */ = {isa = PBXBuildFile; fileRef = A1EABF2D2ADAC80000591981 /* LocalizedString.swift */; };
		A1EABF302ADAD57600591981 /* EditContainerScreenObservable.swift in Sources */ = {isa = PBXBuildFile; fileRef = A1EABF2F2ADAD57600591981 /* EditContainerScreenObservable.swift */; };
		A1EABF322ADBCC3C00591981 /* Preview+Helpers.swift in Sources */ = {isa = PBXBuildFile; fileRef = A1EABF312ADBCC3C00591981 /* Preview+Helpers.swift */; };
		A1EABF342AF37E5B00591981 /* OpenUrlPort.swift in Sources */ = {isa = PBXBuildFile; fileRef = A1EABF332AF37E5B00591981 /* OpenUrlPort.swift */; };
/* End PBXBuildFile section */

/* Begin PBXContainerItemProxy section */
		33DF9BF424B47D0A00699B1A /* PBXContainerItemProxy */ = {
			isa = PBXContainerItemProxy;
			containerPortal = 3378766B24378A9300F5A732 /* Project object */;
			proxyType = 1;
			remoteGlobalIDString = 33DF9BD924B47D0900699B1A;
			remoteInfo = "reHydrate-watch";
		};
/* End PBXContainerItemProxy section */

/* Begin PBXCopyFilesBuildPhase section */
		33D24C3C24A0CC2400C7A23C /* Embed Watch Content */ = {
			isa = PBXCopyFilesBuildPhase;
			buildActionMask = 2147483647;
			dstPath = "$(CONTENTS_FOLDER_PATH)/Watch";
			dstSubfolderSpec = 16;
			files = (
				33DF9BF624B47D0A00699B1A /* reHydrate-watch.app in Embed Watch Content */,
			);
			name = "Embed Watch Content";
			runOnlyForDeploymentPostprocessing = 0;
		};
/* End PBXCopyFilesBuildPhase section */

/* Begin PBXFileReference section */
		330C23D527665D4C00293092 /* AppDelegate.swift */ = {isa = PBXFileReference; lastKnownFileType = sourcecode.swift; path = AppDelegate.swift; sourceTree = "<group>"; };
		330C23FC27688F6F00293092 /* whitelexipink@3x.png */ = {isa = PBXFileReference; lastKnownFileType = image.png; path = "whitelexipink@3x.png"; sourceTree = "<group>"; };
		330C23FD27688F6F00293092 /* whitelexipink@1x.png */ = {isa = PBXFileReference; lastKnownFileType = image.png; path = "whitelexipink@1x.png"; sourceTree = "<group>"; };
		330C23FE27688F6F00293092 /* lexipinkwhite@2x.png */ = {isa = PBXFileReference; lastKnownFileType = image.png; path = "lexipinkwhite@2x.png"; sourceTree = "<group>"; };
		330C23FF27688F6F00293092 /* blacklexipink@3x.png */ = {isa = PBXFileReference; lastKnownFileType = image.png; path = "blacklexipink@3x.png"; sourceTree = "<group>"; };
		330C240027688F6F00293092 /* whitelexipink@2x.png */ = {isa = PBXFileReference; lastKnownFileType = image.png; path = "whitelexipink@2x.png"; sourceTree = "<group>"; };
		330C240127688F6F00293092 /* lexipinkwhite@3x.png */ = {isa = PBXFileReference; lastKnownFileType = image.png; path = "lexipinkwhite@3x.png"; sourceTree = "<group>"; };
		330C240227688F6F00293092 /* blacklexipink@1x.png */ = {isa = PBXFileReference; lastKnownFileType = image.png; path = "blacklexipink@1x.png"; sourceTree = "<group>"; };
		330C240327688F7000293092 /* lexipinkwhite@1x.png */ = {isa = PBXFileReference; lastKnownFileType = image.png; path = "lexipinkwhite@1x.png"; sourceTree = "<group>"; };
		330C240427688F7000293092 /* blacklexipink@2x.png */ = {isa = PBXFileReference; lastKnownFileType = image.png; path = "blacklexipink@2x.png"; sourceTree = "<group>"; };
		3310709A244DBCD3008365A3 /* reHydrate.entitlements */ = {isa = PBXFileReference; lastKnownFileType = text.plist.entitlements; path = reHydrate.entitlements; sourceTree = "<group>"; };
		332315E62742724D0039EE23 /* Drinkview.swift */ = {isa = PBXFileReference; lastKnownFileType = sourcecode.swift; path = Drinkview.swift; sourceTree = "<group>"; };
		332315F32742B3430039EE23 /* AppView.swift */ = {isa = PBXFileReference; lastKnownFileType = sourcecode.swift; path = AppView.swift; sourceTree = "<group>"; };
		33231623274A75530039EE23 /* reHydrateApp.swift */ = {isa = PBXFileReference; lastKnownFileType = sourcecode.swift; path = reHydrateApp.swift; sourceTree = "<group>"; };
		332E5A4524CCBF5000EF4D79 /* Extensions.swift */ = {isa = PBXFileReference; lastKnownFileType = sourcecode.swift; path = Extensions.swift; sourceTree = "<group>"; };
		333B1326258D00F100340FB2 /* is */ = {isa = PBXFileReference; lastKnownFileType = text.plist.strings; name = is; path = is.lproj/Localizable.strings; sourceTree = "<group>"; };
		335DA2A0276017E8002266D2 /* blueWhite@1x.png */ = {isa = PBXFileReference; lastKnownFileType = image.png; path = "blueWhite@1x.png"; sourceTree = "<group>"; };
		335DA2A1276017E8002266D2 /* pinkWhite@3x.png */ = {isa = PBXFileReference; lastKnownFileType = image.png; path = "pinkWhite@3x.png"; sourceTree = "<group>"; };
		335DA2A2276017E8002266D2 /* blackWhite@1x.png */ = {isa = PBXFileReference; lastKnownFileType = image.png; path = "blackWhite@1x.png"; sourceTree = "<group>"; };
		335DA2A3276017E8002266D2 /* redWhite@1x.png */ = {isa = PBXFileReference; lastKnownFileType = image.png; path = "redWhite@1x.png"; sourceTree = "<group>"; };
		335DA2A4276017E8002266D2 /* blackGreen@2x.png */ = {isa = PBXFileReference; lastKnownFileType = image.png; path = "blackGreen@2x.png"; sourceTree = "<group>"; };
		335DA2A5276017E8002266D2 /* purpleWhite@3x.png */ = {isa = PBXFileReference; lastKnownFileType = image.png; path = "purpleWhite@3x.png"; sourceTree = "<group>"; };
		335DA2A6276017E8002266D2 /* blackPurple@3x.png */ = {isa = PBXFileReference; lastKnownFileType = image.png; path = "blackPurple@3x.png"; sourceTree = "<group>"; };
		335DA2A7276017E9002266D2 /* whitePurple@2x.png */ = {isa = PBXFileReference; lastKnownFileType = image.png; path = "whitePurple@2x.png"; sourceTree = "<group>"; };
		335DA2A8276017E9002266D2 /* whitePurple@3x.png */ = {isa = PBXFileReference; lastKnownFileType = image.png; path = "whitePurple@3x.png"; sourceTree = "<group>"; };
		335DA2A9276017E9002266D2 /* whiteRed@1x.png */ = {isa = PBXFileReference; lastKnownFileType = image.png; path = "whiteRed@1x.png"; sourceTree = "<group>"; };
		335DA2AA276017E9002266D2 /* yellowWhite@3x.png */ = {isa = PBXFileReference; lastKnownFileType = image.png; path = "yellowWhite@3x.png"; sourceTree = "<group>"; };
		335DA2AB276017E9002266D2 /* blackGreen@3x.png */ = {isa = PBXFileReference; lastKnownFileType = image.png; path = "blackGreen@3x.png"; sourceTree = "<group>"; };
		335DA2AC276017E9002266D2 /* greenWhite@1x.png */ = {isa = PBXFileReference; lastKnownFileType = image.png; path = "greenWhite@1x.png"; sourceTree = "<group>"; };
		335DA2AD276017E9002266D2 /* blackPink@3x.png */ = {isa = PBXFileReference; lastKnownFileType = image.png; path = "blackPink@3x.png"; sourceTree = "<group>"; };
		335DA2AE276017E9002266D2 /* blackOrange@3x.png */ = {isa = PBXFileReference; lastKnownFileType = image.png; path = "blackOrange@3x.png"; sourceTree = "<group>"; };
		335DA2AF276017E9002266D2 /* whiteGrey@1x.png */ = {isa = PBXFileReference; lastKnownFileType = image.png; path = "whiteGrey@1x.png"; sourceTree = "<group>"; };
		335DA2B0276017E9002266D2 /* yellowWhite@1x.png */ = {isa = PBXFileReference; lastKnownFileType = image.png; path = "yellowWhite@1x.png"; sourceTree = "<group>"; };
		335DA2B1276017E9002266D2 /* blackYellow@3x.png */ = {isa = PBXFileReference; lastKnownFileType = image.png; path = "blackYellow@3x.png"; sourceTree = "<group>"; };
		335DA2B2276017E9002266D2 /* whiteOrange@2x.png */ = {isa = PBXFileReference; lastKnownFileType = image.png; path = "whiteOrange@2x.png"; sourceTree = "<group>"; };
		335DA2B3276017E9002266D2 /* redWhite@2x.png */ = {isa = PBXFileReference; lastKnownFileType = image.png; path = "redWhite@2x.png"; sourceTree = "<group>"; };
		335DA2B4276017E9002266D2 /* blackPurple@1x.png */ = {isa = PBXFileReference; lastKnownFileType = image.png; path = "blackPurple@1x.png"; sourceTree = "<group>"; };
		335DA2B5276017E9002266D2 /* whiteRainbow@3x.png */ = {isa = PBXFileReference; lastKnownFileType = image.png; path = "whiteRainbow@3x.png"; sourceTree = "<group>"; };
		335DA2B6276017E9002266D2 /* blackYellow@2x.png */ = {isa = PBXFileReference; lastKnownFileType = image.png; path = "blackYellow@2x.png"; sourceTree = "<group>"; };
		335DA2B7276017E9002266D2 /* whiteGreen@1x.png */ = {isa = PBXFileReference; lastKnownFileType = image.png; path = "whiteGreen@1x.png"; sourceTree = "<group>"; };
		335DA2B8276017E9002266D2 /* whiteRainbow@1x.png */ = {isa = PBXFileReference; lastKnownFileType = image.png; path = "whiteRainbow@1x.png"; sourceTree = "<group>"; };
		335DA2B9276017E9002266D2 /* blackBlue@3x.png */ = {isa = PBXFileReference; lastKnownFileType = image.png; path = "blackBlue@3x.png"; sourceTree = "<group>"; };
		335DA2BA276017EA002266D2 /* whiteGrey@2x.png */ = {isa = PBXFileReference; lastKnownFileType = image.png; path = "whiteGrey@2x.png"; sourceTree = "<group>"; };
		335DA2BB276017EA002266D2 /* whitePink@3x.png */ = {isa = PBXFileReference; lastKnownFileType = image.png; path = "whitePink@3x.png"; sourceTree = "<group>"; };
		335DA2BC276017EA002266D2 /* whiteOrange@3x.png */ = {isa = PBXFileReference; lastKnownFileType = image.png; path = "whiteOrange@3x.png"; sourceTree = "<group>"; };
		335DA2BD276017EA002266D2 /* greyWhite@2x.png */ = {isa = PBXFileReference; lastKnownFileType = image.png; path = "greyWhite@2x.png"; sourceTree = "<group>"; };
		335DA2BE276017EA002266D2 /* purpleWhite@2x.png */ = {isa = PBXFileReference; lastKnownFileType = image.png; path = "purpleWhite@2x.png"; sourceTree = "<group>"; };
		335DA2BF276017EA002266D2 /* blackBlue@2x.png */ = {isa = PBXFileReference; lastKnownFileType = image.png; path = "blackBlue@2x.png"; sourceTree = "<group>"; };
		335DA2C0276017EA002266D2 /* greenWhite@2x.png */ = {isa = PBXFileReference; lastKnownFileType = image.png; path = "greenWhite@2x.png"; sourceTree = "<group>"; };
		335DA2C1276017EA002266D2 /* rainbowWhite@3x.png */ = {isa = PBXFileReference; lastKnownFileType = image.png; path = "rainbowWhite@3x.png"; sourceTree = "<group>"; };
		335DA2C2276017EA002266D2 /* whitePurple@1x.png */ = {isa = PBXFileReference; lastKnownFileType = image.png; path = "whitePurple@1x.png"; sourceTree = "<group>"; };
		335DA2C3276017EA002266D2 /* blackRainbow@3x.png */ = {isa = PBXFileReference; lastKnownFileType = image.png; path = "blackRainbow@3x.png"; sourceTree = "<group>"; };
		335DA2C4276017EA002266D2 /* blackPink@2x.png */ = {isa = PBXFileReference; lastKnownFileType = image.png; path = "blackPink@2x.png"; sourceTree = "<group>"; };
		335DA2C5276017EA002266D2 /* blackRainbow@2x.png */ = {isa = PBXFileReference; lastKnownFileType = image.png; path = "blackRainbow@2x.png"; sourceTree = "<group>"; };
		335DA2C6276017EA002266D2 /* whiteYellow@3x.png */ = {isa = PBXFileReference; lastKnownFileType = image.png; path = "whiteYellow@3x.png"; sourceTree = "<group>"; };
		335DA2C7276017EA002266D2 /* blackRainbow@1x.png */ = {isa = PBXFileReference; lastKnownFileType = image.png; path = "blackRainbow@1x.png"; sourceTree = "<group>"; };
		335DA2C8276017EA002266D2 /* greyWhite@1x.png */ = {isa = PBXFileReference; lastKnownFileType = image.png; path = "greyWhite@1x.png"; sourceTree = "<group>"; };
		335DA2C9276017EA002266D2 /* rainbowWhite@1x.png */ = {isa = PBXFileReference; lastKnownFileType = image.png; path = "rainbowWhite@1x.png"; sourceTree = "<group>"; };
		335DA2CA276017EA002266D2 /* whitePink@2x.png */ = {isa = PBXFileReference; lastKnownFileType = image.png; path = "whitePink@2x.png"; sourceTree = "<group>"; };
		335DA2CB276017EA002266D2 /* blueWhite@3x.png */ = {isa = PBXFileReference; lastKnownFileType = image.png; path = "blueWhite@3x.png"; sourceTree = "<group>"; };
		335DA2CC276017EB002266D2 /* yellowWhite@2x.png */ = {isa = PBXFileReference; lastKnownFileType = image.png; path = "yellowWhite@2x.png"; sourceTree = "<group>"; };
		335DA2CD276017EB002266D2 /* orangeWhite@3x.png */ = {isa = PBXFileReference; lastKnownFileType = image.png; path = "orangeWhite@3x.png"; sourceTree = "<group>"; };
		335DA2CE276017EB002266D2 /* blackOrange@1x.png */ = {isa = PBXFileReference; lastKnownFileType = image.png; path = "blackOrange@1x.png"; sourceTree = "<group>"; };
		335DA2CF276017EB002266D2 /* blackGreen@1x.png */ = {isa = PBXFileReference; lastKnownFileType = image.png; path = "blackGreen@1x.png"; sourceTree = "<group>"; };
		335DA2D0276017EB002266D2 /* orangeWhite@2x.png */ = {isa = PBXFileReference; lastKnownFileType = image.png; path = "orangeWhite@2x.png"; sourceTree = "<group>"; };
		335DA2D1276017EB002266D2 /* rainbowWhite@2x.png */ = {isa = PBXFileReference; lastKnownFileType = image.png; path = "rainbowWhite@2x.png"; sourceTree = "<group>"; };
		335DA2D2276017EB002266D2 /* pinkWhite@1x.png */ = {isa = PBXFileReference; lastKnownFileType = image.png; path = "pinkWhite@1x.png"; sourceTree = "<group>"; };
		335DA2D3276017EB002266D2 /* whiteRed@3x.png */ = {isa = PBXFileReference; lastKnownFileType = image.png; path = "whiteRed@3x.png"; sourceTree = "<group>"; };
		335DA2D4276017EB002266D2 /* whiteGrey@3x.png */ = {isa = PBXFileReference; lastKnownFileType = image.png; path = "whiteGrey@3x.png"; sourceTree = "<group>"; };
		335DA2D5276017EB002266D2 /* blackRed@3x.png */ = {isa = PBXFileReference; lastKnownFileType = image.png; path = "blackRed@3x.png"; sourceTree = "<group>"; };
		335DA2D6276017EB002266D2 /* blackPurple@2x.png */ = {isa = PBXFileReference; lastKnownFileType = image.png; path = "blackPurple@2x.png"; sourceTree = "<group>"; };
		335DA2D7276017EB002266D2 /* greenWhite@3x.png */ = {isa = PBXFileReference; lastKnownFileType = image.png; path = "greenWhite@3x.png"; sourceTree = "<group>"; };
		335DA2D8276017EB002266D2 /* pinkWhite@2x.png */ = {isa = PBXFileReference; lastKnownFileType = image.png; path = "pinkWhite@2x.png"; sourceTree = "<group>"; };
		335DA2D9276017EB002266D2 /* blackWhite@3x.png */ = {isa = PBXFileReference; lastKnownFileType = image.png; path = "blackWhite@3x.png"; sourceTree = "<group>"; };
		335DA2DA276017EB002266D2 /* blackRed@2x.png */ = {isa = PBXFileReference; lastKnownFileType = image.png; path = "blackRed@2x.png"; sourceTree = "<group>"; };
		335DA2DB276017EB002266D2 /* whiteGreen@3x.png */ = {isa = PBXFileReference; lastKnownFileType = image.png; path = "whiteGreen@3x.png"; sourceTree = "<group>"; };
		335DA2DC276017EB002266D2 /* blackRed@1x.png */ = {isa = PBXFileReference; lastKnownFileType = image.png; path = "blackRed@1x.png"; sourceTree = "<group>"; };
		335DA2DD276017EB002266D2 /* whiteOrange@1x.png */ = {isa = PBXFileReference; lastKnownFileType = image.png; path = "whiteOrange@1x.png"; sourceTree = "<group>"; };
		335DA2DE276017EB002266D2 /* whiteYellow@2x.png */ = {isa = PBXFileReference; lastKnownFileType = image.png; path = "whiteYellow@2x.png"; sourceTree = "<group>"; };
		335DA2DF276017EB002266D2 /* greyWhite@3x.png */ = {isa = PBXFileReference; lastKnownFileType = image.png; path = "greyWhite@3x.png"; sourceTree = "<group>"; };
		335DA2E0276017EB002266D2 /* orangeWhite@1x.png */ = {isa = PBXFileReference; lastKnownFileType = image.png; path = "orangeWhite@1x.png"; sourceTree = "<group>"; };
		335DA2E1276017EB002266D2 /* redWhite@3x.png */ = {isa = PBXFileReference; lastKnownFileType = image.png; path = "redWhite@3x.png"; sourceTree = "<group>"; };
		335DA2E2276017EB002266D2 /* whitePink@1x.png */ = {isa = PBXFileReference; lastKnownFileType = image.png; path = "whitePink@1x.png"; sourceTree = "<group>"; };
		335DA2E3276017EB002266D2 /* whiteYellow@1x.png */ = {isa = PBXFileReference; lastKnownFileType = image.png; path = "whiteYellow@1x.png"; sourceTree = "<group>"; };
		335DA2E4276017EC002266D2 /* blackWhite@2x.png */ = {isa = PBXFileReference; lastKnownFileType = image.png; path = "blackWhite@2x.png"; sourceTree = "<group>"; };
		335DA2E5276017EC002266D2 /* blackBlue@1x.png */ = {isa = PBXFileReference; lastKnownFileType = image.png; path = "blackBlue@1x.png"; sourceTree = "<group>"; };
		335DA2E6276017EC002266D2 /* whiteRed@2x.png */ = {isa = PBXFileReference; lastKnownFileType = image.png; path = "whiteRed@2x.png"; sourceTree = "<group>"; };
		335DA2E7276017EC002266D2 /* whiteRainbow@2x.png */ = {isa = PBXFileReference; lastKnownFileType = image.png; path = "whiteRainbow@2x.png"; sourceTree = "<group>"; };
		335DA2E8276017EC002266D2 /* blackPink@1x.png */ = {isa = PBXFileReference; lastKnownFileType = image.png; path = "blackPink@1x.png"; sourceTree = "<group>"; };
		335DA2E9276017EC002266D2 /* purpleWhite@1x.png */ = {isa = PBXFileReference; lastKnownFileType = image.png; path = "purpleWhite@1x.png"; sourceTree = "<group>"; };
		335DA2EA276017EC002266D2 /* whiteBlue@2x.png */ = {isa = PBXFileReference; lastKnownFileType = image.png; path = "whiteBlue@2x.png"; sourceTree = "<group>"; };
		335DA2EB276017EC002266D2 /* blackOrange@2x.png */ = {isa = PBXFileReference; lastKnownFileType = image.png; path = "blackOrange@2x.png"; sourceTree = "<group>"; };
		335DA2EC276017EC002266D2 /* blueWhite@2x.png */ = {isa = PBXFileReference; lastKnownFileType = image.png; path = "blueWhite@2x.png"; sourceTree = "<group>"; };
		335DA2ED276017EC002266D2 /* whiteBlue@1x.png */ = {isa = PBXFileReference; lastKnownFileType = image.png; path = "whiteBlue@1x.png"; sourceTree = "<group>"; };
		335DA2EE276017EC002266D2 /* whiteBlue@3x.png */ = {isa = PBXFileReference; lastKnownFileType = image.png; path = "whiteBlue@3x.png"; sourceTree = "<group>"; };
		335DA2EF276017EC002266D2 /* whiteGreen@2x.png */ = {isa = PBXFileReference; lastKnownFileType = image.png; path = "whiteGreen@2x.png"; sourceTree = "<group>"; };
		335DA2F0276017EC002266D2 /* blackYellow@1x.png */ = {isa = PBXFileReference; lastKnownFileType = image.png; path = "blackYellow@1x.png"; sourceTree = "<group>"; };
		33600BD32764B3800061A771 /* Image.swift */ = {isa = PBXFileReference; lastKnownFileType = sourcecode.swift; path = Image.swift; sourceTree = "<group>"; };
		33694FEE277CAA8E00D2FE66 /* View+Extensions.swift */ = {isa = PBXFileReference; lastKnownFileType = sourcecode.swift; path = "View+Extensions.swift"; sourceTree = "<group>"; };
		33694FF2277CBADA00D2FE66 /* CreditsView.swift */ = {isa = PBXFileReference; lastKnownFileType = sourcecode.swift; path = CreditsView.swift; sourceTree = "<group>"; };
		3378767324378A9400F5A732 /* reHydrate.app */ = {isa = PBXFileReference; explicitFileType = wrapper.application; includeInIndex = 0; path = reHydrate.app; sourceTree = BUILT_PRODUCTS_DIR; };
		339491E5250A356B0069BACC /* watchOS-CoreData.xcdatamodel */ = {isa = PBXFileReference; lastKnownFileType = wrapper.xcdatamodel; path = "watchOS-CoreData.xcdatamodel"; sourceTree = "<group>"; };
		33B28F5926B6ED2B00DECA9F /* UIColor+Extensions.swift */ = {isa = PBXFileReference; lastKnownFileType = sourcecode.swift; path = "UIColor+Extensions.swift"; sourceTree = "<group>"; };
		33B28F6A26BC7FAB00DECA9F /* UIImage+Extensions.swift */ = {isa = PBXFileReference; lastKnownFileType = sourcecode.swift; path = "UIImage+Extensions.swift"; sourceTree = "<group>"; };
		33B28F6C26BC7FCD00DECA9F /* Double+Extensions.swift */ = {isa = PBXFileReference; lastKnownFileType = sourcecode.swift; path = "Double+Extensions.swift"; sourceTree = "<group>"; };
		33B28F6E26BC802800DECA9F /* UITextField+Extensions.swift */ = {isa = PBXFileReference; lastKnownFileType = sourcecode.swift; path = "UITextField+Extensions.swift"; sourceTree = "<group>"; };
		33BEA58825123A1900658867 /* Day+CoreDataClass.swift */ = {isa = PBXFileReference; lastKnownFileType = sourcecode.swift; path = "Day+CoreDataClass.swift"; sourceTree = "<group>"; };
		33BEA58C25123A6A00658867 /* Day+CoreDataProperties.swift */ = {isa = PBXFileReference; lastKnownFileType = sourcecode.swift; path = "Day+CoreDataProperties.swift"; sourceTree = "<group>"; };
		33C1288A256267D100C6FA8B /* de */ = {isa = PBXFileReference; lastKnownFileType = text.plist.strings; name = de; path = de.lproj/Localizable.strings; sourceTree = "<group>"; };
		33CD6D58243BE53B00EF0335 /* HealthKit.framework */ = {isa = PBXFileReference; lastKnownFileType = wrapper.framework; name = HealthKit.framework; path = System/Library/Frameworks/HealthKit.framework; sourceTree = SDKROOT; };
		33DF9BDA24B47D0900699B1A /* reHydrate-watch.app */ = {isa = PBXFileReference; explicitFileType = wrapper.application; includeInIndex = 0; path = "reHydrate-watch.app"; sourceTree = BUILT_PRODUCTS_DIR; };
		33DF9BDD24B47D0900699B1A /* Base */ = {isa = PBXFileReference; lastKnownFileType = file.storyboard; name = Base; path = Base.lproj/Interface.storyboard; sourceTree = "<group>"; };
		33DF9BDF24B47D0A00699B1A /* Assets.xcassets */ = {isa = PBXFileReference; lastKnownFileType = folder.assetcatalog; path = Assets.xcassets; sourceTree = "<group>"; };
		33DF9BE124B47D0A00699B1A /* Info.plist */ = {isa = PBXFileReference; lastKnownFileType = text.plist.xml; path = Info.plist; sourceTree = "<group>"; };
		33DF9BEB24B47D0A00699B1A /* InterfaceController.swift */ = {isa = PBXFileReference; lastKnownFileType = sourcecode.swift; path = InterfaceController.swift; sourceTree = "<group>"; };
		33DF9BED24B47D0A00699B1A /* ExtensionDelegate.swift */ = {isa = PBXFileReference; lastKnownFileType = sourcecode.swift; path = ExtensionDelegate.swift; sourceTree = "<group>"; };
		33DF9BEF24B47D0A00699B1A /* ComplicationController.swift */ = {isa = PBXFileReference; lastKnownFileType = sourcecode.swift; path = ComplicationController.swift; sourceTree = "<group>"; };
		33DF9BF124B47D0A00699B1A /* Assets.xcassets */ = {isa = PBXFileReference; lastKnownFileType = folder.assetcatalog; path = Assets.xcassets; sourceTree = "<group>"; };
		33DF9BF324B47D0A00699B1A /* Info.plist */ = {isa = PBXFileReference; lastKnownFileType = text.plist.xml; path = Info.plist; sourceTree = "<group>"; };
		33EC3A7A274D06070049E414 /* SettingsScreen.swift */ = {isa = PBXFileReference; lastKnownFileType = sourcecode.swift; path = SettingsScreen.swift; sourceTree = "<group>"; };
		33EC3A872754BA420049E414 /* Localizable.swift */ = {isa = PBXFileReference; lastKnownFileType = sourcecode.swift; path = Localizable.swift; sourceTree = "<group>"; };
		33EFF3FD2470449A00D0A003 /* en */ = {isa = PBXFileReference; lastKnownFileType = text.plist.strings; name = en; path = en.lproj/Localizable.strings; sourceTree = "<group>"; };
		33EFF4012470451400D0A003 /* nb */ = {isa = PBXFileReference; lastKnownFileType = text.plist.strings; name = nb; path = nb.lproj/Localizable.strings; sourceTree = "<group>"; };
		33F320FD243CEB2100E61D27 /* Info.plist */ = {isa = PBXFileReference; fileEncoding = 4; lastKnownFileType = text.plist.xml; path = Info.plist; sourceTree = "<group>"; };
		33F32133243D115600E61D27 /* CoreData.framework */ = {isa = PBXFileReference; lastKnownFileType = wrapper.framework; name = CoreData.framework; path = System/Library/Frameworks/CoreData.framework; sourceTree = SDKROOT; };
		A111802F2AC36A86007E4585 /* Reminder.swift */ = {isa = PBXFileReference; lastKnownFileType = sourcecode.swift; path = Reminder.swift; sourceTree = "<group>"; };
		A11180302AC36A86007E4585 /* Celebration.swift */ = {isa = PBXFileReference; lastKnownFileType = sourcecode.swift; path = Celebration.swift; sourceTree = "<group>"; };
		A11180322AC3768D007E4585 /* NotificationCenterPort.swift */ = {isa = PBXFileReference; lastKnownFileType = sourcecode.swift; path = NotificationCenterPort.swift; sourceTree = "<group>"; };
		A114C6C02A63DAAE00F53770 /* PresentationKit */ = {isa = PBXFileReference; lastKnownFileType = wrapper; path = PresentationKit; sourceTree = "<group>"; };
		A11D4CD82A3D9F4C00A70B9B /* SettingsScreenObservable.swift */ = {isa = PBXFileReference; lastKnownFileType = sourcecode.swift; path = SettingsScreenObservable.swift; sourceTree = "<group>"; };
		A126D2502A7667C200A296BA /* CheckBoxButton.swift */ = {isa = PBXFileReference; lastKnownFileType = sourcecode.swift; path = CheckBoxButton.swift; sourceTree = "<group>"; };
		A126D2542A76684E00A296BA /* StepperView.swift */ = {isa = PBXFileReference; lastKnownFileType = sourcecode.swift; path = StepperView.swift; sourceTree = "<group>"; };
		A13258B82A6433D400B3D5F5 /* Icon.swift */ = {isa = PBXFileReference; lastKnownFileType = sourcecode.swift; path = Icon.swift; sourceTree = "<group>"; };
		A13258BA2A6433EB00B3D5F5 /* IconHelper.swift */ = {isa = PBXFileReference; lastKnownFileType = sourcecode.swift; path = IconHelper.swift; sourceTree = "<group>"; };
		A132EF912986C7A8006C5DB1 /* reHydrate.xcdatamodel */ = {isa = PBXFileReference; lastKnownFileType = wrapper.xcdatamodel; path = reHydrate.xcdatamodel; sourceTree = "<group>"; };
		A1614D522A362E8C00235D02 /* SceneFactory.swift */ = {isa = PBXFileReference; lastKnownFileType = sourcecode.swift; path = SceneFactory.swift; sourceTree = "<group>"; };
		A183BCE62A3120C900D42033 /* Assets.xcassets */ = {isa = PBXFileReference; lastKnownFileType = folder.assetcatalog; path = Assets.xcassets; sourceTree = "<group>"; };
		A183BCE82A3120C900D42033 /* Images.swift */ = {isa = PBXFileReference; lastKnownFileType = sourcecode.swift; path = Images.swift; sourceTree = "<group>"; };
		A183BCE92A3120C900D42033 /* Font.swift */ = {isa = PBXFileReference; lastKnownFileType = sourcecode.swift; path = Font.swift; sourceTree = "<group>"; };
		A183BCEA2A3120C900D42033 /* Color.swift */ = {isa = PBXFileReference; lastKnownFileType = sourcecode.swift; path = Color.swift; sourceTree = "<group>"; };
		A183BCF02A3126BE00D42033 /* Base */ = {isa = PBXFileReference; lastKnownFileType = file.storyboard; name = Base; path = Base.lproj/LaunchScreen.storyboard; sourceTree = "<group>"; };
		A183BCF82A33B78400D42033 /* HomeScreen.swift */ = {isa = PBXFileReference; lastKnownFileType = sourcecode.swift; path = HomeScreen.swift; sourceTree = "<group>"; };
		A183BCFF2A33C52E00D42033 /* Date+localized.swift */ = {isa = PBXFileReference; lastKnownFileType = sourcecode.swift; path = "Date+localized.swift"; sourceTree = "<group>"; };
		A183BD012A33C70300D42033 /* HomeScreenObservable.swift */ = {isa = PBXFileReference; lastKnownFileType = sourcecode.swift; path = HomeScreenObservable.swift; sourceTree = "<group>"; };
		A18502FF2986BC0300C878DE /* AppIconSelectionView.swift */ = {isa = PBXFileReference; fileEncoding = 4; lastKnownFileType = sourcecode.swift; path = AppIconSelectionView.swift; sourceTree = "<group>"; };
		A1AF32D22A346CA200FD0C7C /* EngineKit */ = {isa = PBXFileReference; lastKnownFileType = wrapper; path = EngineKit; sourceTree = "<group>"; };
		A1AF32D32A346D6F00FD0C7C /* PresentationInterface */ = {isa = PBXFileReference; lastKnownFileType = wrapper; path = PresentationInterface; sourceTree = "<group>"; };
		A1EABF212ACB5AD500591981 /* NotificationDelegatePort.swift */ = {isa = PBXFileReference; lastKnownFileType = sourcecode.swift; path = NotificationDelegatePort.swift; sourceTree = "<group>"; };
		A1EABF242ACB63BC00591981 /* Notification+Extensions.swift */ = {isa = PBXFileReference; lastKnownFileType = sourcecode.swift; path = "Notification+Extensions.swift"; sourceTree = "<group>"; };
		A1EABF272ADA842100591981 /* EditContainerScreen.swift */ = {isa = PBXFileReference; lastKnownFileType = sourcecode.swift; path = EditContainerScreen.swift; sourceTree = "<group>"; };
		A1EABF2B2ADA936F00591981 /* FilledContainer.swift */ = {isa = PBXFileReference; lastKnownFileType = sourcecode.swift; path = FilledContainer.swift; sourceTree = "<group>"; };
		A1EABF2D2ADAC80000591981 /* LocalizedString.swift */ = {isa = PBXFileReference; lastKnownFileType = sourcecode.swift; path = LocalizedString.swift; sourceTree = "<group>"; };
		A1EABF2F2ADAD57600591981 /* EditContainerScreenObservable.swift */ = {isa = PBXFileReference; lastKnownFileType = sourcecode.swift; path = EditContainerScreenObservable.swift; sourceTree = "<group>"; };
		A1EABF312ADBCC3C00591981 /* Preview+Helpers.swift */ = {isa = PBXFileReference; lastKnownFileType = sourcecode.swift; path = "Preview+Helpers.swift"; sourceTree = "<group>"; };
		A1EABF332AF37E5B00591981 /* OpenUrlPort.swift */ = {isa = PBXFileReference; lastKnownFileType = sourcecode.swift; path = OpenUrlPort.swift; sourceTree = "<group>"; };
/* End PBXFileReference section */

/* Begin PBXFrameworksBuildPhase section */
		3378767024378A9400F5A732 /* Frameworks */ = {
			isa = PBXFrameworksBuildPhase;
			buildActionMask = 2147483647;
			files = (
				A19F28BC2A80D44E0005717A /* Blackbird in Frameworks */,
				3310709B244DBCD3008365A3 /* HealthKit.framework in Frameworks */,
				A126D24D2A76665800A296BA /* PresentationInterface in Frameworks */,
				A126D24B2A76665800A296BA /* EngineKit in Frameworks */,
				A126D24F2A76665900A296BA /* PresentationKit in Frameworks */,
			);
			runOnlyForDeploymentPostprocessing = 0;
		};
		A34F8E3F57DD5DEC8477CA29 /* Frameworks */ = {
			isa = PBXFrameworksBuildPhase;
			buildActionMask = 2147483647;
			files = (
			);
			runOnlyForDeploymentPostprocessing = 0;
		};
/* End PBXFrameworksBuildPhase section */

/* Begin PBXGroup section */
		332315E8274273F20039EE23 /* Resources */ = {
			isa = PBXGroup;
			children = (
				A111802E2AC36A86007E4585 /* Notifications */,
				A183BCEF2A3126BE00D42033 /* LaunchScreen.storyboard */,
				A183BCE72A3120C900D42033 /* Theme */,
				A183BCE62A3120C900D42033 /* Assets.xcassets */,
				33EFF3FE2470449A00D0A003 /* Localizable.strings */,
				335DA1FB275ECE2D002266D2 /* AppIcons */,
				33EC3A872754BA420049E414 /* Localizable.swift */,
			);
			path = Resources;
			sourceTree = "<group>";
		};
		3323160927430A060039EE23 /* CommonUI */ = {
			isa = PBXGroup;
			children = (
				A1EABF262ADA840600591981 /* ContainerViews */,
				A126D2502A7667C200A296BA /* CheckBoxButton.swift */,
				A126D2542A76684E00A296BA /* StepperView.swift */,
			);
			path = CommonUI;
			sourceTree = "<group>";
		};
		335DA1FB275ECE2D002266D2 /* AppIcons */ = {
			isa = PBXGroup;
			children = (
				335DA2E5276017EC002266D2 /* blackBlue@1x.png */,
				335DA2BF276017EA002266D2 /* blackBlue@2x.png */,
				335DA2B9276017E9002266D2 /* blackBlue@3x.png */,
				335DA2CF276017EB002266D2 /* blackGreen@1x.png */,
				335DA2A4276017E8002266D2 /* blackGreen@2x.png */,
				335DA2AB276017E9002266D2 /* blackGreen@3x.png */,
				335DA2CE276017EB002266D2 /* blackOrange@1x.png */,
				335DA2EB276017EC002266D2 /* blackOrange@2x.png */,
				335DA2AE276017E9002266D2 /* blackOrange@3x.png */,
				335DA2E8276017EC002266D2 /* blackPink@1x.png */,
				335DA2C4276017EA002266D2 /* blackPink@2x.png */,
				335DA2AD276017E9002266D2 /* blackPink@3x.png */,
				330C240227688F6F00293092 /* blacklexipink@1x.png */,
				330C240427688F7000293092 /* blacklexipink@2x.png */,
				330C23FF27688F6F00293092 /* blacklexipink@3x.png */,
				335DA2B4276017E9002266D2 /* blackPurple@1x.png */,
				335DA2D6276017EB002266D2 /* blackPurple@2x.png */,
				335DA2A6276017E8002266D2 /* blackPurple@3x.png */,
				335DA2C7276017EA002266D2 /* blackRainbow@1x.png */,
				335DA2C5276017EA002266D2 /* blackRainbow@2x.png */,
				335DA2C3276017EA002266D2 /* blackRainbow@3x.png */,
				335DA2DC276017EB002266D2 /* blackRed@1x.png */,
				335DA2DA276017EB002266D2 /* blackRed@2x.png */,
				335DA2D5276017EB002266D2 /* blackRed@3x.png */,
				335DA2A2276017E8002266D2 /* blackWhite@1x.png */,
				335DA2E4276017EC002266D2 /* blackWhite@2x.png */,
				335DA2D9276017EB002266D2 /* blackWhite@3x.png */,
				335DA2F0276017EC002266D2 /* blackYellow@1x.png */,
				335DA2B6276017E9002266D2 /* blackYellow@2x.png */,
				335DA2B1276017E9002266D2 /* blackYellow@3x.png */,
				335DA2A0276017E8002266D2 /* blueWhite@1x.png */,
				335DA2EC276017EC002266D2 /* blueWhite@2x.png */,
				335DA2CB276017EA002266D2 /* blueWhite@3x.png */,
				335DA2AC276017E9002266D2 /* greenWhite@1x.png */,
				335DA2C0276017EA002266D2 /* greenWhite@2x.png */,
				335DA2D7276017EB002266D2 /* greenWhite@3x.png */,
				335DA2C8276017EA002266D2 /* greyWhite@1x.png */,
				335DA2BD276017EA002266D2 /* greyWhite@2x.png */,
				335DA2DF276017EB002266D2 /* greyWhite@3x.png */,
				335DA2E0276017EB002266D2 /* orangeWhite@1x.png */,
				335DA2D0276017EB002266D2 /* orangeWhite@2x.png */,
				335DA2CD276017EB002266D2 /* orangeWhite@3x.png */,
				335DA2D2276017EB002266D2 /* pinkWhite@1x.png */,
				335DA2D8276017EB002266D2 /* pinkWhite@2x.png */,
				335DA2A1276017E8002266D2 /* pinkWhite@3x.png */,
				330C240327688F7000293092 /* lexipinkwhite@1x.png */,
				330C23FE27688F6F00293092 /* lexipinkwhite@2x.png */,
				330C240127688F6F00293092 /* lexipinkwhite@3x.png */,
				335DA2E9276017EC002266D2 /* purpleWhite@1x.png */,
				335DA2BE276017EA002266D2 /* purpleWhite@2x.png */,
				335DA2A5276017E8002266D2 /* purpleWhite@3x.png */,
				335DA2C9276017EA002266D2 /* rainbowWhite@1x.png */,
				335DA2D1276017EB002266D2 /* rainbowWhite@2x.png */,
				335DA2C1276017EA002266D2 /* rainbowWhite@3x.png */,
				335DA2A3276017E8002266D2 /* redWhite@1x.png */,
				335DA2B3276017E9002266D2 /* redWhite@2x.png */,
				335DA2E1276017EB002266D2 /* redWhite@3x.png */,
				335DA2ED276017EC002266D2 /* whiteBlue@1x.png */,
				335DA2EA276017EC002266D2 /* whiteBlue@2x.png */,
				335DA2EE276017EC002266D2 /* whiteBlue@3x.png */,
				335DA2B7276017E9002266D2 /* whiteGreen@1x.png */,
				335DA2EF276017EC002266D2 /* whiteGreen@2x.png */,
				335DA2DB276017EB002266D2 /* whiteGreen@3x.png */,
				335DA2AF276017E9002266D2 /* whiteGrey@1x.png */,
				335DA2BA276017EA002266D2 /* whiteGrey@2x.png */,
				335DA2D4276017EB002266D2 /* whiteGrey@3x.png */,
				335DA2DD276017EB002266D2 /* whiteOrange@1x.png */,
				335DA2B2276017E9002266D2 /* whiteOrange@2x.png */,
				335DA2BC276017EA002266D2 /* whiteOrange@3x.png */,
				335DA2E2276017EB002266D2 /* whitePink@1x.png */,
				335DA2CA276017EA002266D2 /* whitePink@2x.png */,
				335DA2BB276017EA002266D2 /* whitePink@3x.png */,
				330C23FD27688F6F00293092 /* whitelexipink@1x.png */,
				330C240027688F6F00293092 /* whitelexipink@2x.png */,
				330C23FC27688F6F00293092 /* whitelexipink@3x.png */,
				335DA2C2276017EA002266D2 /* whitePurple@1x.png */,
				335DA2A7276017E9002266D2 /* whitePurple@2x.png */,
				335DA2A8276017E9002266D2 /* whitePurple@3x.png */,
				335DA2B8276017E9002266D2 /* whiteRainbow@1x.png */,
				335DA2E7276017EC002266D2 /* whiteRainbow@2x.png */,
				335DA2B5276017E9002266D2 /* whiteRainbow@3x.png */,
				335DA2A9276017E9002266D2 /* whiteRed@1x.png */,
				335DA2E6276017EC002266D2 /* whiteRed@2x.png */,
				335DA2D3276017EB002266D2 /* whiteRed@3x.png */,
				335DA2E3276017EB002266D2 /* whiteYellow@1x.png */,
				335DA2DE276017EB002266D2 /* whiteYellow@2x.png */,
				335DA2C6276017EA002266D2 /* whiteYellow@3x.png */,
				335DA2B0276017E9002266D2 /* yellowWhite@1x.png */,
				335DA2CC276017EB002266D2 /* yellowWhite@2x.png */,
				335DA2AA276017E9002266D2 /* yellowWhite@3x.png */,
			);
			path = AppIcons;
			sourceTree = "<group>";
		};
		33600BD22764B3740061A771 /* Resources */ = {
			isa = PBXGroup;
			children = (
				33600BD32764B3800061A771 /* Image.swift */,
			);
			path = Resources;
			sourceTree = "<group>";
		};
		3378766A24378A9300F5A732 = {
			isa = PBXGroup;
			children = (
				A1AF32D22A346CA200FD0C7C /* EngineKit */,
				A114C6C02A63DAAE00F53770 /* PresentationKit */,
				A1AF32D32A346D6F00FD0C7C /* PresentationInterface */,
				3378767524378A9400F5A732 /* reHydrate */,
				33DF9BDB24B47D0900699B1A /* reHydrate-watch */,
				33DF9BEA24B47D0A00699B1A /* reHydrate-watch Extension */,
				3378767424378A9400F5A732 /* Products */,
				F887073E19DFDDCFF694E7E8 /* Frameworks */,
			);
			sourceTree = "<group>";
		};
		3378767424378A9400F5A732 /* Products */ = {
			isa = PBXGroup;
			children = (
				3378767324378A9400F5A732 /* reHydrate.app */,
				33DF9BDA24B47D0900699B1A /* reHydrate-watch.app */,
			);
			name = Products;
			sourceTree = "<group>";
		};
		3378767524378A9400F5A732 /* reHydrate */ = {
			isa = PBXGroup;
			children = (
				A11180312AC3767F007E4585 /* Ports */,
				33231623274A75530039EE23 /* reHydrateApp.swift */,
				A183BCF62A33B75000D42033 /* Screens */,
				3323160927430A060039EE23 /* CommonUI */,
				A1614D512A362E7300235D02 /* Utilities */,
				33B28F6926BC7F6800DECA9F /* Extensions */,
				332315E8274273F20039EE23 /* Resources */,
				330C23D527665D4C00293092 /* AppDelegate.swift */,
				3310709A244DBCD3008365A3 /* reHydrate.entitlements */,
				33F320FD243CEB2100E61D27 /* Info.plist */,
				A132EF902986C7A8006C5DB1 /* reHydrate.xcdatamodeld */,
			);
			path = reHydrate;
			sourceTree = "<group>";
		};
		33B28F6926BC7F6800DECA9F /* Extensions */ = {
			isa = PBXGroup;
			children = (
				33B28F5926B6ED2B00DECA9F /* UIColor+Extensions.swift */,
				33B28F6A26BC7FAB00DECA9F /* UIImage+Extensions.swift */,
				33B28F6C26BC7FCD00DECA9F /* Double+Extensions.swift */,
				33B28F6E26BC802800DECA9F /* UITextField+Extensions.swift */,
				33694FEE277CAA8E00D2FE66 /* View+Extensions.swift */,
				A183BCFF2A33C52E00D42033 /* Date+localized.swift */,
			);
			path = Extensions;
			sourceTree = "<group>";
		};
		33DF9BDB24B47D0900699B1A /* reHydrate-watch */ = {
			isa = PBXGroup;
			children = (
				33DF9BDC24B47D0900699B1A /* Interface.storyboard */,
				33DF9BDF24B47D0A00699B1A /* Assets.xcassets */,
				33DF9BE124B47D0A00699B1A /* Info.plist */,
			);
			path = "reHydrate-watch";
			sourceTree = "<group>";
		};
		33DF9BEA24B47D0A00699B1A /* reHydrate-watch Extension */ = {
			isa = PBXGroup;
			children = (
				33600BD22764B3740061A771 /* Resources */,
				33DF9BEB24B47D0A00699B1A /* InterfaceController.swift */,
				33DF9BED24B47D0A00699B1A /* ExtensionDelegate.swift */,
				332E5A4524CCBF5000EF4D79 /* Extensions.swift */,
				33DF9BEF24B47D0A00699B1A /* ComplicationController.swift */,
				33DF9BF124B47D0A00699B1A /* Assets.xcassets */,
				33DF9BF324B47D0A00699B1A /* Info.plist */,
				339491E4250A356B0069BACC /* watchOS-CoreData.xcdatamodeld */,
				33BEA58825123A1900658867 /* Day+CoreDataClass.swift */,
				33BEA58C25123A6A00658867 /* Day+CoreDataProperties.swift */,
			);
			path = "reHydrate-watch Extension";
			sourceTree = "<group>";
		};
		A111802E2AC36A86007E4585 /* Notifications */ = {
			isa = PBXGroup;
			children = (
				A111802F2AC36A86007E4585 /* Reminder.swift */,
				A11180302AC36A86007E4585 /* Celebration.swift */,
			);
			path = Notifications;
			sourceTree = "<group>";
		};
		A11180312AC3767F007E4585 /* Ports */ = {
			isa = PBXGroup;
			children = (
				A1EABF242ACB63BC00591981 /* Notification+Extensions.swift */,
				A11180322AC3768D007E4585 /* NotificationCenterPort.swift */,
				A1EABF212ACB5AD500591981 /* NotificationDelegatePort.swift */,
				A1EABF332AF37E5B00591981 /* OpenUrlPort.swift */,
			);
			path = Ports;
			sourceTree = "<group>";
		};
		A11D4CD72A3C34A500A70B9B /* Settings */ = {
			isa = PBXGroup;
			children = (
				A18502FF2986BC0300C878DE /* AppIconSelectionView.swift */,
				33694FF2277CBADA00D2FE66 /* CreditsView.swift */,
				33EC3A7A274D06070049E414 /* SettingsScreen.swift */,
				A11D4CD82A3D9F4C00A70B9B /* SettingsScreenObservable.swift */,
			);
			path = Settings;
			sourceTree = "<group>";
		};
		A13258B72A6433CF00B3D5F5 /* Icon */ = {
			isa = PBXGroup;
			children = (
				A13258B82A6433D400B3D5F5 /* Icon.swift */,
				A13258BA2A6433EB00B3D5F5 /* IconHelper.swift */,
			);
			path = Icon;
			sourceTree = "<group>";
		};
		A1614D512A362E7300235D02 /* Utilities */ = {
			isa = PBXGroup;
			children = (
				A13258B72A6433CF00B3D5F5 /* Icon */,
				A1614D522A362E8C00235D02 /* SceneFactory.swift */,
				A1EABF2D2ADAC80000591981 /* LocalizedString.swift */,
				A1EABF312ADBCC3C00591981 /* Preview+Helpers.swift */,
			);
			path = Utilities;
			sourceTree = "<group>";
		};
		A183BCE72A3120C900D42033 /* Theme */ = {
			isa = PBXGroup;
			children = (
				A183BCE82A3120C900D42033 /* Images.swift */,
				A183BCE92A3120C900D42033 /* Font.swift */,
				A183BCEA2A3120C900D42033 /* Color.swift */,
			);
			path = Theme;
			sourceTree = "<group>";
		};
		A183BCF62A33B75000D42033 /* Screens */ = {
			isa = PBXGroup;
			children = (
				332315F32742B3430039EE23 /* AppView.swift */,
				A11D4CD72A3C34A500A70B9B /* Settings */,
				A183BCF72A33B75A00D42033 /* Home */,
			);
			path = Screens;
			sourceTree = "<group>";
		};
		A183BCF72A33B75A00D42033 /* Home */ = {
			isa = PBXGroup;
			children = (
				A183BD012A33C70300D42033 /* HomeScreenObservable.swift */,
				A183BCF82A33B78400D42033 /* HomeScreen.swift */,
			);
			path = Home;
			sourceTree = "<group>";
		};
		A1EABF262ADA840600591981 /* ContainerViews */ = {
			isa = PBXGroup;
			children = (
				332315E62742724D0039EE23 /* Drinkview.swift */,
				A1EABF272ADA842100591981 /* EditContainerScreen.swift */,
				A1EABF2F2ADAD57600591981 /* EditContainerScreenObservable.swift */,
				A1EABF2B2ADA936F00591981 /* FilledContainer.swift */,
			);
			path = ContainerViews;
			sourceTree = "<group>";
		};
		F887073E19DFDDCFF694E7E8 /* Frameworks */ = {
			isa = PBXGroup;
			children = (
				33F32133243D115600E61D27 /* CoreData.framework */,
				33CD6D58243BE53B00EF0335 /* HealthKit.framework */,
			);
			name = Frameworks;
			sourceTree = "<group>";
		};
/* End PBXGroup section */

/* Begin PBXNativeTarget section */
		3378767224378A9400F5A732 /* reHydrate */ = {
			isa = PBXNativeTarget;
			buildConfigurationList = 3378768724378A9800F5A732 /* Build configuration list for PBXNativeTarget "reHydrate" */;
			buildPhases = (
				3378766F24378A9400F5A732 /* Sources */,
				3378767024378A9400F5A732 /* Frameworks */,
				3378767124378A9400F5A732 /* Resources */,
				33D24C3C24A0CC2400C7A23C /* Embed Watch Content */,
			);
			buildRules = (
			);
			dependencies = (
				33DF9BF524B47D0A00699B1A /* PBXTargetDependency */,
			);
			name = reHydrate;
			packageProductDependencies = (
				A126D24A2A76665800A296BA /* EngineKit */,
				A126D24C2A76665800A296BA /* PresentationInterface */,
				A126D24E2A76665900A296BA /* PresentationKit */,
				A19F28BB2A80D44E0005717A /* Blackbird */,
			);
			productName = reHydrate;
			productReference = 3378767324378A9400F5A732 /* reHydrate.app */;
			productType = "com.apple.product-type.application";
		};
		33DF9BD924B47D0900699B1A /* reHydrate-watch */ = {
			isa = PBXNativeTarget;
			buildConfigurationList = 33DF9BFD24B47D0A00699B1A /* Build configuration list for PBXNativeTarget "reHydrate-watch" */;
			buildPhases = (
				33DF9BD824B47D0900699B1A /* Resources */,
				A34F8E3F57DD5DEC8477CA29 /* Frameworks */,
				33DF9BE224B47D0A00699B1A /* Sources */,
			);
			buildRules = (
			);
			dependencies = (
			);
			name = "reHydrate-watch";
			productName = "reHydrate-watch";
			productReference = 33DF9BDA24B47D0900699B1A /* reHydrate-watch.app */;
			productType = "com.apple.product-type.application";
		};
/* End PBXNativeTarget section */

/* Begin PBXProject section */
		3378766B24378A9300F5A732 /* Project object */ = {
			isa = PBXProject;
			attributes = {
				BuildIndependentTargetsInParallel = YES;
				KnownAssetTags = (
					watchComplicationsTemplate,
				);
				LastSwiftUpdateCheck = 1150;
				LastUpgradeCheck = 1500;
				ORGANIZATIONNAME = "Petter vang Brakalsvålet";
				TargetAttributes = {
					3378767224378A9400F5A732 = {
						CreatedOnToolsVersion = 11.4;
					};
					33DF9BD924B47D0900699B1A = {
						CreatedOnToolsVersion = 11.5;
					};
				};
			};
			buildConfigurationList = 3378766E24378A9400F5A732 /* Build configuration list for PBXProject "reHydrate" */;
			compatibilityVersion = "Xcode 13.0";
			developmentRegion = en;
			hasScannedForEncodings = 0;
			knownRegions = (
				en,
				nb,
				Base,
				de,
				is,
			);
			mainGroup = 3378766A24378A9300F5A732;
			packageReferences = (
				A19F28BA2A80D44E0005717A /* XCRemoteSwiftPackageReference "Blackbird" */,
			);
			productRefGroup = 3378767424378A9400F5A732 /* Products */;
			projectDirPath = "";
			projectRoot = "";
			targets = (
				3378767224378A9400F5A732 /* reHydrate */,
				33DF9BD924B47D0900699B1A /* reHydrate-watch */,
			);
		};
/* End PBXProject section */

/* Begin PBXResourcesBuildPhase section */
		3378767124378A9400F5A732 /* Resources */ = {
			isa = PBXResourcesBuildPhase;
			buildActionMask = 2147483647;
			files = (
				335DA314276017EC002266D2 /* blackRainbow@3x.png in Resources */,
				335DA2F8276017EC002266D2 /* whitePurple@2x.png in Resources */,
				335DA32B276017EC002266D2 /* blackRed@2x.png in Resources */,
				335DA340276017EC002266D2 /* whiteGreen@2x.png in Resources */,
				335DA33C276017EC002266D2 /* blackOrange@2x.png in Resources */,
				335DA331276017EC002266D2 /* orangeWhite@1x.png in Resources */,
				335DA2F3276017EC002266D2 /* blackWhite@1x.png in Resources */,
				335DA334276017EC002266D2 /* whiteYellow@1x.png in Resources */,
				335DA2F5276017EC002266D2 /* blackGreen@2x.png in Resources */,
				335DA337276017EC002266D2 /* whiteRed@2x.png in Resources */,
				335DA335276017EC002266D2 /* blackWhite@2x.png in Resources */,
				335DA333276017EC002266D2 /* whitePink@1x.png in Resources */,
				335DA304276017EC002266D2 /* redWhite@2x.png in Resources */,
				335DA2FF276017EC002266D2 /* blackOrange@3x.png in Resources */,
				335DA315276017EC002266D2 /* blackPink@2x.png in Resources */,
				335DA330276017EC002266D2 /* greyWhite@3x.png in Resources */,
				335DA339276017EC002266D2 /* blackPink@1x.png in Resources */,
				335DA325276017EC002266D2 /* whiteGrey@3x.png in Resources */,
				330C240B27688F7000293092 /* blacklexipink@1x.png in Resources */,
				335DA318276017EC002266D2 /* blackRainbow@1x.png in Resources */,
				335DA31C276017EC002266D2 /* blueWhite@3x.png in Resources */,
				335DA33A276017EC002266D2 /* purpleWhite@1x.png in Resources */,
				330C240A27688F7000293092 /* lexipinkwhite@3x.png in Resources */,
				A183BCEE2A31250800D42033 /* Assets.xcassets in Resources */,
				335DA30E276017EC002266D2 /* greyWhite@2x.png in Resources */,
				335DA32C276017EC002266D2 /* whiteGreen@3x.png in Resources */,
				335DA2FD276017EC002266D2 /* greenWhite@1x.png in Resources */,
				335DA328276017EC002266D2 /* greenWhite@3x.png in Resources */,
				335DA2F9276017EC002266D2 /* whitePurple@3x.png in Resources */,
				335DA312276017EC002266D2 /* rainbowWhite@3x.png in Resources */,
				335DA30C276017EC002266D2 /* whitePink@3x.png in Resources */,
				335DA32F276017EC002266D2 /* whiteYellow@2x.png in Resources */,
				335DA327276017EC002266D2 /* blackPurple@2x.png in Resources */,
				335DA33F276017EC002266D2 /* whiteBlue@3x.png in Resources */,
				335DA30D276017EC002266D2 /* whiteOrange@3x.png in Resources */,
				335DA31F276017EC002266D2 /* blackOrange@1x.png in Resources */,
				335DA31A276017EC002266D2 /* rainbowWhite@1x.png in Resources */,
				335DA31B276017EC002266D2 /* whitePink@2x.png in Resources */,
				335DA2F6276017EC002266D2 /* purpleWhite@3x.png in Resources */,
				335DA30A276017EC002266D2 /* blackBlue@3x.png in Resources */,
				335DA33B276017EC002266D2 /* whiteBlue@2x.png in Resources */,
				335DA301276017EC002266D2 /* yellowWhite@1x.png in Resources */,
				335DA341276017EC002266D2 /* blackYellow@1x.png in Resources */,
				330C240627688F7000293092 /* whitelexipink@1x.png in Resources */,
				335DA309276017EC002266D2 /* whiteRainbow@1x.png in Resources */,
				335DA2FA276017EC002266D2 /* whiteRed@1x.png in Resources */,
				335DA323276017EC002266D2 /* pinkWhite@1x.png in Resources */,
				335DA332276017EC002266D2 /* redWhite@3x.png in Resources */,
				335DA326276017EC002266D2 /* blackRed@3x.png in Resources */,
				335DA320276017EC002266D2 /* blackGreen@1x.png in Resources */,
				335DA311276017EC002266D2 /* greenWhite@2x.png in Resources */,
				335DA30B276017EC002266D2 /* whiteGrey@2x.png in Resources */,
				335DA310276017EC002266D2 /* blackBlue@2x.png in Resources */,
				335DA2F1276017EC002266D2 /* blueWhite@1x.png in Resources */,
				335DA307276017EC002266D2 /* blackYellow@2x.png in Resources */,
				335DA2FC276017EC002266D2 /* blackGreen@3x.png in Resources */,
				330C240727688F7000293092 /* lexipinkwhite@2x.png in Resources */,
				335DA316276017EC002266D2 /* blackRainbow@2x.png in Resources */,
				335DA32A276017EC002266D2 /* blackWhite@3x.png in Resources */,
				33EFF3FC2470449A00D0A003 /* Localizable.strings in Resources */,
				335DA329276017EC002266D2 /* pinkWhite@2x.png in Resources */,
				335DA31D276017EC002266D2 /* yellowWhite@2x.png in Resources */,
				A183BCF12A3126BE00D42033 /* LaunchScreen.storyboard in Resources */,
				335DA306276017EC002266D2 /* whiteRainbow@3x.png in Resources */,
				335DA300276017EC002266D2 /* whiteGrey@1x.png in Resources */,
				335DA338276017EC002266D2 /* whiteRainbow@2x.png in Resources */,
				335DA2FE276017EC002266D2 /* blackPink@3x.png in Resources */,
				335DA2FB276017EC002266D2 /* yellowWhite@3x.png in Resources */,
				330C240D27688F7000293092 /* blacklexipink@2x.png in Resources */,
				335DA2F7276017EC002266D2 /* blackPurple@3x.png in Resources */,
				330C240827688F7000293092 /* blacklexipink@3x.png in Resources */,
				335DA308276017EC002266D2 /* whiteGreen@1x.png in Resources */,
				335DA336276017EC002266D2 /* blackBlue@1x.png in Resources */,
				330C240527688F7000293092 /* whitelexipink@3x.png in Resources */,
				335DA2F2276017EC002266D2 /* pinkWhite@3x.png in Resources */,
				335DA32D276017EC002266D2 /* blackRed@1x.png in Resources */,
				335DA319276017EC002266D2 /* greyWhite@1x.png in Resources */,
				335DA32E276017EC002266D2 /* whiteOrange@1x.png in Resources */,
				330C240C27688F7000293092 /* lexipinkwhite@1x.png in Resources */,
				335DA302276017EC002266D2 /* blackYellow@3x.png in Resources */,
				335DA30F276017EC002266D2 /* purpleWhite@2x.png in Resources */,
				335DA2F4276017EC002266D2 /* redWhite@1x.png in Resources */,
				335DA305276017EC002266D2 /* blackPurple@1x.png in Resources */,
				335DA31E276017EC002266D2 /* orangeWhite@3x.png in Resources */,
				335DA303276017EC002266D2 /* whiteOrange@2x.png in Resources */,
				335DA322276017EC002266D2 /* rainbowWhite@2x.png in Resources */,
				335DA317276017EC002266D2 /* whiteYellow@3x.png in Resources */,
				335DA324276017EC002266D2 /* whiteRed@3x.png in Resources */,
				330C240927688F7000293092 /* whitelexipink@2x.png in Resources */,
				335DA33D276017EC002266D2 /* blueWhite@2x.png in Resources */,
				335DA313276017EC002266D2 /* whitePurple@1x.png in Resources */,
				335DA33E276017EC002266D2 /* whiteBlue@1x.png in Resources */,
				335DA321276017EC002266D2 /* orangeWhite@2x.png in Resources */,
			);
			runOnlyForDeploymentPostprocessing = 0;
		};
		33DF9BD824B47D0900699B1A /* Resources */ = {
			isa = PBXResourcesBuildPhase;
			buildActionMask = 2147483647;
			files = (
				3390F51624C8DF8E00B7D350 /* Localizable.strings in Resources */,
				33DF9BE024B47D0A00699B1A /* Assets.xcassets in Resources */,
				33DF9BF224B47D0A00699B1A /* Assets.xcassets in Resources */,
				33DF9BDE24B47D0900699B1A /* Interface.storyboard in Resources */,
			);
			runOnlyForDeploymentPostprocessing = 0;
		};
/* End PBXResourcesBuildPhase section */

/* Begin PBXSourcesBuildPhase section */
		3378766F24378A9400F5A732 /* Sources */ = {
			isa = PBXSourcesBuildPhase;
			buildActionMask = 2147483647;
			files = (
				33B28F6F26BC802800DECA9F /* UITextField+Extensions.swift in Sources */,
				A1EABF302ADAD57600591981 /* EditContainerScreenObservable.swift in Sources */,
				33694FEF277CAA8E00D2FE66 /* View+Extensions.swift in Sources */,
				A11D4CD92A3D9F4C00A70B9B /* SettingsScreenObservable.swift in Sources */,
				33231624274A75530039EE23 /* reHydrateApp.swift in Sources */,
				A183BD022A33C70300D42033 /* HomeScreenObservable.swift in Sources */,
				A183BCED2A3122D100D42033 /* Color.swift in Sources */,
				A1EABF2C2ADA936F00591981 /* FilledContainer.swift in Sources */,
				A1EABF322ADBCC3C00591981 /* Preview+Helpers.swift in Sources */,
				A183BCEB2A3122CB00D42033 /* Images.swift in Sources */,
				A126D2552A76684E00A296BA /* StepperView.swift in Sources */,
				A1EABF252ACB63BC00591981 /* Notification+Extensions.swift in Sources */,
				A18503002986BC0300C878DE /* AppIconSelectionView.swift in Sources */,
				A13258BB2A6433EB00B3D5F5 /* IconHelper.swift in Sources */,
				332315F42742B3430039EE23 /* AppView.swift in Sources */,
				A1EABF1E2AC5C77100591981 /* Celebration.swift in Sources */,
				330C23D627665D4C00293092 /* AppDelegate.swift in Sources */,
				A132EF922986C7A8006C5DB1 /* reHydrate.xcdatamodeld in Sources */,
				A1EABF2E2ADAC80000591981 /* LocalizedString.swift in Sources */,
				A1EABF222ACB5AD500591981 /* NotificationDelegatePort.swift in Sources */,
				33EC3A7B274D06070049E414 /* SettingsScreen.swift in Sources */,
				33B28F6B26BC7FAB00DECA9F /* UIImage+Extensions.swift in Sources */,
				A1EABF1D2AC5C76E00591981 /* Reminder.swift in Sources */,
				332315E72742724D0039EE23 /* Drinkview.swift in Sources */,
				A1EABF342AF37E5B00591981 /* OpenUrlPort.swift in Sources */,
				33694FF3277CBADA00D2FE66 /* CreditsView.swift in Sources */,
				A183BCEC2A3122CE00D42033 /* Font.swift in Sources */,
				A1EABF282ADA842100591981 /* EditContainerScreen.swift in Sources */,
				A183BD002A33C52E00D42033 /* Date+localized.swift in Sources */,
				33B28F5A26B6ED2B00DECA9F /* UIColor+Extensions.swift in Sources */,
				33EC3A882754BA420049E414 /* Localizable.swift in Sources */,
				A1614D532A362E8C00235D02 /* SceneFactory.swift in Sources */,
				A126D2512A7667C200A296BA /* CheckBoxButton.swift in Sources */,
				A183BCF92A33B78400D42033 /* HomeScreen.swift in Sources */,
				33B28F6D26BC7FCD00DECA9F /* Double+Extensions.swift in Sources */,
				A13258B92A6433D400B3D5F5 /* Icon.swift in Sources */,
				A11180332AC3768D007E4585 /* NotificationCenterPort.swift in Sources */,
			);
			runOnlyForDeploymentPostprocessing = 0;
		};
		33DF9BE224B47D0A00699B1A /* Sources */ = {
			isa = PBXSourcesBuildPhase;
			buildActionMask = 2147483647;
			files = (
				339491E6250A356B0069BACC /* watchOS-CoreData.xcdatamodeld in Sources */,
				33600BD42764B3800061A771 /* Image.swift in Sources */,
				33DF9BEE24B47D0A00699B1A /* ExtensionDelegate.swift in Sources */,
				332E5A4624CCBF5000EF4D79 /* Extensions.swift in Sources */,
				33BEA58D25123A6A00658867 /* Day+CoreDataProperties.swift in Sources */,
				33DF9BEC24B47D0A00699B1A /* InterfaceController.swift in Sources */,
				33DF9BF024B47D0A00699B1A /* ComplicationController.swift in Sources */,
				33BEA58925123A1900658867 /* Day+CoreDataClass.swift in Sources */,
			);
			runOnlyForDeploymentPostprocessing = 0;
		};
/* End PBXSourcesBuildPhase section */

/* Begin PBXTargetDependency section */
		33DF9BF524B47D0A00699B1A /* PBXTargetDependency */ = {
			isa = PBXTargetDependency;
			target = 33DF9BD924B47D0900699B1A /* reHydrate-watch */;
			targetProxy = 33DF9BF424B47D0A00699B1A /* PBXContainerItemProxy */;
		};
/* End PBXTargetDependency section */

/* Begin PBXVariantGroup section */
		33DF9BDC24B47D0900699B1A /* Interface.storyboard */ = {
			isa = PBXVariantGroup;
			children = (
				33DF9BDD24B47D0900699B1A /* Base */,
			);
			name = Interface.storyboard;
			sourceTree = "<group>";
		};
		33EFF3FE2470449A00D0A003 /* Localizable.strings */ = {
			isa = PBXVariantGroup;
			children = (
				33EFF3FD2470449A00D0A003 /* en */,
				33EFF4012470451400D0A003 /* nb */,
				33C1288A256267D100C6FA8B /* de */,
				333B1326258D00F100340FB2 /* is */,
			);
			name = Localizable.strings;
			sourceTree = "<group>";
		};
		A183BCEF2A3126BE00D42033 /* LaunchScreen.storyboard */ = {
			isa = PBXVariantGroup;
			children = (
				A183BCF02A3126BE00D42033 /* Base */,
			);
			name = LaunchScreen.storyboard;
			sourceTree = "<group>";
		};
/* End PBXVariantGroup section */

/* Begin XCBuildConfiguration section */
		3378768524378A9800F5A732 /* Debug */ = {
			isa = XCBuildConfiguration;
			buildSettings = {
				ALWAYS_SEARCH_USER_PATHS = NO;
				CLANG_ANALYZER_LOCALIZABILITY_NONLOCALIZED = YES;
				CLANG_ANALYZER_NONNULL = YES;
				CLANG_ANALYZER_NUMBER_OBJECT_CONVERSION = YES_AGGRESSIVE;
				CLANG_CXX_LANGUAGE_STANDARD = "gnu++14";
				CLANG_CXX_LIBRARY = "libc++";
				CLANG_ENABLE_MODULES = YES;
				CLANG_ENABLE_OBJC_ARC = YES;
				CLANG_ENABLE_OBJC_WEAK = YES;
				CLANG_WARN_BLOCK_CAPTURE_AUTORELEASING = YES;
				CLANG_WARN_BOOL_CONVERSION = YES;
				CLANG_WARN_COMMA = YES;
				CLANG_WARN_CONSTANT_CONVERSION = YES;
				CLANG_WARN_DEPRECATED_OBJC_IMPLEMENTATIONS = YES;
				CLANG_WARN_DIRECT_OBJC_ISA_USAGE = YES_ERROR;
				CLANG_WARN_DOCUMENTATION_COMMENTS = YES;
				CLANG_WARN_EMPTY_BODY = YES;
				CLANG_WARN_ENUM_CONVERSION = YES;
				CLANG_WARN_INFINITE_RECURSION = YES;
				CLANG_WARN_INT_CONVERSION = YES;
				CLANG_WARN_NON_LITERAL_NULL_CONVERSION = YES;
				CLANG_WARN_OBJC_IMPLICIT_RETAIN_SELF = YES;
				CLANG_WARN_OBJC_LITERAL_CONVERSION = YES;
				CLANG_WARN_OBJC_ROOT_CLASS = YES_ERROR;
				CLANG_WARN_QUOTED_INCLUDE_IN_FRAMEWORK_HEADER = YES;
				CLANG_WARN_RANGE_LOOP_ANALYSIS = YES;
				CLANG_WARN_STRICT_PROTOTYPES = YES;
				CLANG_WARN_SUSPICIOUS_MOVE = YES;
				CLANG_WARN_UNGUARDED_AVAILABILITY = YES_AGGRESSIVE;
				CLANG_WARN_UNREACHABLE_CODE = YES;
				CLANG_WARN__DUPLICATE_METHOD_MATCH = YES;
				COPY_PHASE_STRIP = NO;
				DEBUG_INFORMATION_FORMAT = dwarf;
				ENABLE_STRICT_OBJC_MSGSEND = YES;
				ENABLE_TESTABILITY = YES;
				ENABLE_USER_SCRIPT_SANDBOXING = YES;
				GCC_C_LANGUAGE_STANDARD = gnu11;
				GCC_DYNAMIC_NO_PIC = NO;
				GCC_NO_COMMON_BLOCKS = YES;
				GCC_OPTIMIZATION_LEVEL = 0;
				GCC_PREPROCESSOR_DEFINITIONS = (
					"DEBUG=1",
					"$(inherited)",
				);
				GCC_WARN_64_TO_32_BIT_CONVERSION = YES;
				GCC_WARN_ABOUT_RETURN_TYPE = YES_ERROR;
				GCC_WARN_UNDECLARED_SELECTOR = YES;
				GCC_WARN_UNINITIALIZED_AUTOS = YES_AGGRESSIVE;
				GCC_WARN_UNUSED_FUNCTION = YES;
				GCC_WARN_UNUSED_VARIABLE = YES;
				IPHONEOS_DEPLOYMENT_TARGET = 15.0;
				MTL_ENABLE_DEBUG_INFO = INCLUDE_SOURCE;
				MTL_FAST_MATH = YES;
				ONLY_ACTIVE_ARCH = YES;
				SDKROOT = iphoneos;
				SWIFT_ACTIVE_COMPILATION_CONDITIONS = DEBUG;
				SWIFT_OPTIMIZATION_LEVEL = "-Onone";
			};
			name = Debug;
		};
		3378768624378A9800F5A732 /* Release */ = {
			isa = XCBuildConfiguration;
			buildSettings = {
				ALWAYS_SEARCH_USER_PATHS = NO;
				CLANG_ANALYZER_LOCALIZABILITY_NONLOCALIZED = YES;
				CLANG_ANALYZER_NONNULL = YES;
				CLANG_ANALYZER_NUMBER_OBJECT_CONVERSION = YES_AGGRESSIVE;
				CLANG_CXX_LANGUAGE_STANDARD = "gnu++14";
				CLANG_CXX_LIBRARY = "libc++";
				CLANG_ENABLE_MODULES = YES;
				CLANG_ENABLE_OBJC_ARC = YES;
				CLANG_ENABLE_OBJC_WEAK = YES;
				CLANG_WARN_BLOCK_CAPTURE_AUTORELEASING = YES;
				CLANG_WARN_BOOL_CONVERSION = YES;
				CLANG_WARN_COMMA = YES;
				CLANG_WARN_CONSTANT_CONVERSION = YES;
				CLANG_WARN_DEPRECATED_OBJC_IMPLEMENTATIONS = YES;
				CLANG_WARN_DIRECT_OBJC_ISA_USAGE = YES_ERROR;
				CLANG_WARN_DOCUMENTATION_COMMENTS = YES;
				CLANG_WARN_EMPTY_BODY = YES;
				CLANG_WARN_ENUM_CONVERSION = YES;
				CLANG_WARN_INFINITE_RECURSION = YES;
				CLANG_WARN_INT_CONVERSION = YES;
				CLANG_WARN_NON_LITERAL_NULL_CONVERSION = YES;
				CLANG_WARN_OBJC_IMPLICIT_RETAIN_SELF = YES;
				CLANG_WARN_OBJC_LITERAL_CONVERSION = YES;
				CLANG_WARN_OBJC_ROOT_CLASS = YES_ERROR;
				CLANG_WARN_QUOTED_INCLUDE_IN_FRAMEWORK_HEADER = YES;
				CLANG_WARN_RANGE_LOOP_ANALYSIS = YES;
				CLANG_WARN_STRICT_PROTOTYPES = YES;
				CLANG_WARN_SUSPICIOUS_MOVE = YES;
				CLANG_WARN_UNGUARDED_AVAILABILITY = YES_AGGRESSIVE;
				CLANG_WARN_UNREACHABLE_CODE = YES;
				CLANG_WARN__DUPLICATE_METHOD_MATCH = YES;
				COPY_PHASE_STRIP = NO;
				DEBUG_INFORMATION_FORMAT = "dwarf-with-dsym";
				ENABLE_NS_ASSERTIONS = NO;
				ENABLE_STRICT_OBJC_MSGSEND = YES;
				ENABLE_USER_SCRIPT_SANDBOXING = YES;
				GCC_C_LANGUAGE_STANDARD = gnu11;
				GCC_NO_COMMON_BLOCKS = YES;
				GCC_WARN_64_TO_32_BIT_CONVERSION = YES;
				GCC_WARN_ABOUT_RETURN_TYPE = YES_ERROR;
				GCC_WARN_UNDECLARED_SELECTOR = YES;
				GCC_WARN_UNINITIALIZED_AUTOS = YES_AGGRESSIVE;
				GCC_WARN_UNUSED_FUNCTION = YES;
				GCC_WARN_UNUSED_VARIABLE = YES;
				IPHONEOS_DEPLOYMENT_TARGET = 15.0;
				MTL_ENABLE_DEBUG_INFO = NO;
				MTL_FAST_MATH = YES;
				SDKROOT = iphoneos;
				SWIFT_COMPILATION_MODE = wholemodule;
				SWIFT_OPTIMIZATION_LEVEL = "-O";
				VALIDATE_PRODUCT = YES;
			};
			name = Release;
		};
		3378768824378A9800F5A732 /* Debug */ = {
			isa = XCBuildConfiguration;
			buildSettings = {
				ASSETCATALOG_COMPILER_APPICON_NAME = AppIcon;
				CODE_SIGN_ENTITLEMENTS = reHydrate/reHydrate.entitlements;
				CODE_SIGN_STYLE = Automatic;
				CURRENT_PROJECT_VERSION = 3;
				DEBUG_INFORMATION_FORMAT = "dwarf-with-dsym";
				DEVELOPMENT_TEAM = DCQ3V8BLU5;
				INFOPLIST_FILE = reHydrate/Info.plist;
				INFOPLIST_KEY_LSApplicationCategoryType = "public.app-category.healthcare-fitness";
				INFOPLIST_KEY_UILaunchScreen_Generation = YES;
				IPHONEOS_DEPLOYMENT_TARGET = 17.0;
				LD_RUNPATH_SEARCH_PATHS = (
					"$(inherited)",
					"@executable_path/Frameworks",
				);
				MARKETING_VERSION = 5.2.2;
				PRODUCT_BUNDLE_IDENTIFIER = com.braka.reHydrate;
				PRODUCT_NAME = "$(TARGET_NAME)";
				SWIFT_VERSION = 5.0;
				TARGETED_DEVICE_FAMILY = "1,2";
			};
			name = Debug;
		};
		3378768924378A9800F5A732 /* Release */ = {
			isa = XCBuildConfiguration;
			buildSettings = {
				ASSETCATALOG_COMPILER_APPICON_NAME = AppIcon;
				CODE_SIGN_ENTITLEMENTS = reHydrate/reHydrate.entitlements;
				CODE_SIGN_STYLE = Automatic;
				CURRENT_PROJECT_VERSION = 3;
				DEVELOPMENT_TEAM = DCQ3V8BLU5;
				INFOPLIST_FILE = reHydrate/Info.plist;
				INFOPLIST_KEY_LSApplicationCategoryType = "public.app-category.healthcare-fitness";
				INFOPLIST_KEY_UILaunchScreen_Generation = YES;
				IPHONEOS_DEPLOYMENT_TARGET = 17.0;
				LD_RUNPATH_SEARCH_PATHS = (
					"$(inherited)",
					"@executable_path/Frameworks",
				);
				MARKETING_VERSION = 5.2.2;
				PRODUCT_BUNDLE_IDENTIFIER = com.braka.reHydrate;
				PRODUCT_NAME = "$(TARGET_NAME)";
				SWIFT_VERSION = 5.0;
				TARGETED_DEVICE_FAMILY = "1,2";
			};
			name = Release;
		};
		33DF9BF724B47D0A00699B1A /* Debug */ = {
			isa = XCBuildConfiguration;
			buildSettings = {
				ALWAYS_EMBED_SWIFT_STANDARD_LIBRARIES = YES;
				ASSETCATALOG_COMPILER_APPICON_NAME = AppIcon;
				ASSETCATALOG_COMPILER_COMPLICATION_NAME = Complication;
				CODE_SIGN_STYLE = Automatic;
				CURRENT_PROJECT_VERSION = 3;
				DEVELOPMENT_TEAM = DCQ3V8BLU5;
				INFOPLIST_FILE = "reHydrate-watch/Info.plist";
				LD_RUNPATH_SEARCH_PATHS = (
					"@executable_path/Frameworks",
					"@executable_path/../../Frameworks",
				);
				MARKETING_VERSION = 5.2.2;
				PRODUCT_BUNDLE_IDENTIFIER = com.braka.reHydrate.watchkitapp;
				PRODUCT_NAME = "$(TARGET_NAME)";
				SDKROOT = watchos;
				SKIP_INSTALL = YES;
				SWIFT_VERSION = 5.0;
				TARGETED_DEVICE_FAMILY = 4;
				WATCHOS_DEPLOYMENT_TARGET = 8.0;
			};
			name = Debug;
		};
		33DF9BF824B47D0A00699B1A /* Release */ = {
			isa = XCBuildConfiguration;
			buildSettings = {
				ALWAYS_EMBED_SWIFT_STANDARD_LIBRARIES = YES;
				ASSETCATALOG_COMPILER_APPICON_NAME = AppIcon;
				ASSETCATALOG_COMPILER_COMPLICATION_NAME = Complication;
				CODE_SIGN_STYLE = Automatic;
				CURRENT_PROJECT_VERSION = 3;
				DEVELOPMENT_TEAM = DCQ3V8BLU5;
				INFOPLIST_FILE = "reHydrate-watch/Info.plist";
				LD_RUNPATH_SEARCH_PATHS = (
					"@executable_path/Frameworks",
					"@executable_path/../../Frameworks",
				);
				MARKETING_VERSION = 5.2.2;
				PRODUCT_BUNDLE_IDENTIFIER = com.braka.reHydrate.watchkitapp;
				PRODUCT_NAME = "$(TARGET_NAME)";
				SDKROOT = watchos;
				SKIP_INSTALL = YES;
				SWIFT_VERSION = 5.0;
				TARGETED_DEVICE_FAMILY = 4;
				WATCHOS_DEPLOYMENT_TARGET = 8.0;
			};
			name = Release;
		};
/* End XCBuildConfiguration section */

/* Begin XCConfigurationList section */
		3378766E24378A9400F5A732 /* Build configuration list for PBXProject "reHydrate" */ = {
			isa = XCConfigurationList;
			buildConfigurations = (
				3378768524378A9800F5A732 /* Debug */,
				3378768624378A9800F5A732 /* Release */,
			);
			defaultConfigurationIsVisible = 0;
			defaultConfigurationName = Release;
		};
		3378768724378A9800F5A732 /* Build configuration list for PBXNativeTarget "reHydrate" */ = {
			isa = XCConfigurationList;
			buildConfigurations = (
				3378768824378A9800F5A732 /* Debug */,
				3378768924378A9800F5A732 /* Release */,
			);
			defaultConfigurationIsVisible = 0;
			defaultConfigurationName = Release;
		};
		33DF9BFD24B47D0A00699B1A /* Build configuration list for PBXNativeTarget "reHydrate-watch" */ = {
			isa = XCConfigurationList;
			buildConfigurations = (
				33DF9BF724B47D0A00699B1A /* Debug */,
				33DF9BF824B47D0A00699B1A /* Release */,
			);
			defaultConfigurationIsVisible = 0;
			defaultConfigurationName = Release;
		};
/* End XCConfigurationList section */

/* Begin XCRemoteSwiftPackageReference section */
		A19F28BA2A80D44E0005717A /* XCRemoteSwiftPackageReference "Blackbird" */ = {
			isa = XCRemoteSwiftPackageReference;
			repositoryURL = "https://github.com/marcoarment/Blackbird.git";
			requirement = {
				kind = upToNextMajorVersion;
				minimumVersion = 0.5.0;
			};
		};
/* End XCRemoteSwiftPackageReference section */

/* Begin XCSwiftPackageProductDependency section */
		A126D24A2A76665800A296BA /* EngineKit */ = {
			isa = XCSwiftPackageProductDependency;
			productName = EngineKit;
		};
		A126D24C2A76665800A296BA /* PresentationInterface */ = {
			isa = XCSwiftPackageProductDependency;
			productName = PresentationInterface;
		};
		A126D24E2A76665900A296BA /* PresentationKit */ = {
			isa = XCSwiftPackageProductDependency;
			productName = PresentationKit;
		};
		A19F28BB2A80D44E0005717A /* Blackbird */ = {
			isa = XCSwiftPackageProductDependency;
			package = A19F28BA2A80D44E0005717A /* XCRemoteSwiftPackageReference "Blackbird" */;
			productName = Blackbird;
		};
/* End XCSwiftPackageProductDependency section */

/* Begin XCVersionGroup section */
		339491E4250A356B0069BACC /* watchOS-CoreData.xcdatamodeld */ = {
			isa = XCVersionGroup;
			children = (
				339491E5250A356B0069BACC /* watchOS-CoreData.xcdatamodel */,
			);
			currentVersion = 339491E5250A356B0069BACC /* watchOS-CoreData.xcdatamodel */;
			path = "watchOS-CoreData.xcdatamodeld";
			sourceTree = "<group>";
			versionGroupType = wrapper.xcdatamodel;
		};
		A132EF902986C7A8006C5DB1 /* reHydrate.xcdatamodeld */ = {
			isa = XCVersionGroup;
			children = (
				A132EF912986C7A8006C5DB1 /* reHydrate.xcdatamodel */,
			);
			currentVersion = A132EF912986C7A8006C5DB1 /* reHydrate.xcdatamodel */;
			path = reHydrate.xcdatamodeld;
			sourceTree = SOURCE_ROOT;
			versionGroupType = wrapper.xcdatamodel;
		};
/* End XCVersionGroup section */
	};
	rootObject = 3378766B24378A9300F5A732 /* Project object */;
}
