// !$*UTF8*$!
{
	archiveVersion = 1;
	classes = {
	};
	objectVersion = 51;
	objects = {

/* Begin PBXBuildFile section */
		3310709B244DBCD3008365A3 /* HealthKit.framework in Frameworks */ = {isa = PBXBuildFile; fileRef = 33CD6D58243BE53B00EF0335 /* HealthKit.framework */; };
		3319AA33245334130049C676 /* SettingOptionCell.swift in Sources */ = {isa = PBXBuildFile; fileRef = 3319AA32245334130049C676 /* SettingOptionCell.swift */; };
		333BD5F9246424FF0041D90A /* TutorialVC.swift in Sources */ = {isa = PBXBuildFile; fileRef = 333BD5F8246424FF0041D90A /* TutorialVC.swift */; };
		3359BB7024461D620008EF6A /* InfoCell.swift in Sources */ = {isa = PBXBuildFile; fileRef = 3359BB6F24461D620008EF6A /* InfoCell.swift */; };
		3378767724378A9400F5A732 /* AppDelegate.swift in Sources */ = {isa = PBXBuildFile; fileRef = 3378767624378A9400F5A732 /* AppDelegate.swift */; };
		3378767924378A9400F5A732 /* SceneDelegate.swift in Sources */ = {isa = PBXBuildFile; fileRef = 3378767824378A9400F5A732 /* SceneDelegate.swift */; };
		3378767B24378A9400F5A732 /* StartVC.swift in Sources */ = {isa = PBXBuildFile; fileRef = 3378767A24378A9400F5A732 /* StartVC.swift */; };
		3378768024378A9800F5A732 /* Assets.xcassets in Resources */ = {isa = PBXBuildFile; fileRef = 3378767F24378A9800F5A732 /* Assets.xcassets */; };
		3378768324378A9800F5A732 /* LaunchScreen.storyboard in Resources */ = {isa = PBXBuildFile; fileRef = 3378768124378A9800F5A732 /* LaunchScreen.storyboard */; };
		3389E0AB2448A61300DD7B58 /* SettingsVC.swift in Sources */ = {isa = PBXBuildFile; fileRef = 3389E0AA2448A61300DD7B58 /* SettingsVC.swift */; };
		33F32134243D115600E61D27 /* CoreData.framework in Frameworks */ = {isa = PBXBuildFile; fileRef = 33F32133243D115600E61D27 /* CoreData.framework */; };
		33FC8427243A47A800848B7C /* Drink.swift in Sources */ = {isa = PBXBuildFile; fileRef = 33FC8426243A47A800848B7C /* Drink.swift */; };
		33FC8429243A4A2600848B7C /* Day.swift in Sources */ = {isa = PBXBuildFile; fileRef = 33FC8428243A4A2600848B7C /* Day.swift */; };
		33FC842F243B992600848B7C /* CalendarVC.swift in Sources */ = {isa = PBXBuildFile; fileRef = 33FC842E243B992600848B7C /* CalendarVC.swift */; };
		33FE29D824506FF000BE7634 /* SettingsHeader.swift in Sources */ = {isa = PBXBuildFile; fileRef = 33FE29D724506FF000BE7634 /* SettingsHeader.swift */; };
		9B74C1044DBD4B2BBAAEAC29 /* Pods_reHydrate.framework in Frameworks */ = {isa = PBXBuildFile; fileRef = 57C41B23B9255A1F131F482D /* Pods_reHydrate.framework */; };
/* End PBXBuildFile section */

/* Begin PBXFileReference section */
		3310709A244DBCD3008365A3 /* reHydrate.entitlements */ = {isa = PBXFileReference; lastKnownFileType = text.plist.entitlements; path = reHydrate.entitlements; sourceTree = "<group>"; };
		3319AA32245334130049C676 /* SettingOptionCell.swift */ = {isa = PBXFileReference; lastKnownFileType = sourcecode.swift; path = SettingOptionCell.swift; sourceTree = "<group>"; };
		333BD5F8246424FF0041D90A /* TutorialVC.swift */ = {isa = PBXFileReference; lastKnownFileType = sourcecode.swift; path = TutorialVC.swift; sourceTree = "<group>"; };
		3359BB6F24461D620008EF6A /* InfoCell.swift */ = {isa = PBXFileReference; lastKnownFileType = sourcecode.swift; path = InfoCell.swift; sourceTree = "<group>"; };
		3378767324378A9400F5A732 /* reHydrate.app */ = {isa = PBXFileReference; explicitFileType = wrapper.application; includeInIndex = 0; path = reHydrate.app; sourceTree = BUILT_PRODUCTS_DIR; };
		3378767624378A9400F5A732 /* AppDelegate.swift */ = {isa = PBXFileReference; lastKnownFileType = sourcecode.swift; path = AppDelegate.swift; sourceTree = "<group>"; };
		3378767824378A9400F5A732 /* SceneDelegate.swift */ = {isa = PBXFileReference; lastKnownFileType = sourcecode.swift; path = SceneDelegate.swift; sourceTree = "<group>"; };
		3378767A24378A9400F5A732 /* StartVC.swift */ = {isa = PBXFileReference; lastKnownFileType = sourcecode.swift; path = StartVC.swift; sourceTree = "<group>"; };
		3378767F24378A9800F5A732 /* Assets.xcassets */ = {isa = PBXFileReference; lastKnownFileType = folder.assetcatalog; path = Assets.xcassets; sourceTree = "<group>"; };
		3378768224378A9800F5A732 /* Base */ = {isa = PBXFileReference; lastKnownFileType = file.storyboard; name = Base; path = Base.lproj/LaunchScreen.storyboard; sourceTree = "<group>"; };
		3389E0AA2448A61300DD7B58 /* SettingsVC.swift */ = {isa = PBXFileReference; lastKnownFileType = sourcecode.swift; path = SettingsVC.swift; sourceTree = "<group>"; };
		33CD6D58243BE53B00EF0335 /* HealthKit.framework */ = {isa = PBXFileReference; lastKnownFileType = wrapper.framework; name = HealthKit.framework; path = System/Library/Frameworks/HealthKit.framework; sourceTree = SDKROOT; };
		33F320FD243CEB2100E61D27 /* Info.plist */ = {isa = PBXFileReference; fileEncoding = 4; lastKnownFileType = text.plist.xml; path = Info.plist; sourceTree = "<group>"; };
		33F32133243D115600E61D27 /* CoreData.framework */ = {isa = PBXFileReference; lastKnownFileType = wrapper.framework; name = CoreData.framework; path = System/Library/Frameworks/CoreData.framework; sourceTree = SDKROOT; };
		33FC8426243A47A800848B7C /* Drink.swift */ = {isa = PBXFileReference; lastKnownFileType = sourcecode.swift; path = Drink.swift; sourceTree = "<group>"; };
		33FC8428243A4A2600848B7C /* Day.swift */ = {isa = PBXFileReference; lastKnownFileType = sourcecode.swift; path = Day.swift; sourceTree = "<group>"; };
		33FC842E243B992600848B7C /* CalendarVC.swift */ = {isa = PBXFileReference; lastKnownFileType = sourcecode.swift; path = CalendarVC.swift; sourceTree = "<group>"; };
		33FE29D724506FF000BE7634 /* SettingsHeader.swift */ = {isa = PBXFileReference; lastKnownFileType = sourcecode.swift; path = SettingsHeader.swift; sourceTree = "<group>"; };
		57C41B23B9255A1F131F482D /* Pods_reHydrate.framework */ = {isa = PBXFileReference; explicitFileType = wrapper.framework; includeInIndex = 0; path = Pods_reHydrate.framework; sourceTree = BUILT_PRODUCTS_DIR; };
		5A4C495ADD1C849E22BAE45E /* Pods-reHydrate.release.xcconfig */ = {isa = PBXFileReference; includeInIndex = 1; lastKnownFileType = text.xcconfig; name = "Pods-reHydrate.release.xcconfig"; path = "Target Support Files/Pods-reHydrate/Pods-reHydrate.release.xcconfig"; sourceTree = "<group>"; };
		B204E91E4654643981AEA857 /* Pods-reHydrate.debug.xcconfig */ = {isa = PBXFileReference; includeInIndex = 1; lastKnownFileType = text.xcconfig; name = "Pods-reHydrate.debug.xcconfig"; path = "Target Support Files/Pods-reHydrate/Pods-reHydrate.debug.xcconfig"; sourceTree = "<group>"; };
/* End PBXFileReference section */

/* Begin PBXFrameworksBuildPhase section */
		3378767024378A9400F5A732 /* Frameworks */ = {
			isa = PBXFrameworksBuildPhase;
			buildActionMask = 2147483647;
			files = (
				3310709B244DBCD3008365A3 /* HealthKit.framework in Frameworks */,
				9B74C1044DBD4B2BBAAEAC29 /* Pods_reHydrate.framework in Frameworks */,
				33F32134243D115600E61D27 /* CoreData.framework in Frameworks */,
			);
			runOnlyForDeploymentPostprocessing = 0;
		};
/* End PBXFrameworksBuildPhase section */

/* Begin PBXGroup section */
		331EA7C324583B7C002D752E /* Custom Cells */ = {
			isa = PBXGroup;
			children = (
				3359BB6F24461D620008EF6A /* InfoCell.swift */,
				33FE29D724506FF000BE7634 /* SettingsHeader.swift */,
				3319AA32245334130049C676 /* SettingOptionCell.swift */,
			);
			path = "Custom Cells";
			sourceTree = "<group>";
		};
		3378766A24378A9300F5A732 = {
			isa = PBXGroup;
			children = (
				3378767524378A9400F5A732 /* reHydrate */,
				3378767424378A9400F5A732 /* Products */,
				DEE3AF47A916B38FCDFA6298 /* Pods */,
				F887073E19DFDDCFF694E7E8 /* Frameworks */,
			);
			sourceTree = "<group>";
		};
		3378767424378A9400F5A732 /* Products */ = {
			isa = PBXGroup;
			children = (
				3378767324378A9400F5A732 /* reHydrate.app */,
			);
			name = Products;
			sourceTree = "<group>";
		};
		3378767524378A9400F5A732 /* reHydrate */ = {
			isa = PBXGroup;
			children = (
				3310709A244DBCD3008365A3 /* reHydrate.entitlements */,
				331EA7C324583B7C002D752E /* Custom Cells */,
				33902D3E244744C4004BE39C /* Custom Class */,
				33902D3D2447449F004BE39C /* ViewControllers */,
				3378767624378A9400F5A732 /* AppDelegate.swift */,
				3378767824378A9400F5A732 /* SceneDelegate.swift */,
				3378767F24378A9800F5A732 /* Assets.xcassets */,
				3378768124378A9800F5A732 /* LaunchScreen.storyboard */,
				33F320FD243CEB2100E61D27 /* Info.plist */,
			);
			path = reHydrate;
			sourceTree = "<group>";
		};
		33902D3D2447449F004BE39C /* ViewControllers */ = {
			isa = PBXGroup;
			children = (
				3378767A24378A9400F5A732 /* StartVC.swift */,
				33FC842E243B992600848B7C /* CalendarVC.swift */,
				3389E0AA2448A61300DD7B58 /* SettingsVC.swift */,
				333BD5F8246424FF0041D90A /* TutorialVC.swift */,
			);
			path = ViewControllers;
			sourceTree = "<group>";
		};
		33902D3E244744C4004BE39C /* Custom Class */ = {
			isa = PBXGroup;
			children = (
				33FC8428243A4A2600848B7C /* Day.swift */,
				33FC8426243A47A800848B7C /* Drink.swift */,
			);
			path = "Custom Class";
			sourceTree = "<group>";
		};
		DEE3AF47A916B38FCDFA6298 /* Pods */ = {
			isa = PBXGroup;
			children = (
				B204E91E4654643981AEA857 /* Pods-reHydrate.debug.xcconfig */,
				5A4C495ADD1C849E22BAE45E /* Pods-reHydrate.release.xcconfig */,
			);
			path = Pods;
			sourceTree = "<group>";
		};
		F887073E19DFDDCFF694E7E8 /* Frameworks */ = {
			isa = PBXGroup;
			children = (
				33F32133243D115600E61D27 /* CoreData.framework */,
				33CD6D58243BE53B00EF0335 /* HealthKit.framework */,
				57C41B23B9255A1F131F482D /* Pods_reHydrate.framework */,
			);
			name = Frameworks;
			sourceTree = "<group>";
		};
/* End PBXGroup section */

/* Begin PBXNativeTarget section */
		3378767224378A9400F5A732 /* reHydrate */ = {
			isa = PBXNativeTarget;
			buildConfigurationList = 3378768724378A9800F5A732 /* Build configuration list for PBXNativeTarget "reHydrate" */;
			buildPhases = (
				88097486E497473D37F0076C /* [CP] Check Pods Manifest.lock */,
				3378766F24378A9400F5A732 /* Sources */,
				3378767024378A9400F5A732 /* Frameworks */,
				3378767124378A9400F5A732 /* Resources */,
				A423E6166413CEA25E5B2445 /* [CP] Embed Pods Frameworks */,
			);
			buildRules = (
			);
			dependencies = (
			);
			name = reHydrate;
			productName = reHydrate;
			productReference = 3378767324378A9400F5A732 /* reHydrate.app */;
			productType = "com.apple.product-type.application";
		};
/* End PBXNativeTarget section */

/* Begin PBXProject section */
		3378766B24378A9300F5A732 /* Project object */ = {
			isa = PBXProject;
			attributes = {
				LastSwiftUpdateCheck = 1140;
				LastUpgradeCheck = 1140;
				ORGANIZATIONNAME = "Petter vang Brakalsvålet";
				TargetAttributes = {
					3378767224378A9400F5A732 = {
						CreatedOnToolsVersion = 11.4;
					};
				};
			};
			buildConfigurationList = 3378766E24378A9400F5A732 /* Build configuration list for PBXProject "reHydrate" */;
			compatibilityVersion = "Xcode 9.3";
			developmentRegion = en;
			hasScannedForEncodings = 0;
			knownRegions = (
				en,
				Base,
			);
			mainGroup = 3378766A24378A9300F5A732;
			productRefGroup = 3378767424378A9400F5A732 /* Products */;
			projectDirPath = "";
			projectRoot = "";
			targets = (
				3378767224378A9400F5A732 /* reHydrate */,
			);
		};
/* End PBXProject section */

/* Begin PBXResourcesBuildPhase section */
		3378767124378A9400F5A732 /* Resources */ = {
			isa = PBXResourcesBuildPhase;
			buildActionMask = 2147483647;
			files = (
				3378768324378A9800F5A732 /* LaunchScreen.storyboard in Resources */,
				3378768024378A9800F5A732 /* Assets.xcassets in Resources */,
			);
			runOnlyForDeploymentPostprocessing = 0;
		};
/* End PBXResourcesBuildPhase section */

/* Begin PBXShellScriptBuildPhase section */
		88097486E497473D37F0076C /* [CP] Check Pods Manifest.lock */ = {
			isa = PBXShellScriptBuildPhase;
			buildActionMask = 2147483647;
			files = (
			);
			inputFileListPaths = (
			);
			inputPaths = (
				"${PODS_PODFILE_DIR_PATH}/Podfile.lock",
				"${PODS_ROOT}/Manifest.lock",
			);
			name = "[CP] Check Pods Manifest.lock";
			outputFileListPaths = (
			);
			outputPaths = (
				"$(DERIVED_FILE_DIR)/Pods-reHydrate-checkManifestLockResult.txt",
			);
			runOnlyForDeploymentPostprocessing = 0;
			shellPath = /bin/sh;
			shellScript = "diff \"${PODS_PODFILE_DIR_PATH}/Podfile.lock\" \"${PODS_ROOT}/Manifest.lock\" > /dev/null\nif [ $? != 0 ] ; then\n    # print error to STDERR\n    echo \"error: The sandbox is not in sync with the Podfile.lock. Run 'pod install' or update your CocoaPods installation.\" >&2\n    exit 1\nfi\n# This output is used by Xcode 'outputs' to avoid re-running this script phase.\necho \"SUCCESS\" > \"${SCRIPT_OUTPUT_FILE_0}\"\n";
			showEnvVarsInLog = 0;
		};
		A423E6166413CEA25E5B2445 /* [CP] Embed Pods Frameworks */ = {
			isa = PBXShellScriptBuildPhase;
			buildActionMask = 2147483647;
			files = (
			);
			inputFileListPaths = (
				"${PODS_ROOT}/Target Support Files/Pods-reHydrate/Pods-reHydrate-frameworks-${CONFIGURATION}-input-files.xcfilelist",
			);
			name = "[CP] Embed Pods Frameworks";
			outputFileListPaths = (
				"${PODS_ROOT}/Target Support Files/Pods-reHydrate/Pods-reHydrate-frameworks-${CONFIGURATION}-output-files.xcfilelist",
			);
			runOnlyForDeploymentPostprocessing = 0;
			shellPath = /bin/sh;
			shellScript = "\"${PODS_ROOT}/Target Support Files/Pods-reHydrate/Pods-reHydrate-frameworks.sh\"\n";
			showEnvVarsInLog = 0;
		};
/* End PBXShellScriptBuildPhase section */

/* Begin PBXSourcesBuildPhase section */
		3378766F24378A9400F5A732 /* Sources */ = {
			isa = PBXSourcesBuildPhase;
			buildActionMask = 2147483647;
			files = (
				3378767B24378A9400F5A732 /* StartVC.swift in Sources */,
				3378767724378A9400F5A732 /* AppDelegate.swift in Sources */,
				33FC8427243A47A800848B7C /* Drink.swift in Sources */,
				33FC842F243B992600848B7C /* CalendarVC.swift in Sources */,
				3389E0AB2448A61300DD7B58 /* SettingsVC.swift in Sources */,
				333BD5F9246424FF0041D90A /* TutorialVC.swift in Sources */,
				3319AA33245334130049C676 /* SettingOptionCell.swift in Sources */,
				33FE29D824506FF000BE7634 /* SettingsHeader.swift in Sources */,
				33FC8429243A4A2600848B7C /* Day.swift in Sources */,
				3378767924378A9400F5A732 /* SceneDelegate.swift in Sources */,
				3359BB7024461D620008EF6A /* InfoCell.swift in Sources */,
			);
			runOnlyForDeploymentPostprocessing = 0;
		};
/* End PBXSourcesBuildPhase section */

/* Begin PBXVariantGroup section */
		3378768124378A9800F5A732 /* LaunchScreen.storyboard */ = {
			isa = PBXVariantGroup;
			children = (
				3378768224378A9800F5A732 /* Base */,
			);
			name = LaunchScreen.storyboard;
			sourceTree = "<group>";
		};
/* End PBXVariantGroup section */

/* Begin XCBuildConfiguration section */
		3378768524378A9800F5A732 /* Debug */ = {
			isa = XCBuildConfiguration;
			buildSettings = {
				ALWAYS_SEARCH_USER_PATHS = NO;
				CLANG_ANALYZER_NONNULL = YES;
				CLANG_ANALYZER_NUMBER_OBJECT_CONVERSION = YES_AGGRESSIVE;
				CLANG_CXX_LANGUAGE_STANDARD = "gnu++14";
				CLANG_CXX_LIBRARY = "libc++";
				CLANG_ENABLE_MODULES = YES;
				CLANG_ENABLE_OBJC_ARC = YES;
				CLANG_ENABLE_OBJC_WEAK = YES;
				CLANG_WARN_BLOCK_CAPTURE_AUTORELEASING = YES;
				CLANG_WARN_BOOL_CONVERSION = YES;
				CLANG_WARN_COMMA = YES;
				CLANG_WARN_CONSTANT_CONVERSION = YES;
				CLANG_WARN_DEPRECATED_OBJC_IMPLEMENTATIONS = YES;
				CLANG_WARN_DIRECT_OBJC_ISA_USAGE = YES_ERROR;
				CLANG_WARN_DOCUMENTATION_COMMENTS = YES;
				CLANG_WARN_EMPTY_BODY = YES;
				CLANG_WARN_ENUM_CONVERSION = YES;
				CLANG_WARN_INFINITE_RECURSION = YES;
				CLANG_WARN_INT_CONVERSION = YES;
				CLANG_WARN_NON_LITERAL_NULL_CONVERSION = YES;
				CLANG_WARN_OBJC_IMPLICIT_RETAIN_SELF = YES;
				CLANG_WARN_OBJC_LITERAL_CONVERSION = YES;
				CLANG_WARN_OBJC_ROOT_CLASS = YES_ERROR;
				CLANG_WARN_RANGE_LOOP_ANALYSIS = YES;
				CLANG_WARN_STRICT_PROTOTYPES = YES;
				CLANG_WARN_SUSPICIOUS_MOVE = YES;
				CLANG_WARN_UNGUARDED_AVAILABILITY = YES_AGGRESSIVE;
				CLANG_WARN_UNREACHABLE_CODE = YES;
				CLANG_WARN__DUPLICATE_METHOD_MATCH = YES;
				COPY_PHASE_STRIP = NO;
				DEBUG_INFORMATION_FORMAT = dwarf;
				ENABLE_STRICT_OBJC_MSGSEND = YES;
				ENABLE_TESTABILITY = YES;
				GCC_C_LANGUAGE_STANDARD = gnu11;
				GCC_DYNAMIC_NO_PIC = NO;
				GCC_NO_COMMON_BLOCKS = YES;
				GCC_OPTIMIZATION_LEVEL = 0;
				GCC_PREPROCESSOR_DEFINITIONS = (
					"DEBUG=1",
					"$(inherited)",
				);
				GCC_WARN_64_TO_32_BIT_CONVERSION = YES;
				GCC_WARN_ABOUT_RETURN_TYPE = YES_ERROR;
				GCC_WARN_UNDECLARED_SELECTOR = YES;
				GCC_WARN_UNINITIALIZED_AUTOS = YES_AGGRESSIVE;
				GCC_WARN_UNUSED_FUNCTION = YES;
				GCC_WARN_UNUSED_VARIABLE = YES;
				IPHONEOS_DEPLOYMENT_TARGET = 13.4;
				MTL_ENABLE_DEBUG_INFO = INCLUDE_SOURCE;
				MTL_FAST_MATH = YES;
				ONLY_ACTIVE_ARCH = YES;
				SDKROOT = iphoneos;
				SWIFT_ACTIVE_COMPILATION_CONDITIONS = DEBUG;
				SWIFT_OPTIMIZATION_LEVEL = "-Onone";
			};
			name = Debug;
		};
		3378768624378A9800F5A732 /* Release */ = {
			isa = XCBuildConfiguration;
			buildSettings = {
				ALWAYS_SEARCH_USER_PATHS = NO;
				CLANG_ANALYZER_NONNULL = YES;
				CLANG_ANALYZER_NUMBER_OBJECT_CONVERSION = YES_AGGRESSIVE;
				CLANG_CXX_LANGUAGE_STANDARD = "gnu++14";
				CLANG_CXX_LIBRARY = "libc++";
				CLANG_ENABLE_MODULES = YES;
				CLANG_ENABLE_OBJC_ARC = YES;
				CLANG_ENABLE_OBJC_WEAK = YES;
				CLANG_WARN_BLOCK_CAPTURE_AUTORELEASING = YES;
				CLANG_WARN_BOOL_CONVERSION = YES;
				CLANG_WARN_COMMA = YES;
				CLANG_WARN_CONSTANT_CONVERSION = YES;
				CLANG_WARN_DEPRECATED_OBJC_IMPLEMENTATIONS = YES;
				CLANG_WARN_DIRECT_OBJC_ISA_USAGE = YES_ERROR;
				CLANG_WARN_DOCUMENTATION_COMMENTS = YES;
				CLANG_WARN_EMPTY_BODY = YES;
				CLANG_WARN_ENUM_CONVERSION = YES;
				CLANG_WARN_INFINITE_RECURSION = YES;
				CLANG_WARN_INT_CONVERSION = YES;
				CLANG_WARN_NON_LITERAL_NULL_CONVERSION = YES;
				CLANG_WARN_OBJC_IMPLICIT_RETAIN_SELF = YES;
				CLANG_WARN_OBJC_LITERAL_CONVERSION = YES;
				CLANG_WARN_OBJC_ROOT_CLASS = YES_ERROR;
				CLANG_WARN_RANGE_LOOP_ANALYSIS = YES;
				CLANG_WARN_STRICT_PROTOTYPES = YES;
				CLANG_WARN_SUSPICIOUS_MOVE = YES;
				CLANG_WARN_UNGUARDED_AVAILABILITY = YES_AGGRESSIVE;
				CLANG_WARN_UNREACHABLE_CODE = YES;
				CLANG_WARN__DUPLICATE_METHOD_MATCH = YES;
				COPY_PHASE_STRIP = NO;
				DEBUG_INFORMATION_FORMAT = "dwarf-with-dsym";
				ENABLE_NS_ASSERTIONS = NO;
				ENABLE_STRICT_OBJC_MSGSEND = YES;
				GCC_C_LANGUAGE_STANDARD = gnu11;
				GCC_NO_COMMON_BLOCKS = YES;
				GCC_WARN_64_TO_32_BIT_CONVERSION = YES;
				GCC_WARN_ABOUT_RETURN_TYPE = YES_ERROR;
				GCC_WARN_UNDECLARED_SELECTOR = YES;
				GCC_WARN_UNINITIALIZED_AUTOS = YES_AGGRESSIVE;
				GCC_WARN_UNUSED_FUNCTION = YES;
				GCC_WARN_UNUSED_VARIABLE = YES;
				IPHONEOS_DEPLOYMENT_TARGET = 13.4;
				MTL_ENABLE_DEBUG_INFO = NO;
				MTL_FAST_MATH = YES;
				SDKROOT = iphoneos;
				SWIFT_COMPILATION_MODE = wholemodule;
				SWIFT_OPTIMIZATION_LEVEL = "-O";
				VALIDATE_PRODUCT = YES;
			};
			name = Release;
		};
		3378768824378A9800F5A732 /* Debug */ = {
			isa = XCBuildConfiguration;
			baseConfigurationReference = B204E91E4654643981AEA857 /* Pods-reHydrate.debug.xcconfig */;
			buildSettings = {
				ASSETCATALOG_COMPILER_APPICON_NAME = AppIcon;
				CODE_SIGN_ENTITLEMENTS = reHydrate/reHydrate.entitlements;
				CODE_SIGN_STYLE = Automatic;
				CURRENT_PROJECT_VERSION = 2;
				DEVELOPMENT_TEAM = DCQ3V8BLU5;
				INFOPLIST_FILE = reHydrate/Info.plist;
				LD_RUNPATH_SEARCH_PATHS = (
					"$(inherited)",
					"@executable_path/Frameworks",
				);
				MARKETING_VERSION = 1.7;
				PRODUCT_BUNDLE_IDENTIFIER = com.braka.reHydrate;
				PRODUCT_NAME = "$(TARGET_NAME)";
				SWIFT_VERSION = 5.0;
				TARGETED_DEVICE_FAMILY = 1;
			};
			name = Debug;
		};
		3378768924378A9800F5A732 /* Release */ = {
			isa = XCBuildConfiguration;
			baseConfigurationReference = 5A4C495ADD1C849E22BAE45E /* Pods-reHydrate.release.xcconfig */;
			buildSettings = {
				ASSETCATALOG_COMPILER_APPICON_NAME = AppIcon;
				CODE_SIGN_ENTITLEMENTS = reHydrate/reHydrate.entitlements;
				CODE_SIGN_STYLE = Automatic;
				CURRENT_PROJECT_VERSION = 2;
				DEVELOPMENT_TEAM = DCQ3V8BLU5;
				INFOPLIST_FILE = reHydrate/Info.plist;
				LD_RUNPATH_SEARCH_PATHS = (
					"$(inherited)",
					"@executable_path/Frameworks",
				);
				MARKETING_VERSION = 1.7;
				PRODUCT_BUNDLE_IDENTIFIER = com.braka.reHydrate;
				PRODUCT_NAME = "$(TARGET_NAME)";
				SWIFT_VERSION = 5.0;
				TARGETED_DEVICE_FAMILY = 1;
			};
			name = Release;
		};
/* End XCBuildConfiguration section */

/* Begin XCConfigurationList section */
		3378766E24378A9400F5A732 /* Build configuration list for PBXProject "reHydrate" */ = {
			isa = XCConfigurationList;
			buildConfigurations = (
				3378768524378A9800F5A732 /* Debug */,
				3378768624378A9800F5A732 /* Release */,
			);
			defaultConfigurationIsVisible = 0;
			defaultConfigurationName = Release;
		};
		3378768724378A9800F5A732 /* Build configuration list for PBXNativeTarget "reHydrate" */ = {
			isa = XCConfigurationList;
			buildConfigurations = (
				3378768824378A9800F5A732 /* Debug */,
				3378768924378A9800F5A732 /* Release */,
			);
			defaultConfigurationIsVisible = 0;
			defaultConfigurationName = Release;
		};
/* End XCConfigurationList section */
	};
	rootObject = 3378766B24378A9300F5A732 /* Project object */;
}
