// !$*UTF8*$!
{
	archiveVersion = 1;
	classes = {
	};
	objectVersion = 51;
	objects = {

/* Begin PBXBuildFile section */
		3310709B244DBCD3008365A3 /* HealthKit.framework in Frameworks */ = {isa = PBXBuildFile; fileRef = 33CD6D58243BE53B00EF0335 /* HealthKit.framework */; };
		3319AA33245334130049C676 /* SettingOptionCell.swift in Sources */ = {isa = PBXBuildFile; fileRef = 3319AA32245334130049C676 /* SettingOptionCell.swift */; };
		332E5A4624CCBF5000EF4D79 /* Extensions.swift in Sources */ = {isa = PBXBuildFile; fileRef = 332E5A4524CCBF5000EF4D79 /* Extensions.swift */; };
		333BD5F9246424FF0041D90A /* TutorialVC.swift in Sources */ = {isa = PBXBuildFile; fileRef = 333BD5F8246424FF0041D90A /* TutorialVC.swift */; };
		33410F0E247C0A9D00C381AC /* CalendarCell.swift in Sources */ = {isa = PBXBuildFile; fileRef = 33410F0D247C0A9D00C381AC /* CalendarCell.swift */; };
		334281E324977ADB00A3CF12 /* AppIconVC.swift in Sources */ = {isa = PBXBuildFile; fileRef = 334281E224977ADB00A3CF12 /* AppIconVC.swift */; };
		334282652497AE7600A3CF12 /* AppIconCell.swift in Sources */ = {isa = PBXBuildFile; fileRef = 334282642497AE7600A3CF12 /* AppIconCell.swift */; };
		3359BB7024461D620008EF6A /* InfoCell.swift in Sources */ = {isa = PBXBuildFile; fileRef = 3359BB6F24461D620008EF6A /* InfoCell.swift */; };
		3378767724378A9400F5A732 /* AppDelegate.swift in Sources */ = {isa = PBXBuildFile; fileRef = 3378767624378A9400F5A732 /* AppDelegate.swift */; };
		3378767924378A9400F5A732 /* SceneDelegate.swift in Sources */ = {isa = PBXBuildFile; fileRef = 3378767824378A9400F5A732 /* SceneDelegate.swift */; };
		3378767B24378A9400F5A732 /* StartVC.swift in Sources */ = {isa = PBXBuildFile; fileRef = 3378767A24378A9400F5A732 /* StartVC.swift */; };
		3378768024378A9800F5A732 /* Assets.xcassets in Resources */ = {isa = PBXBuildFile; fileRef = 3378767F24378A9800F5A732 /* Assets.xcassets */; };
		3378768324378A9800F5A732 /* LaunchScreen.storyboard in Resources */ = {isa = PBXBuildFile; fileRef = 3378768124378A9800F5A732 /* LaunchScreen.storyboard */; };
		3389E0AB2448A61300DD7B58 /* SettingsVC.swift in Sources */ = {isa = PBXBuildFile; fileRef = 3389E0AA2448A61300DD7B58 /* SettingsVC.swift */; };
		3390F51624C8DF8E00B7D350 /* Localizable.strings in Resources */ = {isa = PBXBuildFile; fileRef = 33EFF3FE2470449A00D0A003 /* Localizable.strings */; };
		3390F51724C8DF9800B7D350 /* Localizable.strings in Resources */ = {isa = PBXBuildFile; fileRef = 33EFF3FE2470449A00D0A003 /* Localizable.strings */; };
		339134C624F7F5E100CA0284 /* white-black@2x.png in Resources */ = {isa = PBXBuildFile; fileRef = 339134B724F7F5E000CA0284 /* white-black@2x.png */; };
		339134C724F7F5E100CA0284 /* black-white@3x.png in Resources */ = {isa = PBXBuildFile; fileRef = 339134B824F7F5E000CA0284 /* black-white@3x.png */; };
		339134C824F7F5E100CA0284 /* black-white@1x.png in Resources */ = {isa = PBXBuildFile; fileRef = 339134B924F7F5E000CA0284 /* black-white@1x.png */; };
		339134CA24F7F5E100CA0284 /* white-black@1x.png in Resources */ = {isa = PBXBuildFile; fileRef = 339134BB24F7F5E000CA0284 /* white-black@1x.png */; };
		339134CC24F7F5E100CA0284 /* white-black@3x.png in Resources */ = {isa = PBXBuildFile; fileRef = 339134BD24F7F5E000CA0284 /* white-black@3x.png */; };
		339134CD24F7F5E100CA0284 /* black-white@2x.png in Resources */ = {isa = PBXBuildFile; fileRef = 339134BE24F7F5E100CA0284 /* black-white@2x.png */; };
		339134D624F7F65F00CA0284 /* black-red@3x.png in Resources */ = {isa = PBXBuildFile; fileRef = 339134D324F7F65E00CA0284 /* black-red@3x.png */; };
		339134D724F7F65F00CA0284 /* black-red@1x.png in Resources */ = {isa = PBXBuildFile; fileRef = 339134D424F7F65F00CA0284 /* black-red@1x.png */; };
		339134D824F7F65F00CA0284 /* black-red@2x.png in Resources */ = {isa = PBXBuildFile; fileRef = 339134D524F7F65F00CA0284 /* black-red@2x.png */; };
		339134E224F7F78600CA0284 /* black-orange@2x.png in Resources */ = {isa = PBXBuildFile; fileRef = 339134D924F7F78500CA0284 /* black-orange@2x.png */; };
		339134E424F7F78600CA0284 /* black-orange@1x.png in Resources */ = {isa = PBXBuildFile; fileRef = 339134DB24F7F78500CA0284 /* black-orange@1x.png */; };
		339134E524F7F78600CA0284 /* black-orange@3x.png in Resources */ = {isa = PBXBuildFile; fileRef = 339134DC24F7F78500CA0284 /* black-orange@3x.png */; };
		339134F424F7FA7A00CA0284 /* white-yellow@1x.png in Resources */ = {isa = PBXBuildFile; fileRef = 339134EB24F7FA7900CA0284 /* white-yellow@1x.png */; };
		339134F524F7FA7A00CA0284 /* white-yellow@3x.png in Resources */ = {isa = PBXBuildFile; fileRef = 339134EC24F7FA7900CA0284 /* white-yellow@3x.png */; };
		339134F624F7FA7A00CA0284 /* white-yellow@2x.png in Resources */ = {isa = PBXBuildFile; fileRef = 339134ED24F7FA7900CA0284 /* white-yellow@2x.png */; };
		339134F724F7FA7A00CA0284 /* black-yellow@3x.png in Resources */ = {isa = PBXBuildFile; fileRef = 339134EE24F7FA7900CA0284 /* black-yellow@3x.png */; };
		339134F824F7FA7A00CA0284 /* black-yellow@2x.png in Resources */ = {isa = PBXBuildFile; fileRef = 339134EF24F7FA7A00CA0284 /* black-yellow@2x.png */; };
		339134F924F7FA7A00CA0284 /* yellow-white@3x.png in Resources */ = {isa = PBXBuildFile; fileRef = 339134F024F7FA7A00CA0284 /* yellow-white@3x.png */; };
		339134FA24F7FA7A00CA0284 /* yellow-white@2x.png in Resources */ = {isa = PBXBuildFile; fileRef = 339134F124F7FA7A00CA0284 /* yellow-white@2x.png */; };
		339134FB24F7FA7A00CA0284 /* yellow-white@1x.png in Resources */ = {isa = PBXBuildFile; fileRef = 339134F224F7FA7A00CA0284 /* yellow-white@1x.png */; };
		339134FC24F7FA7A00CA0284 /* black-yellow@1x.png in Resources */ = {isa = PBXBuildFile; fileRef = 339134F324F7FA7A00CA0284 /* black-yellow@1x.png */; };
		3391350924F803D800CA0284 /* red-white@3x.png in Resources */ = {isa = PBXBuildFile; fileRef = 339134FD24F803D700CA0284 /* red-white@3x.png */; };
		3391350A24F803D800CA0284 /* white-red@2x.png in Resources */ = {isa = PBXBuildFile; fileRef = 339134FE24F803D700CA0284 /* white-red@2x.png */; };
		3391350B24F803D800CA0284 /* white-red@3x.png in Resources */ = {isa = PBXBuildFile; fileRef = 339134FF24F803D700CA0284 /* white-red@3x.png */; };
		3391350C24F803D800CA0284 /* red-white@2x.png in Resources */ = {isa = PBXBuildFile; fileRef = 3391350024F803D700CA0284 /* red-white@2x.png */; };
		3391350D24F803D800CA0284 /* orange-white@3x.png in Resources */ = {isa = PBXBuildFile; fileRef = 3391350124F803D700CA0284 /* orange-white@3x.png */; };
		3391350E24F803D800CA0284 /* white-orange@2x.png in Resources */ = {isa = PBXBuildFile; fileRef = 3391350224F803D700CA0284 /* white-orange@2x.png */; };
		3391350F24F803D800CA0284 /* white-orange@3x.png in Resources */ = {isa = PBXBuildFile; fileRef = 3391350324F803D800CA0284 /* white-orange@3x.png */; };
		3391351024F803D800CA0284 /* white-red@1x.png in Resources */ = {isa = PBXBuildFile; fileRef = 3391350424F803D800CA0284 /* white-red@1x.png */; };
		3391351124F803D800CA0284 /* red-white@1x.png in Resources */ = {isa = PBXBuildFile; fileRef = 3391350524F803D800CA0284 /* red-white@1x.png */; };
		3391351224F803D800CA0284 /* orange-white@1x.png in Resources */ = {isa = PBXBuildFile; fileRef = 3391350624F803D800CA0284 /* orange-white@1x.png */; };
		3391351324F803D800CA0284 /* white-orange@1x.png in Resources */ = {isa = PBXBuildFile; fileRef = 3391350724F803D800CA0284 /* white-orange@1x.png */; };
		3391351424F803D800CA0284 /* orange-white@2x.png in Resources */ = {isa = PBXBuildFile; fileRef = 3391350824F803D800CA0284 /* orange-white@2x.png */; };
		3391351E24F8093400CA0284 /* pink-white@2x.png in Resources */ = {isa = PBXBuildFile; fileRef = 3391351524F8093300CA0284 /* pink-white@2x.png */; };
		3391351F24F8093400CA0284 /* white-pink@2x.png in Resources */ = {isa = PBXBuildFile; fileRef = 3391351624F8093300CA0284 /* white-pink@2x.png */; };
		3391352024F8093400CA0284 /* black-pink@3x.png in Resources */ = {isa = PBXBuildFile; fileRef = 3391351724F8093300CA0284 /* black-pink@3x.png */; };
		3391352124F8093400CA0284 /* pink-white@1x.png in Resources */ = {isa = PBXBuildFile; fileRef = 3391351824F8093300CA0284 /* pink-white@1x.png */; };
		3391352224F8093400CA0284 /* pink-white@3x.png in Resources */ = {isa = PBXBuildFile; fileRef = 3391351924F8093300CA0284 /* pink-white@3x.png */; };
		3391352324F8093400CA0284 /* black-pink@1x.png in Resources */ = {isa = PBXBuildFile; fileRef = 3391351A24F8093300CA0284 /* black-pink@1x.png */; };
		3391352424F8093400CA0284 /* black-pink@2x.png in Resources */ = {isa = PBXBuildFile; fileRef = 3391351B24F8093300CA0284 /* black-pink@2x.png */; };
		3391352524F8093400CA0284 /* white-pink@1x.png in Resources */ = {isa = PBXBuildFile; fileRef = 3391351C24F8093400CA0284 /* white-pink@1x.png */; };
		3391352624F8093400CA0284 /* white-pink@3x.png in Resources */ = {isa = PBXBuildFile; fileRef = 3391351D24F8093400CA0284 /* white-pink@3x.png */; };
		3391353024F80A7800CA0284 /* purple-white@1x.png in Resources */ = {isa = PBXBuildFile; fileRef = 3391352724F80A7600CA0284 /* purple-white@1x.png */; };
		3391353124F80A7800CA0284 /* white-purple@2x.png in Resources */ = {isa = PBXBuildFile; fileRef = 3391352824F80A7700CA0284 /* white-purple@2x.png */; };
		3391353224F80A7800CA0284 /* black-purple@1x.png in Resources */ = {isa = PBXBuildFile; fileRef = 3391352924F80A7700CA0284 /* black-purple@1x.png */; };
		3391353324F80A7800CA0284 /* black-purple@3x.png in Resources */ = {isa = PBXBuildFile; fileRef = 3391352A24F80A7700CA0284 /* black-purple@3x.png */; };
		3391353424F80A7800CA0284 /* white-purple@1x.png in Resources */ = {isa = PBXBuildFile; fileRef = 3391352B24F80A7700CA0284 /* white-purple@1x.png */; };
		3391353524F80A7800CA0284 /* white-purple@3x.png in Resources */ = {isa = PBXBuildFile; fileRef = 3391352C24F80A7700CA0284 /* white-purple@3x.png */; };
		3391353624F80A7800CA0284 /* purple-white@3x.png in Resources */ = {isa = PBXBuildFile; fileRef = 3391352D24F80A7700CA0284 /* purple-white@3x.png */; };
		3391353724F80A7800CA0284 /* black-purple@2x.png in Resources */ = {isa = PBXBuildFile; fileRef = 3391352E24F80A7700CA0284 /* black-purple@2x.png */; };
		3391353824F80A7800CA0284 /* purple-white@2x.png in Resources */ = {isa = PBXBuildFile; fileRef = 3391352F24F80A7800CA0284 /* purple-white@2x.png */; };
		3391354224F80CCD00CA0284 /* black-green@1x.png in Resources */ = {isa = PBXBuildFile; fileRef = 3391353924F80CCC00CA0284 /* black-green@1x.png */; };
		3391354324F80CCD00CA0284 /* black-green@2x.png in Resources */ = {isa = PBXBuildFile; fileRef = 3391353A24F80CCC00CA0284 /* black-green@2x.png */; };
		3391354424F80CCD00CA0284 /* green-white@3x.png in Resources */ = {isa = PBXBuildFile; fileRef = 3391353B24F80CCC00CA0284 /* green-white@3x.png */; };
		3391354524F80CCD00CA0284 /* green-white@2x.png in Resources */ = {isa = PBXBuildFile; fileRef = 3391353C24F80CCC00CA0284 /* green-white@2x.png */; };
		3391354624F80CCD00CA0284 /* white-green@1x.png in Resources */ = {isa = PBXBuildFile; fileRef = 3391353D24F80CCD00CA0284 /* white-green@1x.png */; };
		3391354724F80CCD00CA0284 /* white-green@2x.png in Resources */ = {isa = PBXBuildFile; fileRef = 3391353E24F80CCD00CA0284 /* white-green@2x.png */; };
		3391354824F80CCD00CA0284 /* green-white@1x.png in Resources */ = {isa = PBXBuildFile; fileRef = 3391353F24F80CCD00CA0284 /* green-white@1x.png */; };
		3391354924F80CCD00CA0284 /* white-green@3x.png in Resources */ = {isa = PBXBuildFile; fileRef = 3391354024F80CCD00CA0284 /* white-green@3x.png */; };
		3391354A24F80CCD00CA0284 /* black-green@3x.png in Resources */ = {isa = PBXBuildFile; fileRef = 3391354124F80CCD00CA0284 /* black-green@3x.png */; };
		3391355424F80DC500CA0284 /* white-blue@2x.png in Resources */ = {isa = PBXBuildFile; fileRef = 3391354B24F80DC400CA0284 /* white-blue@2x.png */; };
		3391355524F80DC500CA0284 /* blue-white@2x.png in Resources */ = {isa = PBXBuildFile; fileRef = 3391354C24F80DC400CA0284 /* blue-white@2x.png */; };
		3391355624F80DC500CA0284 /* black-blue@1x.png in Resources */ = {isa = PBXBuildFile; fileRef = 3391354D24F80DC400CA0284 /* black-blue@1x.png */; };
		3391355724F80DC500CA0284 /* white-blue@1x.png in Resources */ = {isa = PBXBuildFile; fileRef = 3391354E24F80DC400CA0284 /* white-blue@1x.png */; };
		3391355824F80DC500CA0284 /* white-blue@3x.png in Resources */ = {isa = PBXBuildFile; fileRef = 3391354F24F80DC400CA0284 /* white-blue@3x.png */; };
		3391355924F80DC500CA0284 /* blue-white@3x.png in Resources */ = {isa = PBXBuildFile; fileRef = 3391355024F80DC400CA0284 /* blue-white@3x.png */; };
		3391355A24F80DC500CA0284 /* black-blue@3x.png in Resources */ = {isa = PBXBuildFile; fileRef = 3391355124F80DC400CA0284 /* black-blue@3x.png */; };
		3391355B24F80DC500CA0284 /* black-blue@2x.png in Resources */ = {isa = PBXBuildFile; fileRef = 3391355224F80DC500CA0284 /* black-blue@2x.png */; };
		3391355C24F80DC500CA0284 /* blue-white@1x.png in Resources */ = {isa = PBXBuildFile; fileRef = 3391355324F80DC500CA0284 /* blue-white@1x.png */; };
		3391356524F80E6A00CA0284 /* white-white@1x.png in Resources */ = {isa = PBXBuildFile; fileRef = 3391355F24F80E6900CA0284 /* white-white@1x.png */; };
		3391356624F80E6A00CA0284 /* white-white@3x.png in Resources */ = {isa = PBXBuildFile; fileRef = 3391356024F80E6900CA0284 /* white-white@3x.png */; };
		3391356724F80E6A00CA0284 /* white-white@2x.png in Resources */ = {isa = PBXBuildFile; fileRef = 3391356124F80E6900CA0284 /* white-white@2x.png */; };
		3391356F24F8109100CA0284 /* grey-white@2x.png in Resources */ = {isa = PBXBuildFile; fileRef = 3391356924F8109000CA0284 /* grey-white@2x.png */; };
		3391357024F8109100CA0284 /* white-grey@2x.png in Resources */ = {isa = PBXBuildFile; fileRef = 3391356A24F8109000CA0284 /* white-grey@2x.png */; };
		3391357124F8109100CA0284 /* grey-white@3x.png in Resources */ = {isa = PBXBuildFile; fileRef = 3391356B24F8109000CA0284 /* grey-white@3x.png */; };
		3391357224F8109100CA0284 /* white-grey@3x.png in Resources */ = {isa = PBXBuildFile; fileRef = 3391356C24F8109000CA0284 /* white-grey@3x.png */; };
		3391357324F8109100CA0284 /* white-grey@1x.png in Resources */ = {isa = PBXBuildFile; fileRef = 3391356D24F8109100CA0284 /* white-grey@1x.png */; };
		3391357424F8109100CA0284 /* grey-white@1x.png in Resources */ = {isa = PBXBuildFile; fileRef = 3391356E24F8109100CA0284 /* grey-white@1x.png */; };
		3391357E24F82E3E00CA0284 /* black-rainbow@3x.png in Resources */ = {isa = PBXBuildFile; fileRef = 3391357524F82E3D00CA0284 /* black-rainbow@3x.png */; };
		3391357F24F82E3E00CA0284 /* rainbow-white@1x.png in Resources */ = {isa = PBXBuildFile; fileRef = 3391357624F82E3D00CA0284 /* rainbow-white@1x.png */; };
		3391358024F82E3E00CA0284 /* rainbow-white@3x.png in Resources */ = {isa = PBXBuildFile; fileRef = 3391357724F82E3D00CA0284 /* rainbow-white@3x.png */; };
		3391358124F82E3E00CA0284 /* white-rainbow@1x.png in Resources */ = {isa = PBXBuildFile; fileRef = 3391357824F82E3D00CA0284 /* white-rainbow@1x.png */; };
		3391358224F82E3E00CA0284 /* black-rainbow@1x.png in Resources */ = {isa = PBXBuildFile; fileRef = 3391357924F82E3D00CA0284 /* black-rainbow@1x.png */; };
		3391358324F82E3E00CA0284 /* rainbow-white@2x.png in Resources */ = {isa = PBXBuildFile; fileRef = 3391357A24F82E3E00CA0284 /* rainbow-white@2x.png */; };
		3391358424F82E3E00CA0284 /* white-rainbow@3x.png in Resources */ = {isa = PBXBuildFile; fileRef = 3391357B24F82E3E00CA0284 /* white-rainbow@3x.png */; };
		3391358524F82E3E00CA0284 /* black-rainbow@2x.png in Resources */ = {isa = PBXBuildFile; fileRef = 3391357C24F82E3E00CA0284 /* black-rainbow@2x.png */; };
		3391358624F82E3E00CA0284 /* white-rainbow@2x.png in Resources */ = {isa = PBXBuildFile; fileRef = 3391357D24F82E3E00CA0284 /* white-rainbow@2x.png */; };
		33C431912482769B00E8EECA /* Extenstions.swift in Sources */ = {isa = PBXBuildFile; fileRef = 33C431902482769B00E8EECA /* Extenstions.swift */; };
		33C4319324827F2700E8EECA /* BundleExtension.swift .swift in Sources */ = {isa = PBXBuildFile; fileRef = 33C4319224827F2700E8EECA /* BundleExtension.swift .swift */; };
		33DF9BDE24B47D0900699B1A /* Interface.storyboard in Resources */ = {isa = PBXBuildFile; fileRef = 33DF9BDC24B47D0900699B1A /* Interface.storyboard */; };
		33DF9BE024B47D0A00699B1A /* Assets.xcassets in Resources */ = {isa = PBXBuildFile; fileRef = 33DF9BDF24B47D0A00699B1A /* Assets.xcassets */; };
		33DF9BE724B47D0A00699B1A /* reHydrate-watch Extension.appex in Embed App Extensions */ = {isa = PBXBuildFile; fileRef = 33DF9BE624B47D0A00699B1A /* reHydrate-watch Extension.appex */; settings = {ATTRIBUTES = (RemoveHeadersOnCopy, ); }; };
		33DF9BEC24B47D0A00699B1A /* InterfaceController.swift in Sources */ = {isa = PBXBuildFile; fileRef = 33DF9BEB24B47D0A00699B1A /* InterfaceController.swift */; };
		33DF9BEE24B47D0A00699B1A /* ExtensionDelegate.swift in Sources */ = {isa = PBXBuildFile; fileRef = 33DF9BED24B47D0A00699B1A /* ExtensionDelegate.swift */; };
		33DF9BF024B47D0A00699B1A /* ComplicationController.swift in Sources */ = {isa = PBXBuildFile; fileRef = 33DF9BEF24B47D0A00699B1A /* ComplicationController.swift */; };
		33DF9BF224B47D0A00699B1A /* Assets.xcassets in Resources */ = {isa = PBXBuildFile; fileRef = 33DF9BF124B47D0A00699B1A /* Assets.xcassets */; };
		33DF9BF624B47D0A00699B1A /* reHydrate-watch.app in Embed Watch Content */ = {isa = PBXBuildFile; fileRef = 33DF9BDA24B47D0900699B1A /* reHydrate-watch.app */; settings = {ATTRIBUTES = (RemoveHeadersOnCopy, ); }; };
		33DF9BFE24B47D8100699B1A /* Drink.swift in Sources */ = {isa = PBXBuildFile; fileRef = 33FC8426243A47A800848B7C /* Drink.swift */; };
		33DF9BFF24B47D8400699B1A /* Day.swift in Sources */ = {isa = PBXBuildFile; fileRef = 33FC8428243A4A2600848B7C /* Day.swift */; };
		33EFF3FC2470449A00D0A003 /* Localizable.strings in Resources */ = {isa = PBXBuildFile; fileRef = 33EFF3FE2470449A00D0A003 /* Localizable.strings */; };
		33FC8427243A47A800848B7C /* Drink.swift in Sources */ = {isa = PBXBuildFile; fileRef = 33FC8426243A47A800848B7C /* Drink.swift */; };
		33FC8429243A4A2600848B7C /* Day.swift in Sources */ = {isa = PBXBuildFile; fileRef = 33FC8428243A4A2600848B7C /* Day.swift */; };
		33FC842F243B992600848B7C /* CalendarVC.swift in Sources */ = {isa = PBXBuildFile; fileRef = 33FC842E243B992600848B7C /* CalendarVC.swift */; };
		33FE29D824506FF000BE7634 /* SettingsHeader.swift in Sources */ = {isa = PBXBuildFile; fileRef = 33FE29D724506FF000BE7634 /* SettingsHeader.swift */; };
		9B74C1044DBD4B2BBAAEAC29 /* Pods_reHydrate.framework in Frameworks */ = {isa = PBXBuildFile; fileRef = 57C41B23B9255A1F131F482D /* Pods_reHydrate.framework */; };
/* End PBXBuildFile section */

/* Begin PBXContainerItemProxy section */
		33DF9BE824B47D0A00699B1A /* PBXContainerItemProxy */ = {
			isa = PBXContainerItemProxy;
			containerPortal = 3378766B24378A9300F5A732 /* Project object */;
			proxyType = 1;
			remoteGlobalIDString = 33DF9BE524B47D0A00699B1A;
			remoteInfo = "reHydrate-watch Extension";
		};
		33DF9BF424B47D0A00699B1A /* PBXContainerItemProxy */ = {
			isa = PBXContainerItemProxy;
			containerPortal = 3378766B24378A9300F5A732 /* Project object */;
			proxyType = 1;
			remoteGlobalIDString = 33DF9BD924B47D0900699B1A;
			remoteInfo = "reHydrate-watch";
		};
/* End PBXContainerItemProxy section */

/* Begin PBXCopyFilesBuildPhase section */
		33D24C3C24A0CC2400C7A23C /* Embed Watch Content */ = {
			isa = PBXCopyFilesBuildPhase;
			buildActionMask = 2147483647;
			dstPath = "$(CONTENTS_FOLDER_PATH)/Watch";
			dstSubfolderSpec = 16;
			files = (
				33DF9BF624B47D0A00699B1A /* reHydrate-watch.app in Embed Watch Content */,
			);
			name = "Embed Watch Content";
			runOnlyForDeploymentPostprocessing = 0;
		};
		33DF9BF924B47D0A00699B1A /* Embed App Extensions */ = {
			isa = PBXCopyFilesBuildPhase;
			buildActionMask = 2147483647;
			dstPath = "";
			dstSubfolderSpec = 13;
			files = (
				33DF9BE724B47D0A00699B1A /* reHydrate-watch Extension.appex in Embed App Extensions */,
			);
			name = "Embed App Extensions";
			runOnlyForDeploymentPostprocessing = 0;
		};
/* End PBXCopyFilesBuildPhase section */

/* Begin PBXFileReference section */
		3310709A244DBCD3008365A3 /* reHydrate.entitlements */ = {isa = PBXFileReference; lastKnownFileType = text.plist.entitlements; path = reHydrate.entitlements; sourceTree = "<group>"; };
		3319AA32245334130049C676 /* SettingOptionCell.swift */ = {isa = PBXFileReference; lastKnownFileType = sourcecode.swift; path = SettingOptionCell.swift; sourceTree = "<group>"; };
		332E5A4524CCBF5000EF4D79 /* Extensions.swift */ = {isa = PBXFileReference; lastKnownFileType = sourcecode.swift; path = Extensions.swift; sourceTree = "<group>"; };
		333BD5F8246424FF0041D90A /* TutorialVC.swift */ = {isa = PBXFileReference; lastKnownFileType = sourcecode.swift; path = TutorialVC.swift; sourceTree = "<group>"; };
		33410F0D247C0A9D00C381AC /* CalendarCell.swift */ = {isa = PBXFileReference; lastKnownFileType = sourcecode.swift; path = CalendarCell.swift; sourceTree = "<group>"; };
		334281E224977ADB00A3CF12 /* AppIconVC.swift */ = {isa = PBXFileReference; lastKnownFileType = sourcecode.swift; path = AppIconVC.swift; sourceTree = "<group>"; };
		334282642497AE7600A3CF12 /* AppIconCell.swift */ = {isa = PBXFileReference; lastKnownFileType = sourcecode.swift; path = AppIconCell.swift; sourceTree = "<group>"; };
		3359BB6F24461D620008EF6A /* InfoCell.swift */ = {isa = PBXFileReference; lastKnownFileType = sourcecode.swift; path = InfoCell.swift; sourceTree = "<group>"; };
		3378767324378A9400F5A732 /* reHydrate.app */ = {isa = PBXFileReference; explicitFileType = wrapper.application; includeInIndex = 0; path = reHydrate.app; sourceTree = BUILT_PRODUCTS_DIR; };
		3378767624378A9400F5A732 /* AppDelegate.swift */ = {isa = PBXFileReference; lastKnownFileType = sourcecode.swift; path = AppDelegate.swift; sourceTree = "<group>"; };
		3378767824378A9400F5A732 /* SceneDelegate.swift */ = {isa = PBXFileReference; lastKnownFileType = sourcecode.swift; path = SceneDelegate.swift; sourceTree = "<group>"; };
		3378767A24378A9400F5A732 /* StartVC.swift */ = {isa = PBXFileReference; lastKnownFileType = sourcecode.swift; path = StartVC.swift; sourceTree = "<group>"; };
		3378767F24378A9800F5A732 /* Assets.xcassets */ = {isa = PBXFileReference; lastKnownFileType = folder.assetcatalog; path = Assets.xcassets; sourceTree = "<group>"; };
		3389E0AA2448A61300DD7B58 /* SettingsVC.swift */ = {isa = PBXFileReference; lastKnownFileType = sourcecode.swift; path = SettingsVC.swift; sourceTree = "<group>"; };
		339134B724F7F5E000CA0284 /* white-black@2x.png */ = {isa = PBXFileReference; lastKnownFileType = image.png; path = "white-black@2x.png"; sourceTree = "<group>"; };
		339134B824F7F5E000CA0284 /* black-white@3x.png */ = {isa = PBXFileReference; lastKnownFileType = image.png; path = "black-white@3x.png"; sourceTree = "<group>"; };
		339134B924F7F5E000CA0284 /* black-white@1x.png */ = {isa = PBXFileReference; lastKnownFileType = image.png; path = "black-white@1x.png"; sourceTree = "<group>"; };
		339134BB24F7F5E000CA0284 /* white-black@1x.png */ = {isa = PBXFileReference; lastKnownFileType = image.png; path = "white-black@1x.png"; sourceTree = "<group>"; };
		339134BD24F7F5E000CA0284 /* white-black@3x.png */ = {isa = PBXFileReference; lastKnownFileType = image.png; path = "white-black@3x.png"; sourceTree = "<group>"; };
		339134BE24F7F5E100CA0284 /* black-white@2x.png */ = {isa = PBXFileReference; lastKnownFileType = image.png; path = "black-white@2x.png"; sourceTree = "<group>"; };
		339134D324F7F65E00CA0284 /* black-red@3x.png */ = {isa = PBXFileReference; lastKnownFileType = image.png; path = "black-red@3x.png"; sourceTree = "<group>"; };
		339134D424F7F65F00CA0284 /* black-red@1x.png */ = {isa = PBXFileReference; lastKnownFileType = image.png; path = "black-red@1x.png"; sourceTree = "<group>"; };
		339134D524F7F65F00CA0284 /* black-red@2x.png */ = {isa = PBXFileReference; lastKnownFileType = image.png; path = "black-red@2x.png"; sourceTree = "<group>"; };
		339134D924F7F78500CA0284 /* black-orange@2x.png */ = {isa = PBXFileReference; lastKnownFileType = image.png; path = "black-orange@2x.png"; sourceTree = "<group>"; };
		339134DB24F7F78500CA0284 /* black-orange@1x.png */ = {isa = PBXFileReference; lastKnownFileType = image.png; path = "black-orange@1x.png"; sourceTree = "<group>"; };
		339134DC24F7F78500CA0284 /* black-orange@3x.png */ = {isa = PBXFileReference; lastKnownFileType = image.png; path = "black-orange@3x.png"; sourceTree = "<group>"; };
		339134EB24F7FA7900CA0284 /* white-yellow@1x.png */ = {isa = PBXFileReference; lastKnownFileType = image.png; path = "white-yellow@1x.png"; sourceTree = "<group>"; };
		339134EC24F7FA7900CA0284 /* white-yellow@3x.png */ = {isa = PBXFileReference; lastKnownFileType = image.png; path = "white-yellow@3x.png"; sourceTree = "<group>"; };
		339134ED24F7FA7900CA0284 /* white-yellow@2x.png */ = {isa = PBXFileReference; lastKnownFileType = image.png; path = "white-yellow@2x.png"; sourceTree = "<group>"; };
		339134EE24F7FA7900CA0284 /* black-yellow@3x.png */ = {isa = PBXFileReference; lastKnownFileType = image.png; path = "black-yellow@3x.png"; sourceTree = "<group>"; };
		339134EF24F7FA7A00CA0284 /* black-yellow@2x.png */ = {isa = PBXFileReference; lastKnownFileType = image.png; path = "black-yellow@2x.png"; sourceTree = "<group>"; };
		339134F024F7FA7A00CA0284 /* yellow-white@3x.png */ = {isa = PBXFileReference; lastKnownFileType = image.png; path = "yellow-white@3x.png"; sourceTree = "<group>"; };
		339134F124F7FA7A00CA0284 /* yellow-white@2x.png */ = {isa = PBXFileReference; lastKnownFileType = image.png; path = "yellow-white@2x.png"; sourceTree = "<group>"; };
		339134F224F7FA7A00CA0284 /* yellow-white@1x.png */ = {isa = PBXFileReference; lastKnownFileType = image.png; path = "yellow-white@1x.png"; sourceTree = "<group>"; };
		339134F324F7FA7A00CA0284 /* black-yellow@1x.png */ = {isa = PBXFileReference; lastKnownFileType = image.png; path = "black-yellow@1x.png"; sourceTree = "<group>"; };
		339134FD24F803D700CA0284 /* red-white@3x.png */ = {isa = PBXFileReference; lastKnownFileType = image.png; path = "red-white@3x.png"; sourceTree = "<group>"; };
		339134FE24F803D700CA0284 /* white-red@2x.png */ = {isa = PBXFileReference; lastKnownFileType = image.png; path = "white-red@2x.png"; sourceTree = "<group>"; };
		339134FF24F803D700CA0284 /* white-red@3x.png */ = {isa = PBXFileReference; lastKnownFileType = image.png; path = "white-red@3x.png"; sourceTree = "<group>"; };
		3391350024F803D700CA0284 /* red-white@2x.png */ = {isa = PBXFileReference; lastKnownFileType = image.png; path = "red-white@2x.png"; sourceTree = "<group>"; };
		3391350124F803D700CA0284 /* orange-white@3x.png */ = {isa = PBXFileReference; lastKnownFileType = image.png; path = "orange-white@3x.png"; sourceTree = "<group>"; };
		3391350224F803D700CA0284 /* white-orange@2x.png */ = {isa = PBXFileReference; lastKnownFileType = image.png; path = "white-orange@2x.png"; sourceTree = "<group>"; };
		3391350324F803D800CA0284 /* white-orange@3x.png */ = {isa = PBXFileReference; lastKnownFileType = image.png; path = "white-orange@3x.png"; sourceTree = "<group>"; };
		3391350424F803D800CA0284 /* white-red@1x.png */ = {isa = PBXFileReference; lastKnownFileType = image.png; path = "white-red@1x.png"; sourceTree = "<group>"; };
		3391350524F803D800CA0284 /* red-white@1x.png */ = {isa = PBXFileReference; lastKnownFileType = image.png; path = "red-white@1x.png"; sourceTree = "<group>"; };
		3391350624F803D800CA0284 /* orange-white@1x.png */ = {isa = PBXFileReference; lastKnownFileType = image.png; path = "orange-white@1x.png"; sourceTree = "<group>"; };
		3391350724F803D800CA0284 /* white-orange@1x.png */ = {isa = PBXFileReference; lastKnownFileType = image.png; path = "white-orange@1x.png"; sourceTree = "<group>"; };
		3391350824F803D800CA0284 /* orange-white@2x.png */ = {isa = PBXFileReference; lastKnownFileType = image.png; path = "orange-white@2x.png"; sourceTree = "<group>"; };
		3391351524F8093300CA0284 /* pink-white@2x.png */ = {isa = PBXFileReference; lastKnownFileType = image.png; path = "pink-white@2x.png"; sourceTree = "<group>"; };
		3391351624F8093300CA0284 /* white-pink@2x.png */ = {isa = PBXFileReference; lastKnownFileType = image.png; path = "white-pink@2x.png"; sourceTree = "<group>"; };
		3391351724F8093300CA0284 /* black-pink@3x.png */ = {isa = PBXFileReference; lastKnownFileType = image.png; path = "black-pink@3x.png"; sourceTree = "<group>"; };
		3391351824F8093300CA0284 /* pink-white@1x.png */ = {isa = PBXFileReference; lastKnownFileType = image.png; path = "pink-white@1x.png"; sourceTree = "<group>"; };
		3391351924F8093300CA0284 /* pink-white@3x.png */ = {isa = PBXFileReference; lastKnownFileType = image.png; path = "pink-white@3x.png"; sourceTree = "<group>"; };
		3391351A24F8093300CA0284 /* black-pink@1x.png */ = {isa = PBXFileReference; lastKnownFileType = image.png; path = "black-pink@1x.png"; sourceTree = "<group>"; };
		3391351B24F8093300CA0284 /* black-pink@2x.png */ = {isa = PBXFileReference; lastKnownFileType = image.png; path = "black-pink@2x.png"; sourceTree = "<group>"; };
		3391351C24F8093400CA0284 /* white-pink@1x.png */ = {isa = PBXFileReference; lastKnownFileType = image.png; path = "white-pink@1x.png"; sourceTree = "<group>"; };
		3391351D24F8093400CA0284 /* white-pink@3x.png */ = {isa = PBXFileReference; lastKnownFileType = image.png; path = "white-pink@3x.png"; sourceTree = "<group>"; };
		3391352724F80A7600CA0284 /* purple-white@1x.png */ = {isa = PBXFileReference; lastKnownFileType = image.png; path = "purple-white@1x.png"; sourceTree = "<group>"; };
		3391352824F80A7700CA0284 /* white-purple@2x.png */ = {isa = PBXFileReference; lastKnownFileType = image.png; path = "white-purple@2x.png"; sourceTree = "<group>"; };
		3391352924F80A7700CA0284 /* black-purple@1x.png */ = {isa = PBXFileReference; lastKnownFileType = image.png; path = "black-purple@1x.png"; sourceTree = "<group>"; };
		3391352A24F80A7700CA0284 /* black-purple@3x.png */ = {isa = PBXFileReference; lastKnownFileType = image.png; path = "black-purple@3x.png"; sourceTree = "<group>"; };
		3391352B24F80A7700CA0284 /* white-purple@1x.png */ = {isa = PBXFileReference; lastKnownFileType = image.png; path = "white-purple@1x.png"; sourceTree = "<group>"; };
		3391352C24F80A7700CA0284 /* white-purple@3x.png */ = {isa = PBXFileReference; lastKnownFileType = image.png; path = "white-purple@3x.png"; sourceTree = "<group>"; };
		3391352D24F80A7700CA0284 /* purple-white@3x.png */ = {isa = PBXFileReference; lastKnownFileType = image.png; path = "purple-white@3x.png"; sourceTree = "<group>"; };
		3391352E24F80A7700CA0284 /* black-purple@2x.png */ = {isa = PBXFileReference; lastKnownFileType = image.png; path = "black-purple@2x.png"; sourceTree = "<group>"; };
		3391352F24F80A7800CA0284 /* purple-white@2x.png */ = {isa = PBXFileReference; lastKnownFileType = image.png; path = "purple-white@2x.png"; sourceTree = "<group>"; };
		3391353924F80CCC00CA0284 /* black-green@1x.png */ = {isa = PBXFileReference; lastKnownFileType = image.png; path = "black-green@1x.png"; sourceTree = "<group>"; };
		3391353A24F80CCC00CA0284 /* black-green@2x.png */ = {isa = PBXFileReference; lastKnownFileType = image.png; path = "black-green@2x.png"; sourceTree = "<group>"; };
		3391353B24F80CCC00CA0284 /* green-white@3x.png */ = {isa = PBXFileReference; lastKnownFileType = image.png; path = "green-white@3x.png"; sourceTree = "<group>"; };
		3391353C24F80CCC00CA0284 /* green-white@2x.png */ = {isa = PBXFileReference; lastKnownFileType = image.png; path = "green-white@2x.png"; sourceTree = "<group>"; };
		3391353D24F80CCD00CA0284 /* white-green@1x.png */ = {isa = PBXFileReference; lastKnownFileType = image.png; path = "white-green@1x.png"; sourceTree = "<group>"; };
		3391353E24F80CCD00CA0284 /* white-green@2x.png */ = {isa = PBXFileReference; lastKnownFileType = image.png; path = "white-green@2x.png"; sourceTree = "<group>"; };
		3391353F24F80CCD00CA0284 /* green-white@1x.png */ = {isa = PBXFileReference; lastKnownFileType = image.png; path = "green-white@1x.png"; sourceTree = "<group>"; };
		3391354024F80CCD00CA0284 /* white-green@3x.png */ = {isa = PBXFileReference; lastKnownFileType = image.png; path = "white-green@3x.png"; sourceTree = "<group>"; };
		3391354124F80CCD00CA0284 /* black-green@3x.png */ = {isa = PBXFileReference; lastKnownFileType = image.png; path = "black-green@3x.png"; sourceTree = "<group>"; };
		3391354B24F80DC400CA0284 /* white-blue@2x.png */ = {isa = PBXFileReference; lastKnownFileType = image.png; path = "white-blue@2x.png"; sourceTree = "<group>"; };
		3391354C24F80DC400CA0284 /* blue-white@2x.png */ = {isa = PBXFileReference; lastKnownFileType = image.png; path = "blue-white@2x.png"; sourceTree = "<group>"; };
		3391354D24F80DC400CA0284 /* black-blue@1x.png */ = {isa = PBXFileReference; lastKnownFileType = image.png; path = "black-blue@1x.png"; sourceTree = "<group>"; };
		3391354E24F80DC400CA0284 /* white-blue@1x.png */ = {isa = PBXFileReference; lastKnownFileType = image.png; path = "white-blue@1x.png"; sourceTree = "<group>"; };
		3391354F24F80DC400CA0284 /* white-blue@3x.png */ = {isa = PBXFileReference; lastKnownFileType = image.png; path = "white-blue@3x.png"; sourceTree = "<group>"; };
		3391355024F80DC400CA0284 /* blue-white@3x.png */ = {isa = PBXFileReference; lastKnownFileType = image.png; path = "blue-white@3x.png"; sourceTree = "<group>"; };
		3391355124F80DC400CA0284 /* black-blue@3x.png */ = {isa = PBXFileReference; lastKnownFileType = image.png; path = "black-blue@3x.png"; sourceTree = "<group>"; };
		3391355224F80DC500CA0284 /* black-blue@2x.png */ = {isa = PBXFileReference; lastKnownFileType = image.png; path = "black-blue@2x.png"; sourceTree = "<group>"; };
		3391355324F80DC500CA0284 /* blue-white@1x.png */ = {isa = PBXFileReference; lastKnownFileType = image.png; path = "blue-white@1x.png"; sourceTree = "<group>"; };
		3391355F24F80E6900CA0284 /* white-white@1x.png */ = {isa = PBXFileReference; lastKnownFileType = image.png; path = "white-white@1x.png"; sourceTree = "<group>"; };
		3391356024F80E6900CA0284 /* white-white@3x.png */ = {isa = PBXFileReference; lastKnownFileType = image.png; path = "white-white@3x.png"; sourceTree = "<group>"; };
		3391356124F80E6900CA0284 /* white-white@2x.png */ = {isa = PBXFileReference; lastKnownFileType = image.png; path = "white-white@2x.png"; sourceTree = "<group>"; };
		3391356924F8109000CA0284 /* grey-white@2x.png */ = {isa = PBXFileReference; lastKnownFileType = image.png; name = "grey-white@2x.png"; path = "../../../../../AppIcons/grey-white@2x.png"; sourceTree = "<group>"; };
		3391356A24F8109000CA0284 /* white-grey@2x.png */ = {isa = PBXFileReference; lastKnownFileType = image.png; path = "white-grey@2x.png"; sourceTree = "<group>"; };
		3391356B24F8109000CA0284 /* grey-white@3x.png */ = {isa = PBXFileReference; lastKnownFileType = image.png; name = "grey-white@3x.png"; path = "../../../../../AppIcons/grey-white@3x.png"; sourceTree = "<group>"; };
		3391356C24F8109000CA0284 /* white-grey@3x.png */ = {isa = PBXFileReference; lastKnownFileType = image.png; path = "white-grey@3x.png"; sourceTree = "<group>"; };
		3391356D24F8109100CA0284 /* white-grey@1x.png */ = {isa = PBXFileReference; lastKnownFileType = image.png; path = "white-grey@1x.png"; sourceTree = "<group>"; };
		3391356E24F8109100CA0284 /* grey-white@1x.png */ = {isa = PBXFileReference; lastKnownFileType = image.png; name = "grey-white@1x.png"; path = "../../../../../AppIcons/grey-white@1x.png"; sourceTree = "<group>"; };
		3391357524F82E3D00CA0284 /* black-rainbow@3x.png */ = {isa = PBXFileReference; lastKnownFileType = image.png; path = "black-rainbow@3x.png"; sourceTree = "<group>"; };
		3391357624F82E3D00CA0284 /* rainbow-white@1x.png */ = {isa = PBXFileReference; lastKnownFileType = image.png; path = "rainbow-white@1x.png"; sourceTree = "<group>"; };
		3391357724F82E3D00CA0284 /* rainbow-white@3x.png */ = {isa = PBXFileReference; lastKnownFileType = image.png; path = "rainbow-white@3x.png"; sourceTree = "<group>"; };
		3391357824F82E3D00CA0284 /* white-rainbow@1x.png */ = {isa = PBXFileReference; lastKnownFileType = image.png; path = "white-rainbow@1x.png"; sourceTree = "<group>"; };
		3391357924F82E3D00CA0284 /* black-rainbow@1x.png */ = {isa = PBXFileReference; lastKnownFileType = image.png; path = "black-rainbow@1x.png"; sourceTree = "<group>"; };
		3391357A24F82E3E00CA0284 /* rainbow-white@2x.png */ = {isa = PBXFileReference; lastKnownFileType = image.png; path = "rainbow-white@2x.png"; sourceTree = "<group>"; };
		3391357B24F82E3E00CA0284 /* white-rainbow@3x.png */ = {isa = PBXFileReference; lastKnownFileType = image.png; path = "white-rainbow@3x.png"; sourceTree = "<group>"; };
		3391357C24F82E3E00CA0284 /* black-rainbow@2x.png */ = {isa = PBXFileReference; lastKnownFileType = image.png; path = "black-rainbow@2x.png"; sourceTree = "<group>"; };
		3391357D24F82E3E00CA0284 /* white-rainbow@2x.png */ = {isa = PBXFileReference; lastKnownFileType = image.png; path = "white-rainbow@2x.png"; sourceTree = "<group>"; };
		33C4318B247EDA6700E8EECA /* Base */ = {isa = PBXFileReference; lastKnownFileType = file.storyboard; name = Base; path = Base.lproj/LaunchScreen.storyboard; sourceTree = "<group>"; };
		33C431902482769B00E8EECA /* Extenstions.swift */ = {isa = PBXFileReference; lastKnownFileType = sourcecode.swift; path = Extenstions.swift; sourceTree = "<group>"; };
		33C4319224827F2700E8EECA /* BundleExtension.swift .swift */ = {isa = PBXFileReference; lastKnownFileType = sourcecode.swift; path = "BundleExtension.swift .swift"; sourceTree = "<group>"; };
		33CD6D58243BE53B00EF0335 /* HealthKit.framework */ = {isa = PBXFileReference; lastKnownFileType = wrapper.framework; name = HealthKit.framework; path = System/Library/Frameworks/HealthKit.framework; sourceTree = SDKROOT; };
		33DF9BDA24B47D0900699B1A /* reHydrate-watch.app */ = {isa = PBXFileReference; explicitFileType = wrapper.application; includeInIndex = 0; path = "reHydrate-watch.app"; sourceTree = BUILT_PRODUCTS_DIR; };
		33DF9BDD24B47D0900699B1A /* Base */ = {isa = PBXFileReference; lastKnownFileType = file.storyboard; name = Base; path = Base.lproj/Interface.storyboard; sourceTree = "<group>"; };
		33DF9BDF24B47D0A00699B1A /* Assets.xcassets */ = {isa = PBXFileReference; lastKnownFileType = folder.assetcatalog; path = Assets.xcassets; sourceTree = "<group>"; };
		33DF9BE124B47D0A00699B1A /* Info.plist */ = {isa = PBXFileReference; lastKnownFileType = text.plist.xml; path = Info.plist; sourceTree = "<group>"; };
		33DF9BE624B47D0A00699B1A /* reHydrate-watch Extension.appex */ = {isa = PBXFileReference; explicitFileType = "wrapper.app-extension"; includeInIndex = 0; path = "reHydrate-watch Extension.appex"; sourceTree = BUILT_PRODUCTS_DIR; };
		33DF9BEB24B47D0A00699B1A /* InterfaceController.swift */ = {isa = PBXFileReference; lastKnownFileType = sourcecode.swift; path = InterfaceController.swift; sourceTree = "<group>"; };
		33DF9BED24B47D0A00699B1A /* ExtensionDelegate.swift */ = {isa = PBXFileReference; lastKnownFileType = sourcecode.swift; path = ExtensionDelegate.swift; sourceTree = "<group>"; };
		33DF9BEF24B47D0A00699B1A /* ComplicationController.swift */ = {isa = PBXFileReference; lastKnownFileType = sourcecode.swift; path = ComplicationController.swift; sourceTree = "<group>"; };
		33DF9BF124B47D0A00699B1A /* Assets.xcassets */ = {isa = PBXFileReference; lastKnownFileType = folder.assetcatalog; path = Assets.xcassets; sourceTree = "<group>"; };
		33DF9BF324B47D0A00699B1A /* Info.plist */ = {isa = PBXFileReference; lastKnownFileType = text.plist.xml; path = Info.plist; sourceTree = "<group>"; };
		33EFF3FD2470449A00D0A003 /* en */ = {isa = PBXFileReference; lastKnownFileType = text.plist.strings; name = en; path = en.lproj/Localizable.strings; sourceTree = "<group>"; };
		33EFF4002470451400D0A003 /* nb */ = {isa = PBXFileReference; lastKnownFileType = file.storyboard; name = nb; path = nb.lproj/LaunchScreen.storyboard; sourceTree = "<group>"; };
		33EFF4012470451400D0A003 /* nb */ = {isa = PBXFileReference; lastKnownFileType = text.plist.strings; name = nb; path = nb.lproj/Localizable.strings; sourceTree = "<group>"; };
		33F320FD243CEB2100E61D27 /* Info.plist */ = {isa = PBXFileReference; fileEncoding = 4; lastKnownFileType = text.plist.xml; path = Info.plist; sourceTree = "<group>"; };
		33F32133243D115600E61D27 /* CoreData.framework */ = {isa = PBXFileReference; lastKnownFileType = wrapper.framework; name = CoreData.framework; path = System/Library/Frameworks/CoreData.framework; sourceTree = SDKROOT; };
		33FC8426243A47A800848B7C /* Drink.swift */ = {isa = PBXFileReference; lastKnownFileType = sourcecode.swift; path = Drink.swift; sourceTree = "<group>"; };
		33FC8428243A4A2600848B7C /* Day.swift */ = {isa = PBXFileReference; lastKnownFileType = sourcecode.swift; path = Day.swift; sourceTree = "<group>"; };
		33FC842E243B992600848B7C /* CalendarVC.swift */ = {isa = PBXFileReference; lastKnownFileType = sourcecode.swift; path = CalendarVC.swift; sourceTree = "<group>"; };
		33FE29D724506FF000BE7634 /* SettingsHeader.swift */ = {isa = PBXFileReference; lastKnownFileType = sourcecode.swift; path = SettingsHeader.swift; sourceTree = "<group>"; };
		57C41B23B9255A1F131F482D /* Pods_reHydrate.framework */ = {isa = PBXFileReference; explicitFileType = wrapper.framework; includeInIndex = 0; path = Pods_reHydrate.framework; sourceTree = BUILT_PRODUCTS_DIR; };
		5A4C495ADD1C849E22BAE45E /* Pods-reHydrate.release.xcconfig */ = {isa = PBXFileReference; includeInIndex = 1; lastKnownFileType = text.xcconfig; name = "Pods-reHydrate.release.xcconfig"; path = "Target Support Files/Pods-reHydrate/Pods-reHydrate.release.xcconfig"; sourceTree = "<group>"; };
		B204E91E4654643981AEA857 /* Pods-reHydrate.debug.xcconfig */ = {isa = PBXFileReference; includeInIndex = 1; lastKnownFileType = text.xcconfig; name = "Pods-reHydrate.debug.xcconfig"; path = "Target Support Files/Pods-reHydrate/Pods-reHydrate.debug.xcconfig"; sourceTree = "<group>"; };
/* End PBXFileReference section */

/* Begin PBXFrameworksBuildPhase section */
		3378767024378A9400F5A732 /* Frameworks */ = {
			isa = PBXFrameworksBuildPhase;
			buildActionMask = 2147483647;
			files = (
				3310709B244DBCD3008365A3 /* HealthKit.framework in Frameworks */,
				9B74C1044DBD4B2BBAAEAC29 /* Pods_reHydrate.framework in Frameworks */,
			);
			runOnlyForDeploymentPostprocessing = 0;
		};
		33DF9BE324B47D0A00699B1A /* Frameworks */ = {
			isa = PBXFrameworksBuildPhase;
			buildActionMask = 2147483647;
			files = (
			);
			runOnlyForDeploymentPostprocessing = 0;
		};
/* End PBXFrameworksBuildPhase section */

/* Begin PBXGroup section */
		331EA7C324583B7C002D752E /* Custom Cells */ = {
			isa = PBXGroup;
			children = (
				3359BB6F24461D620008EF6A /* InfoCell.swift */,
				33FE29D724506FF000BE7634 /* SettingsHeader.swift */,
				3319AA32245334130049C676 /* SettingOptionCell.swift */,
				33410F0D247C0A9D00C381AC /* CalendarCell.swift */,
				334282642497AE7600A3CF12 /* AppIconCell.swift */,
			);
			path = "Custom Cells";
			sourceTree = "<group>";
		};
		3378766A24378A9300F5A732 = {
			isa = PBXGroup;
			children = (
				3378767524378A9400F5A732 /* reHydrate */,
				33DF9BDB24B47D0900699B1A /* reHydrate-watch */,
				33DF9BEA24B47D0A00699B1A /* reHydrate-watch Extension */,
				3378767424378A9400F5A732 /* Products */,
				DEE3AF47A916B38FCDFA6298 /* Pods */,
				F887073E19DFDDCFF694E7E8 /* Frameworks */,
			);
			sourceTree = "<group>";
		};
		3378767424378A9400F5A732 /* Products */ = {
			isa = PBXGroup;
			children = (
				3378767324378A9400F5A732 /* reHydrate.app */,
				33DF9BDA24B47D0900699B1A /* reHydrate-watch.app */,
				33DF9BE624B47D0A00699B1A /* reHydrate-watch Extension.appex */,
			);
			name = Products;
			sourceTree = "<group>";
		};
		3378767524378A9400F5A732 /* reHydrate */ = {
			isa = PBXGroup;
			children = (
				33F8CBEA24F568DC000143EC /* AppIcons */,
				3310709A244DBCD3008365A3 /* reHydrate.entitlements */,
				331EA7C324583B7C002D752E /* Custom Cells */,
				33902D3E244744C4004BE39C /* Custom Class */,
				33902D3D2447449F004BE39C /* ViewControllers */,
				3378767624378A9400F5A732 /* AppDelegate.swift */,
				3378767824378A9400F5A732 /* SceneDelegate.swift */,
				33C431902482769B00E8EECA /* Extenstions.swift */,
				33C4319224827F2700E8EECA /* BundleExtension.swift .swift */,
				3378767F24378A9800F5A732 /* Assets.xcassets */,
				3378768124378A9800F5A732 /* LaunchScreen.storyboard */,
				33F320FD243CEB2100E61D27 /* Info.plist */,
				33EFF3FE2470449A00D0A003 /* Localizable.strings */,
			);
			path = reHydrate;
			sourceTree = "<group>";
		};
		33902D3D2447449F004BE39C /* ViewControllers */ = {
			isa = PBXGroup;
			children = (
				3378767A24378A9400F5A732 /* StartVC.swift */,
				33FC842E243B992600848B7C /* CalendarVC.swift */,
				3389E0AA2448A61300DD7B58 /* SettingsVC.swift */,
				333BD5F8246424FF0041D90A /* TutorialVC.swift */,
				334281E224977ADB00A3CF12 /* AppIconVC.swift */,
			);
			path = ViewControllers;
			sourceTree = "<group>";
		};
		33902D3E244744C4004BE39C /* Custom Class */ = {
			isa = PBXGroup;
			children = (
				33FC8428243A4A2600848B7C /* Day.swift */,
				33FC8426243A47A800848B7C /* Drink.swift */,
			);
			path = "Custom Class";
			sourceTree = "<group>";
		};
		33DF9BDB24B47D0900699B1A /* reHydrate-watch */ = {
			isa = PBXGroup;
			children = (
				33DF9BDC24B47D0900699B1A /* Interface.storyboard */,
				33DF9BDF24B47D0A00699B1A /* Assets.xcassets */,
				33DF9BE124B47D0A00699B1A /* Info.plist */,
			);
			path = "reHydrate-watch";
			sourceTree = "<group>";
		};
		33DF9BEA24B47D0A00699B1A /* reHydrate-watch Extension */ = {
			isa = PBXGroup;
			children = (
				332E5A4524CCBF5000EF4D79 /* Extensions.swift */,
				33DF9BEB24B47D0A00699B1A /* InterfaceController.swift */,
				33DF9BED24B47D0A00699B1A /* ExtensionDelegate.swift */,
				33DF9BEF24B47D0A00699B1A /* ComplicationController.swift */,
				33DF9BF124B47D0A00699B1A /* Assets.xcassets */,
				33DF9BF324B47D0A00699B1A /* Info.plist */,
			);
			path = "reHydrate-watch Extension";
			sourceTree = "<group>";
		};
		33F8CBEA24F568DC000143EC /* AppIcons */ = {
			isa = PBXGroup;
			children = (
				3391357924F82E3D00CA0284 /* black-rainbow@1x.png */,
				3391357C24F82E3E00CA0284 /* black-rainbow@2x.png */,
				3391357524F82E3D00CA0284 /* black-rainbow@3x.png */,
				3391357624F82E3D00CA0284 /* rainbow-white@1x.png */,
				3391357A24F82E3E00CA0284 /* rainbow-white@2x.png */,
				3391357724F82E3D00CA0284 /* rainbow-white@3x.png */,
				3391357824F82E3D00CA0284 /* white-rainbow@1x.png */,
				3391357D24F82E3E00CA0284 /* white-rainbow@2x.png */,
				3391357B24F82E3E00CA0284 /* white-rainbow@3x.png */,
				3391356E24F8109100CA0284 /* grey-white@1x.png */,
				3391356924F8109000CA0284 /* grey-white@2x.png */,
				3391356B24F8109000CA0284 /* grey-white@3x.png */,
				3391356D24F8109100CA0284 /* white-grey@1x.png */,
				3391356A24F8109000CA0284 /* white-grey@2x.png */,
				3391356C24F8109000CA0284 /* white-grey@3x.png */,
				3391355F24F80E6900CA0284 /* white-white@1x.png */,
				3391356124F80E6900CA0284 /* white-white@2x.png */,
				3391356024F80E6900CA0284 /* white-white@3x.png */,
				3391354D24F80DC400CA0284 /* black-blue@1x.png */,
				3391355224F80DC500CA0284 /* black-blue@2x.png */,
				3391355124F80DC400CA0284 /* black-blue@3x.png */,
				3391355324F80DC500CA0284 /* blue-white@1x.png */,
				3391354C24F80DC400CA0284 /* blue-white@2x.png */,
				3391355024F80DC400CA0284 /* blue-white@3x.png */,
				3391354E24F80DC400CA0284 /* white-blue@1x.png */,
				3391354B24F80DC400CA0284 /* white-blue@2x.png */,
				3391354F24F80DC400CA0284 /* white-blue@3x.png */,
				3391353924F80CCC00CA0284 /* black-green@1x.png */,
				3391353A24F80CCC00CA0284 /* black-green@2x.png */,
				3391354124F80CCD00CA0284 /* black-green@3x.png */,
				3391353F24F80CCD00CA0284 /* green-white@1x.png */,
				3391353C24F80CCC00CA0284 /* green-white@2x.png */,
				3391353B24F80CCC00CA0284 /* green-white@3x.png */,
				3391353D24F80CCD00CA0284 /* white-green@1x.png */,
				3391353E24F80CCD00CA0284 /* white-green@2x.png */,
				3391354024F80CCD00CA0284 /* white-green@3x.png */,
				3391352924F80A7700CA0284 /* black-purple@1x.png */,
				3391352E24F80A7700CA0284 /* black-purple@2x.png */,
				3391352A24F80A7700CA0284 /* black-purple@3x.png */,
				3391352724F80A7600CA0284 /* purple-white@1x.png */,
				3391352F24F80A7800CA0284 /* purple-white@2x.png */,
				3391352D24F80A7700CA0284 /* purple-white@3x.png */,
				3391352B24F80A7700CA0284 /* white-purple@1x.png */,
				3391352824F80A7700CA0284 /* white-purple@2x.png */,
				3391352C24F80A7700CA0284 /* white-purple@3x.png */,
				3391351A24F8093300CA0284 /* black-pink@1x.png */,
				3391351B24F8093300CA0284 /* black-pink@2x.png */,
				3391351724F8093300CA0284 /* black-pink@3x.png */,
				3391351824F8093300CA0284 /* pink-white@1x.png */,
				3391351524F8093300CA0284 /* pink-white@2x.png */,
				3391351924F8093300CA0284 /* pink-white@3x.png */,
				3391351C24F8093400CA0284 /* white-pink@1x.png */,
				3391351624F8093300CA0284 /* white-pink@2x.png */,
				3391351D24F8093400CA0284 /* white-pink@3x.png */,
				3391350624F803D800CA0284 /* orange-white@1x.png */,
				3391350824F803D800CA0284 /* orange-white@2x.png */,
				3391350124F803D700CA0284 /* orange-white@3x.png */,
				3391350524F803D800CA0284 /* red-white@1x.png */,
				3391350024F803D700CA0284 /* red-white@2x.png */,
				339134FD24F803D700CA0284 /* red-white@3x.png */,
				3391350724F803D800CA0284 /* white-orange@1x.png */,
				3391350224F803D700CA0284 /* white-orange@2x.png */,
				3391350324F803D800CA0284 /* white-orange@3x.png */,
				3391350424F803D800CA0284 /* white-red@1x.png */,
				339134FE24F803D700CA0284 /* white-red@2x.png */,
				339134FF24F803D700CA0284 /* white-red@3x.png */,
				339134F324F7FA7A00CA0284 /* black-yellow@1x.png */,
				339134EF24F7FA7A00CA0284 /* black-yellow@2x.png */,
				339134EE24F7FA7900CA0284 /* black-yellow@3x.png */,
				339134EB24F7FA7900CA0284 /* white-yellow@1x.png */,
				339134ED24F7FA7900CA0284 /* white-yellow@2x.png */,
				339134EC24F7FA7900CA0284 /* white-yellow@3x.png */,
				339134F224F7FA7A00CA0284 /* yellow-white@1x.png */,
				339134F124F7FA7A00CA0284 /* yellow-white@2x.png */,
				339134F024F7FA7A00CA0284 /* yellow-white@3x.png */,
				339134DB24F7F78500CA0284 /* black-orange@1x.png */,
				339134D924F7F78500CA0284 /* black-orange@2x.png */,
				339134DC24F7F78500CA0284 /* black-orange@3x.png */,
				339134D424F7F65F00CA0284 /* black-red@1x.png */,
				339134D524F7F65F00CA0284 /* black-red@2x.png */,
				339134D324F7F65E00CA0284 /* black-red@3x.png */,
				339134B924F7F5E000CA0284 /* black-white@1x.png */,
				339134BE24F7F5E100CA0284 /* black-white@2x.png */,
				339134B824F7F5E000CA0284 /* black-white@3x.png */,
				339134BB24F7F5E000CA0284 /* white-black@1x.png */,
				339134B724F7F5E000CA0284 /* white-black@2x.png */,
				339134BD24F7F5E000CA0284 /* white-black@3x.png */,
			);
			path = AppIcons;
			sourceTree = "<group>";
		};
		DEE3AF47A916B38FCDFA6298 /* Pods */ = {
			isa = PBXGroup;
			children = (
				B204E91E4654643981AEA857 /* Pods-reHydrate.debug.xcconfig */,
				5A4C495ADD1C849E22BAE45E /* Pods-reHydrate.release.xcconfig */,
			);
			path = Pods;
			sourceTree = "<group>";
		};
		F887073E19DFDDCFF694E7E8 /* Frameworks */ = {
			isa = PBXGroup;
			children = (
				33F32133243D115600E61D27 /* CoreData.framework */,
				33CD6D58243BE53B00EF0335 /* HealthKit.framework */,
				57C41B23B9255A1F131F482D /* Pods_reHydrate.framework */,
			);
			name = Frameworks;
			sourceTree = "<group>";
		};
/* End PBXGroup section */

/* Begin PBXNativeTarget section */
		3378767224378A9400F5A732 /* reHydrate */ = {
			isa = PBXNativeTarget;
			buildConfigurationList = 3378768724378A9800F5A732 /* Build configuration list for PBXNativeTarget "reHydrate" */;
			buildPhases = (
				88097486E497473D37F0076C /* [CP] Check Pods Manifest.lock */,
				3378766F24378A9400F5A732 /* Sources */,
				3378767024378A9400F5A732 /* Frameworks */,
				3378767124378A9400F5A732 /* Resources */,
				A423E6166413CEA25E5B2445 /* [CP] Embed Pods Frameworks */,
				33D24C3C24A0CC2400C7A23C /* Embed Watch Content */,
			);
			buildRules = (
			);
			dependencies = (
				33DF9BF524B47D0A00699B1A /* PBXTargetDependency */,
			);
			name = reHydrate;
			productName = reHydrate;
			productReference = 3378767324378A9400F5A732 /* reHydrate.app */;
			productType = "com.apple.product-type.application";
		};
		33DF9BD924B47D0900699B1A /* reHydrate-watch */ = {
			isa = PBXNativeTarget;
			buildConfigurationList = 33DF9BFD24B47D0A00699B1A /* Build configuration list for PBXNativeTarget "reHydrate-watch" */;
			buildPhases = (
				33DF9BD824B47D0900699B1A /* Resources */,
				33DF9BF924B47D0A00699B1A /* Embed App Extensions */,
			);
			buildRules = (
			);
			dependencies = (
				33DF9BE924B47D0A00699B1A /* PBXTargetDependency */,
			);
			name = "reHydrate-watch";
			productName = "reHydrate-watch";
			productReference = 33DF9BDA24B47D0900699B1A /* reHydrate-watch.app */;
			productType = "com.apple.product-type.application.watchapp2";
		};
		33DF9BE524B47D0A00699B1A /* reHydrate-watch Extension */ = {
			isa = PBXNativeTarget;
			buildConfigurationList = 33DF9BFC24B47D0A00699B1A /* Build configuration list for PBXNativeTarget "reHydrate-watch Extension" */;
			buildPhases = (
				33DF9BE224B47D0A00699B1A /* Sources */,
				33DF9BE324B47D0A00699B1A /* Frameworks */,
				33DF9BE424B47D0A00699B1A /* Resources */,
			);
			buildRules = (
			);
			dependencies = (
			);
			name = "reHydrate-watch Extension";
			productName = "reHydrate-watch Extension";
			productReference = 33DF9BE624B47D0A00699B1A /* reHydrate-watch Extension.appex */;
			productType = "com.apple.product-type.watchkit2-extension";
		};
/* End PBXNativeTarget section */

/* Begin PBXProject section */
		3378766B24378A9300F5A732 /* Project object */ = {
			isa = PBXProject;
			attributes = {
				KnownAssetTags = (
					watchComplicationsTemplate,
				);
				LastSwiftUpdateCheck = 1150;
				LastUpgradeCheck = 1200;
				ORGANIZATIONNAME = "Petter vang Brakalsvålet";
				TargetAttributes = {
					3378767224378A9400F5A732 = {
						CreatedOnToolsVersion = 11.4;
					};
					33DF9BD924B47D0900699B1A = {
						CreatedOnToolsVersion = 11.5;
					};
					33DF9BE524B47D0A00699B1A = {
						CreatedOnToolsVersion = 11.5;
					};
				};
			};
			buildConfigurationList = 3378766E24378A9400F5A732 /* Build configuration list for PBXProject "reHydrate" */;
			compatibilityVersion = "Xcode 9.3";
			developmentRegion = en;
			hasScannedForEncodings = 0;
			knownRegions = (
				en,
				nb,
				Base,
			);
			mainGroup = 3378766A24378A9300F5A732;
			productRefGroup = 3378767424378A9400F5A732 /* Products */;
			projectDirPath = "";
			projectRoot = "";
			targets = (
				3378767224378A9400F5A732 /* reHydrate */,
				33DF9BD924B47D0900699B1A /* reHydrate-watch */,
				33DF9BE524B47D0A00699B1A /* reHydrate-watch Extension */,
			);
		};
/* End PBXProject section */

/* Begin PBXResourcesBuildPhase section */
		3378767124378A9400F5A732 /* Resources */ = {
			isa = PBXResourcesBuildPhase;
			buildActionMask = 2147483647;
			files = (
				339134FA24F7FA7A00CA0284 /* yellow-white@2x.png in Resources */,
				339134F924F7FA7A00CA0284 /* yellow-white@3x.png in Resources */,
				3391356524F80E6A00CA0284 /* white-white@1x.png in Resources */,
				3391354624F80CCD00CA0284 /* white-green@1x.png in Resources */,
				3391351424F803D800CA0284 /* orange-white@2x.png in Resources */,
				339134FB24F7FA7A00CA0284 /* yellow-white@1x.png in Resources */,
				3391357224F8109100CA0284 /* white-grey@3x.png in Resources */,
				339134CD24F7F5E100CA0284 /* black-white@2x.png in Resources */,
				3391356F24F8109100CA0284 /* grey-white@2x.png in Resources */,
				3391358124F82E3E00CA0284 /* white-rainbow@1x.png in Resources */,
				3391352324F8093400CA0284 /* black-pink@1x.png in Resources */,
				3391354524F80CCD00CA0284 /* green-white@2x.png in Resources */,
				3391357124F8109100CA0284 /* grey-white@3x.png in Resources */,
				3391352124F8093400CA0284 /* pink-white@1x.png in Resources */,
				3378768324378A9800F5A732 /* LaunchScreen.storyboard in Resources */,
				339134F524F7FA7A00CA0284 /* white-yellow@3x.png in Resources */,
				3391354924F80CCD00CA0284 /* white-green@3x.png in Resources */,
				3391352424F8093400CA0284 /* black-pink@2x.png in Resources */,
				3391350D24F803D800CA0284 /* orange-white@3x.png in Resources */,
				3391358624F82E3E00CA0284 /* white-rainbow@2x.png in Resources */,
				3391351224F803D800CA0284 /* orange-white@1x.png in Resources */,
				339134C824F7F5E100CA0284 /* black-white@1x.png in Resources */,
				33EFF3FC2470449A00D0A003 /* Localizable.strings in Resources */,
				3391355824F80DC500CA0284 /* white-blue@3x.png in Resources */,
				3391352224F8093400CA0284 /* pink-white@3x.png in Resources */,
				3391358224F82E3E00CA0284 /* black-rainbow@1x.png in Resources */,
				3391358324F82E3E00CA0284 /* rainbow-white@2x.png in Resources */,
				3391355C24F80DC500CA0284 /* blue-white@1x.png in Resources */,
				339134F624F7FA7A00CA0284 /* white-yellow@2x.png in Resources */,
				3391353524F80A7800CA0284 /* white-purple@3x.png in Resources */,
				339134D624F7F65F00CA0284 /* black-red@3x.png in Resources */,
				3391352524F8093400CA0284 /* white-pink@1x.png in Resources */,
				339134FC24F7FA7A00CA0284 /* black-yellow@1x.png in Resources */,
				3391353424F80A7800CA0284 /* white-purple@1x.png in Resources */,
				3391351324F803D800CA0284 /* white-orange@1x.png in Resources */,
				3391350F24F803D800CA0284 /* white-orange@3x.png in Resources */,
				3391353024F80A7800CA0284 /* purple-white@1x.png in Resources */,
				3391353824F80A7800CA0284 /* purple-white@2x.png in Resources */,
				339134E524F7F78600CA0284 /* black-orange@3x.png in Resources */,
				3391354224F80CCD00CA0284 /* black-green@1x.png in Resources */,
				3391353324F80A7800CA0284 /* black-purple@3x.png in Resources */,
				3391355524F80DC500CA0284 /* blue-white@2x.png in Resources */,
				3391357E24F82E3E00CA0284 /* black-rainbow@3x.png in Resources */,
				3391356624F80E6A00CA0284 /* white-white@3x.png in Resources */,
				3391352624F8093400CA0284 /* white-pink@3x.png in Resources */,
				3391352024F8093400CA0284 /* black-pink@3x.png in Resources */,
				3391357F24F82E3E00CA0284 /* rainbow-white@1x.png in Resources */,
				3391354A24F80CCD00CA0284 /* black-green@3x.png in Resources */,
				3391353724F80A7800CA0284 /* black-purple@2x.png in Resources */,
				339134CA24F7F5E100CA0284 /* white-black@1x.png in Resources */,
				3391358024F82E3E00CA0284 /* rainbow-white@3x.png in Resources */,
				3391355424F80DC500CA0284 /* white-blue@2x.png in Resources */,
				3391354724F80CCD00CA0284 /* white-green@2x.png in Resources */,
				3391355B24F80DC500CA0284 /* black-blue@2x.png in Resources */,
				3391351F24F8093400CA0284 /* white-pink@2x.png in Resources */,
				3391351124F803D800CA0284 /* red-white@1x.png in Resources */,
				3391354324F80CCD00CA0284 /* black-green@2x.png in Resources */,
				3391350924F803D800CA0284 /* red-white@3x.png in Resources */,
				339134C624F7F5E100CA0284 /* white-black@2x.png in Resources */,
				3391358524F82E3E00CA0284 /* black-rainbow@2x.png in Resources */,
				3391355A24F80DC500CA0284 /* black-blue@3x.png in Resources */,
				3391350E24F803D800CA0284 /* white-orange@2x.png in Resources */,
				3378768024378A9800F5A732 /* Assets.xcassets in Resources */,
				339134D824F7F65F00CA0284 /* black-red@2x.png in Resources */,
				3391356724F80E6A00CA0284 /* white-white@2x.png in Resources */,
				3391353224F80A7800CA0284 /* black-purple@1x.png in Resources */,
				339134E424F7F78600CA0284 /* black-orange@1x.png in Resources */,
				3391351024F803D800CA0284 /* white-red@1x.png in Resources */,
				3391350A24F803D800CA0284 /* white-red@2x.png in Resources */,
				3391355924F80DC500CA0284 /* blue-white@3x.png in Resources */,
				3391350B24F803D800CA0284 /* white-red@3x.png in Resources */,
				3391354824F80CCD00CA0284 /* green-white@1x.png in Resources */,
				3391355624F80DC500CA0284 /* black-blue@1x.png in Resources */,
				3391351E24F8093400CA0284 /* pink-white@2x.png in Resources */,
				3391357024F8109100CA0284 /* white-grey@2x.png in Resources */,
				339134F824F7FA7A00CA0284 /* black-yellow@2x.png in Resources */,
				3391358424F82E3E00CA0284 /* white-rainbow@3x.png in Resources */,
				3391353624F80A7800CA0284 /* purple-white@3x.png in Resources */,
				3391355724F80DC500CA0284 /* white-blue@1x.png in Resources */,
				339134F424F7FA7A00CA0284 /* white-yellow@1x.png in Resources */,
				339134F724F7FA7A00CA0284 /* black-yellow@3x.png in Resources */,
				3391353124F80A7800CA0284 /* white-purple@2x.png in Resources */,
				339134E224F7F78600CA0284 /* black-orange@2x.png in Resources */,
				339134C724F7F5E100CA0284 /* black-white@3x.png in Resources */,
				339134D724F7F65F00CA0284 /* black-red@1x.png in Resources */,
				3391350C24F803D800CA0284 /* red-white@2x.png in Resources */,
				3391354424F80CCD00CA0284 /* green-white@3x.png in Resources */,
				339134CC24F7F5E100CA0284 /* white-black@3x.png in Resources */,
				3391357424F8109100CA0284 /* grey-white@1x.png in Resources */,
				3391357324F8109100CA0284 /* white-grey@1x.png in Resources */,
			);
			runOnlyForDeploymentPostprocessing = 0;
		};
		33DF9BD824B47D0900699B1A /* Resources */ = {
			isa = PBXResourcesBuildPhase;
			buildActionMask = 2147483647;
			files = (
				33DF9BE024B47D0A00699B1A /* Assets.xcassets in Resources */,
				3390F51724C8DF9800B7D350 /* Localizable.strings in Resources */,
				33DF9BDE24B47D0900699B1A /* Interface.storyboard in Resources */,
			);
			runOnlyForDeploymentPostprocessing = 0;
		};
		33DF9BE424B47D0A00699B1A /* Resources */ = {
			isa = PBXResourcesBuildPhase;
			buildActionMask = 2147483647;
			files = (
				33DF9BF224B47D0A00699B1A /* Assets.xcassets in Resources */,
				3390F51624C8DF8E00B7D350 /* Localizable.strings in Resources */,
			);
			runOnlyForDeploymentPostprocessing = 0;
		};
/* End PBXResourcesBuildPhase section */

/* Begin PBXShellScriptBuildPhase section */
		88097486E497473D37F0076C /* [CP] Check Pods Manifest.lock */ = {
			isa = PBXShellScriptBuildPhase;
			buildActionMask = 2147483647;
			files = (
			);
			inputFileListPaths = (
			);
			inputPaths = (
				"${PODS_PODFILE_DIR_PATH}/Podfile.lock",
				"${PODS_ROOT}/Manifest.lock",
			);
			name = "[CP] Check Pods Manifest.lock";
			outputFileListPaths = (
			);
			outputPaths = (
				"$(DERIVED_FILE_DIR)/Pods-reHydrate-checkManifestLockResult.txt",
			);
			runOnlyForDeploymentPostprocessing = 0;
			shellPath = /bin/sh;
			shellScript = "diff \"${PODS_PODFILE_DIR_PATH}/Podfile.lock\" \"${PODS_ROOT}/Manifest.lock\" > /dev/null\nif [ $? != 0 ] ; then\n    # print error to STDERR\n    echo \"error: The sandbox is not in sync with the Podfile.lock. Run 'pod install' or update your CocoaPods installation.\" >&2\n    exit 1\nfi\n# This output is used by Xcode 'outputs' to avoid re-running this script phase.\necho \"SUCCESS\" > \"${SCRIPT_OUTPUT_FILE_0}\"\n";
			showEnvVarsInLog = 0;
		};
		A423E6166413CEA25E5B2445 /* [CP] Embed Pods Frameworks */ = {
			isa = PBXShellScriptBuildPhase;
			buildActionMask = 2147483647;
			files = (
			);
			inputFileListPaths = (
				"${PODS_ROOT}/Target Support Files/Pods-reHydrate/Pods-reHydrate-frameworks-${CONFIGURATION}-input-files.xcfilelist",
			);
			name = "[CP] Embed Pods Frameworks";
			outputFileListPaths = (
				"${PODS_ROOT}/Target Support Files/Pods-reHydrate/Pods-reHydrate-frameworks-${CONFIGURATION}-output-files.xcfilelist",
			);
			runOnlyForDeploymentPostprocessing = 0;
			shellPath = /bin/sh;
			shellScript = "\"${PODS_ROOT}/Target Support Files/Pods-reHydrate/Pods-reHydrate-frameworks.sh\"\n";
			showEnvVarsInLog = 0;
		};
/* End PBXShellScriptBuildPhase section */

/* Begin PBXSourcesBuildPhase section */
		3378766F24378A9400F5A732 /* Sources */ = {
			isa = PBXSourcesBuildPhase;
			buildActionMask = 2147483647;
			files = (
				3378767B24378A9400F5A732 /* StartVC.swift in Sources */,
				3378767724378A9400F5A732 /* AppDelegate.swift in Sources */,
				33FC8427243A47A800848B7C /* Drink.swift in Sources */,
				33FC842F243B992600848B7C /* CalendarVC.swift in Sources */,
				3389E0AB2448A61300DD7B58 /* SettingsVC.swift in Sources */,
				333BD5F9246424FF0041D90A /* TutorialVC.swift in Sources */,
				334282652497AE7600A3CF12 /* AppIconCell.swift in Sources */,
				3319AA33245334130049C676 /* SettingOptionCell.swift in Sources */,
				33C4319324827F2700E8EECA /* BundleExtension.swift .swift in Sources */,
				33410F0E247C0A9D00C381AC /* CalendarCell.swift in Sources */,
				334281E324977ADB00A3CF12 /* AppIconVC.swift in Sources */,
				33FE29D824506FF000BE7634 /* SettingsHeader.swift in Sources */,
				33FC8429243A4A2600848B7C /* Day.swift in Sources */,
				3378767924378A9400F5A732 /* SceneDelegate.swift in Sources */,
				3359BB7024461D620008EF6A /* InfoCell.swift in Sources */,
				33C431912482769B00E8EECA /* Extenstions.swift in Sources */,
			);
			runOnlyForDeploymentPostprocessing = 0;
		};
		33DF9BE224B47D0A00699B1A /* Sources */ = {
			isa = PBXSourcesBuildPhase;
			buildActionMask = 2147483647;
			files = (
				33DF9BEE24B47D0A00699B1A /* ExtensionDelegate.swift in Sources */,
				332E5A4624CCBF5000EF4D79 /* Extensions.swift in Sources */,
				33DF9BEC24B47D0A00699B1A /* InterfaceController.swift in Sources */,
				33DF9BFE24B47D8100699B1A /* Drink.swift in Sources */,
				33DF9BFF24B47D8400699B1A /* Day.swift in Sources */,
				33DF9BF024B47D0A00699B1A /* ComplicationController.swift in Sources */,
			);
			runOnlyForDeploymentPostprocessing = 0;
		};
/* End PBXSourcesBuildPhase section */

/* Begin PBXTargetDependency section */
		33DF9BE924B47D0A00699B1A /* PBXTargetDependency */ = {
			isa = PBXTargetDependency;
			target = 33DF9BE524B47D0A00699B1A /* reHydrate-watch Extension */;
			targetProxy = 33DF9BE824B47D0A00699B1A /* PBXContainerItemProxy */;
		};
		33DF9BF524B47D0A00699B1A /* PBXTargetDependency */ = {
			isa = PBXTargetDependency;
			target = 33DF9BD924B47D0900699B1A /* reHydrate-watch */;
			targetProxy = 33DF9BF424B47D0A00699B1A /* PBXContainerItemProxy */;
		};
/* End PBXTargetDependency section */

/* Begin PBXVariantGroup section */
		3378768124378A9800F5A732 /* LaunchScreen.storyboard */ = {
			isa = PBXVariantGroup;
			children = (
				33EFF4002470451400D0A003 /* nb */,
				33C4318B247EDA6700E8EECA /* Base */,
			);
			name = LaunchScreen.storyboard;
			sourceTree = "<group>";
		};
		33DF9BDC24B47D0900699B1A /* Interface.storyboard */ = {
			isa = PBXVariantGroup;
			children = (
				33DF9BDD24B47D0900699B1A /* Base */,
			);
			name = Interface.storyboard;
			sourceTree = "<group>";
		};
		33EFF3FE2470449A00D0A003 /* Localizable.strings */ = {
			isa = PBXVariantGroup;
			children = (
				33EFF3FD2470449A00D0A003 /* en */,
				33EFF4012470451400D0A003 /* nb */,
			);
			name = Localizable.strings;
			sourceTree = "<group>";
		};
/* End PBXVariantGroup section */

/* Begin XCBuildConfiguration section */
		3378768524378A9800F5A732 /* Debug */ = {
			isa = XCBuildConfiguration;
			buildSettings = {
				ALWAYS_SEARCH_USER_PATHS = NO;
				CLANG_ANALYZER_LOCALIZABILITY_NONLOCALIZED = YES;
				CLANG_ANALYZER_NONNULL = YES;
				CLANG_ANALYZER_NUMBER_OBJECT_CONVERSION = YES_AGGRESSIVE;
				CLANG_CXX_LANGUAGE_STANDARD = "gnu++14";
				CLANG_CXX_LIBRARY = "libc++";
				CLANG_ENABLE_MODULES = YES;
				CLANG_ENABLE_OBJC_ARC = YES;
				CLANG_ENABLE_OBJC_WEAK = YES;
				CLANG_WARN_BLOCK_CAPTURE_AUTORELEASING = YES;
				CLANG_WARN_BOOL_CONVERSION = YES;
				CLANG_WARN_COMMA = YES;
				CLANG_WARN_CONSTANT_CONVERSION = YES;
				CLANG_WARN_DEPRECATED_OBJC_IMPLEMENTATIONS = YES;
				CLANG_WARN_DIRECT_OBJC_ISA_USAGE = YES_ERROR;
				CLANG_WARN_DOCUMENTATION_COMMENTS = YES;
				CLANG_WARN_EMPTY_BODY = YES;
				CLANG_WARN_ENUM_CONVERSION = YES;
				CLANG_WARN_INFINITE_RECURSION = YES;
				CLANG_WARN_INT_CONVERSION = YES;
				CLANG_WARN_NON_LITERAL_NULL_CONVERSION = YES;
				CLANG_WARN_OBJC_IMPLICIT_RETAIN_SELF = YES;
				CLANG_WARN_OBJC_LITERAL_CONVERSION = YES;
				CLANG_WARN_OBJC_ROOT_CLASS = YES_ERROR;
				CLANG_WARN_QUOTED_INCLUDE_IN_FRAMEWORK_HEADER = YES;
				CLANG_WARN_RANGE_LOOP_ANALYSIS = YES;
				CLANG_WARN_STRICT_PROTOTYPES = YES;
				CLANG_WARN_SUSPICIOUS_MOVE = YES;
				CLANG_WARN_UNGUARDED_AVAILABILITY = YES_AGGRESSIVE;
				CLANG_WARN_UNREACHABLE_CODE = YES;
				CLANG_WARN__DUPLICATE_METHOD_MATCH = YES;
				COPY_PHASE_STRIP = NO;
				DEBUG_INFORMATION_FORMAT = dwarf;
				ENABLE_STRICT_OBJC_MSGSEND = YES;
				ENABLE_TESTABILITY = YES;
				GCC_C_LANGUAGE_STANDARD = gnu11;
				GCC_DYNAMIC_NO_PIC = NO;
				GCC_NO_COMMON_BLOCKS = YES;
				GCC_OPTIMIZATION_LEVEL = 0;
				GCC_PREPROCESSOR_DEFINITIONS = (
					"DEBUG=1",
					"$(inherited)",
				);
				GCC_WARN_64_TO_32_BIT_CONVERSION = YES;
				GCC_WARN_ABOUT_RETURN_TYPE = YES_ERROR;
				GCC_WARN_UNDECLARED_SELECTOR = YES;
				GCC_WARN_UNINITIALIZED_AUTOS = YES_AGGRESSIVE;
				GCC_WARN_UNUSED_FUNCTION = YES;
				GCC_WARN_UNUSED_VARIABLE = YES;
				IPHONEOS_DEPLOYMENT_TARGET = 12.0;
				MTL_ENABLE_DEBUG_INFO = INCLUDE_SOURCE;
				MTL_FAST_MATH = YES;
				ONLY_ACTIVE_ARCH = YES;
				SDKROOT = iphoneos;
				SWIFT_ACTIVE_COMPILATION_CONDITIONS = DEBUG;
				SWIFT_OPTIMIZATION_LEVEL = "-Onone";
			};
			name = Debug;
		};
		3378768624378A9800F5A732 /* Release */ = {
			isa = XCBuildConfiguration;
			buildSettings = {
				ALWAYS_SEARCH_USER_PATHS = NO;
				CLANG_ANALYZER_LOCALIZABILITY_NONLOCALIZED = YES;
				CLANG_ANALYZER_NONNULL = YES;
				CLANG_ANALYZER_NUMBER_OBJECT_CONVERSION = YES_AGGRESSIVE;
				CLANG_CXX_LANGUAGE_STANDARD = "gnu++14";
				CLANG_CXX_LIBRARY = "libc++";
				CLANG_ENABLE_MODULES = YES;
				CLANG_ENABLE_OBJC_ARC = YES;
				CLANG_ENABLE_OBJC_WEAK = YES;
				CLANG_WARN_BLOCK_CAPTURE_AUTORELEASING = YES;
				CLANG_WARN_BOOL_CONVERSION = YES;
				CLANG_WARN_COMMA = YES;
				CLANG_WARN_CONSTANT_CONVERSION = YES;
				CLANG_WARN_DEPRECATED_OBJC_IMPLEMENTATIONS = YES;
				CLANG_WARN_DIRECT_OBJC_ISA_USAGE = YES_ERROR;
				CLANG_WARN_DOCUMENTATION_COMMENTS = YES;
				CLANG_WARN_EMPTY_BODY = YES;
				CLANG_WARN_ENUM_CONVERSION = YES;
				CLANG_WARN_INFINITE_RECURSION = YES;
				CLANG_WARN_INT_CONVERSION = YES;
				CLANG_WARN_NON_LITERAL_NULL_CONVERSION = YES;
				CLANG_WARN_OBJC_IMPLICIT_RETAIN_SELF = YES;
				CLANG_WARN_OBJC_LITERAL_CONVERSION = YES;
				CLANG_WARN_OBJC_ROOT_CLASS = YES_ERROR;
				CLANG_WARN_QUOTED_INCLUDE_IN_FRAMEWORK_HEADER = YES;
				CLANG_WARN_RANGE_LOOP_ANALYSIS = YES;
				CLANG_WARN_STRICT_PROTOTYPES = YES;
				CLANG_WARN_SUSPICIOUS_MOVE = YES;
				CLANG_WARN_UNGUARDED_AVAILABILITY = YES_AGGRESSIVE;
				CLANG_WARN_UNREACHABLE_CODE = YES;
				CLANG_WARN__DUPLICATE_METHOD_MATCH = YES;
				COPY_PHASE_STRIP = NO;
				DEBUG_INFORMATION_FORMAT = "dwarf-with-dsym";
				ENABLE_NS_ASSERTIONS = NO;
				ENABLE_STRICT_OBJC_MSGSEND = YES;
				GCC_C_LANGUAGE_STANDARD = gnu11;
				GCC_NO_COMMON_BLOCKS = YES;
				GCC_WARN_64_TO_32_BIT_CONVERSION = YES;
				GCC_WARN_ABOUT_RETURN_TYPE = YES_ERROR;
				GCC_WARN_UNDECLARED_SELECTOR = YES;
				GCC_WARN_UNINITIALIZED_AUTOS = YES_AGGRESSIVE;
				GCC_WARN_UNUSED_FUNCTION = YES;
				GCC_WARN_UNUSED_VARIABLE = YES;
				IPHONEOS_DEPLOYMENT_TARGET = 12.0;
				MTL_ENABLE_DEBUG_INFO = NO;
				MTL_FAST_MATH = YES;
				SDKROOT = iphoneos;
				SWIFT_COMPILATION_MODE = wholemodule;
				SWIFT_OPTIMIZATION_LEVEL = "-O";
				VALIDATE_PRODUCT = YES;
			};
			name = Release;
		};
		3378768824378A9800F5A732 /* Debug */ = {
			isa = XCBuildConfiguration;
			baseConfigurationReference = B204E91E4654643981AEA857 /* Pods-reHydrate.debug.xcconfig */;
			buildSettings = {
				ASSETCATALOG_COMPILER_APPICON_NAME = AppIcon;
				CODE_SIGN_ENTITLEMENTS = reHydrate/reHydrate.entitlements;
				CODE_SIGN_STYLE = Automatic;
				CURRENT_PROJECT_VERSION = 1;
				DEVELOPMENT_TEAM = DCQ3V8BLU5;
				INFOPLIST_FILE = reHydrate/Info.plist;
				LD_RUNPATH_SEARCH_PATHS = (
					"$(inherited)",
					"@executable_path/Frameworks",
				);
				MARKETING_VERSION = 3.7;
				PRODUCT_BUNDLE_IDENTIFIER = com.braka.reHydrate;
				PRODUCT_NAME = "$(TARGET_NAME)";
				SWIFT_VERSION = 5.0;
				TARGETED_DEVICE_FAMILY = "1,2";
			};
			name = Debug;
		};
		3378768924378A9800F5A732 /* Release */ = {
			isa = XCBuildConfiguration;
			baseConfigurationReference = 5A4C495ADD1C849E22BAE45E /* Pods-reHydrate.release.xcconfig */;
			buildSettings = {
				ASSETCATALOG_COMPILER_APPICON_NAME = AppIcon;
				CODE_SIGN_ENTITLEMENTS = reHydrate/reHydrate.entitlements;
				CODE_SIGN_STYLE = Automatic;
				CURRENT_PROJECT_VERSION = 1;
				DEVELOPMENT_TEAM = DCQ3V8BLU5;
				INFOPLIST_FILE = reHydrate/Info.plist;
				LD_RUNPATH_SEARCH_PATHS = (
					"$(inherited)",
					"@executable_path/Frameworks",
				);
				MARKETING_VERSION = 3.7;
				PRODUCT_BUNDLE_IDENTIFIER = com.braka.reHydrate;
				PRODUCT_NAME = "$(TARGET_NAME)";
				SWIFT_VERSION = 5.0;
				TARGETED_DEVICE_FAMILY = "1,2";
			};
			name = Release;
		};
		33DF9BF724B47D0A00699B1A /* Debug */ = {
			isa = XCBuildConfiguration;
			buildSettings = {
				ALWAYS_EMBED_SWIFT_STANDARD_LIBRARIES = YES;
				ASSETCATALOG_COMPILER_APPICON_NAME = AppIcon;
				CODE_SIGN_STYLE = Automatic;
				DEVELOPMENT_TEAM = DCQ3V8BLU5;
				IBSC_MODULE = reHydrate_watch_Extension;
				INFOPLIST_FILE = "reHydrate-watch/Info.plist";
				MARKETING_VERSION = 3.7;
				PRODUCT_BUNDLE_IDENTIFIER = com.braka.reHydrate.watchkitapp;
				PRODUCT_NAME = "$(TARGET_NAME)";
				SDKROOT = watchos;
				SKIP_INSTALL = YES;
				SWIFT_VERSION = 5.0;
				TARGETED_DEVICE_FAMILY = 4;
				WATCHOS_DEPLOYMENT_TARGET = 6.2;
			};
			name = Debug;
		};
		33DF9BF824B47D0A00699B1A /* Release */ = {
			isa = XCBuildConfiguration;
			buildSettings = {
				ALWAYS_EMBED_SWIFT_STANDARD_LIBRARIES = YES;
				ASSETCATALOG_COMPILER_APPICON_NAME = AppIcon;
				CODE_SIGN_STYLE = Automatic;
				DEVELOPMENT_TEAM = DCQ3V8BLU5;
				IBSC_MODULE = reHydrate_watch_Extension;
				INFOPLIST_FILE = "reHydrate-watch/Info.plist";
				MARKETING_VERSION = 3.7;
				PRODUCT_BUNDLE_IDENTIFIER = com.braka.reHydrate.watchkitapp;
				PRODUCT_NAME = "$(TARGET_NAME)";
				SDKROOT = watchos;
				SKIP_INSTALL = YES;
				SWIFT_VERSION = 5.0;
				TARGETED_DEVICE_FAMILY = 4;
				WATCHOS_DEPLOYMENT_TARGET = 6.2;
			};
			name = Release;
		};
		33DF9BFA24B47D0A00699B1A /* Debug */ = {
			isa = XCBuildConfiguration;
			buildSettings = {
				ASSETCATALOG_COMPILER_COMPLICATION_NAME = Complication;
				CODE_SIGN_STYLE = Automatic;
				DEVELOPMENT_TEAM = DCQ3V8BLU5;
				INFOPLIST_FILE = "reHydrate-watch Extension/Info.plist";
				LD_RUNPATH_SEARCH_PATHS = (
					"$(inherited)",
					"@executable_path/Frameworks",
					"@executable_path/../../Frameworks",
				);
				MARKETING_VERSION = 3.7;
				PRODUCT_BUNDLE_IDENTIFIER = com.braka.reHydrate.watchkitapp.watchkitextension;
				PRODUCT_NAME = "${TARGET_NAME}";
				SDKROOT = watchos;
				SKIP_INSTALL = YES;
				SWIFT_VERSION = 5.0;
				TARGETED_DEVICE_FAMILY = 4;
				WATCHOS_DEPLOYMENT_TARGET = 6.2;
			};
			name = Debug;
		};
		33DF9BFB24B47D0A00699B1A /* Release */ = {
			isa = XCBuildConfiguration;
			buildSettings = {
				ASSETCATALOG_COMPILER_COMPLICATION_NAME = Complication;
				CODE_SIGN_STYLE = Automatic;
				DEVELOPMENT_TEAM = DCQ3V8BLU5;
				INFOPLIST_FILE = "reHydrate-watch Extension/Info.plist";
				LD_RUNPATH_SEARCH_PATHS = (
					"$(inherited)",
					"@executable_path/Frameworks",
					"@executable_path/../../Frameworks",
				);
				MARKETING_VERSION = 3.7;
				PRODUCT_BUNDLE_IDENTIFIER = com.braka.reHydrate.watchkitapp.watchkitextension;
				PRODUCT_NAME = "${TARGET_NAME}";
				SDKROOT = watchos;
				SKIP_INSTALL = YES;
				SWIFT_VERSION = 5.0;
				TARGETED_DEVICE_FAMILY = 4;
				WATCHOS_DEPLOYMENT_TARGET = 6.2;
			};
			name = Release;
		};
/* End XCBuildConfiguration section */

/* Begin XCConfigurationList section */
		3378766E24378A9400F5A732 /* Build configuration list for PBXProject "reHydrate" */ = {
			isa = XCConfigurationList;
			buildConfigurations = (
				3378768524378A9800F5A732 /* Debug */,
				3378768624378A9800F5A732 /* Release */,
			);
			defaultConfigurationIsVisible = 0;
			defaultConfigurationName = Release;
		};
		3378768724378A9800F5A732 /* Build configuration list for PBXNativeTarget "reHydrate" */ = {
			isa = XCConfigurationList;
			buildConfigurations = (
				3378768824378A9800F5A732 /* Debug */,
				3378768924378A9800F5A732 /* Release */,
			);
			defaultConfigurationIsVisible = 0;
			defaultConfigurationName = Release;
		};
		33DF9BFC24B47D0A00699B1A /* Build configuration list for PBXNativeTarget "reHydrate-watch Extension" */ = {
			isa = XCConfigurationList;
			buildConfigurations = (
				33DF9BFA24B47D0A00699B1A /* Debug */,
				33DF9BFB24B47D0A00699B1A /* Release */,
			);
			defaultConfigurationIsVisible = 0;
			defaultConfigurationName = Release;
		};
		33DF9BFD24B47D0A00699B1A /* Build configuration list for PBXNativeTarget "reHydrate-watch" */ = {
			isa = XCConfigurationList;
			buildConfigurations = (
				33DF9BF724B47D0A00699B1A /* Debug */,
				33DF9BF824B47D0A00699B1A /* Release */,
			);
			defaultConfigurationIsVisible = 0;
			defaultConfigurationName = Release;
		};
/* End XCConfigurationList section */
	};
	rootObject = 3378766B24378A9300F5A732 /* Project object */;
}
