{
  "object": {
    "pins": [
      {
        "package": "FSCalendar",
        "repositoryURL": "https://github.com/WenchaoD/FSCalendar",
        "state": {
          "branch": null,
          "revision": "4e79a201fad268408a4fd9e2ef429497def9594f",
          "version": "2.8.2"
        }
      },
      {
        "package": "Hero",
        "repositoryURL": "https://github.com/HeroTransitions/Hero",
        "state": {
          "branch": null,
          "revision": "efa709686035831b23b7bf58f652b0c4b892aa1d",
          "version": "1.6.1"
        }
      },
      {
        "package": "SwiftyUserDefaults",
        "repositoryURL": "https://github.com/sunshinejr/SwiftyUserDefaults",
        "state": {
          "branch": null,
          "revision": "f66bcd04088582c8fbb5cb8554d577e303bae396",
          "version": "5.3.0"
        }
      },
      {
        "package": "Swinject",
        "repositoryURL": "https://github.com/swinject/swinject",
        "state": {
          "branch": null,
          "revision": "f10b6e9ebff440f985c43008f7c2d097639fcb81",
          "version": "2.8.1"
        }
      }
    ]
  },
  "version": 1
}
