{
  "pins" : [
    {
      "identity" : "loggingkit",
      "kind" : "remoteSourceControl",
      "location" : "git@github.com:PetterBraka/LoggingKit.git",
      "state" : {
        "revision" : "a9f4feaa694c8f8a7a843c585220625849a40fdd",
        "version" : "1.1.0"
      }
    }
  ],
  "version" : 2
}
